// !$*UTF8*$!
{
	archiveVersion = 1;
	classes = {
	};
	objectVersion = 46;
	objects = {

/* Begin PBXBuildFile section */
		17E7EDB821BFEDD1001961C7 /* OONIProbeUITests.swift in Sources */ = {isa = PBXBuildFile; fileRef = 17E7EDB721BFEDD1001961C7 /* OONIProbeUITests.swift */; };
		17E7EDC021BFEE0C001961C7 /* SnapshotHelper.swift in Sources */ = {isa = PBXBuildFile; fileRef = 17E7EDBF21BFEE0C001961C7 /* SnapshotHelper.swift */; };
		C8F0F5BCD132FD1482C9804A /* libPods-ooniprobe.a in Frameworks */ = {isa = PBXBuildFile; fileRef = 01E11775CFCA0BB7A69035D3 /* libPods-ooniprobe.a */; };
		D4A2F5DF1A6C3244001B8460 /* main.m in Sources */ = {isa = PBXBuildFile; fileRef = D4A2F5DE1A6C3244001B8460 /* main.m */; };
		D4A2F5E21A6C3244001B8460 /* AppDelegate.mm in Sources */ = {isa = PBXBuildFile; fileRef = D4A2F5E11A6C3244001B8460 /* AppDelegate.mm */; };
		D4A2F5EA1A6C3244001B8460 /* Images.xcassets in Resources */ = {isa = PBXBuildFile; fileRef = D4A2F5E91A6C3244001B8460 /* Images.xcassets */; };
		D4A2F5ED1A6C3244001B8460 /* LaunchScreen.xib in Resources */ = {isa = PBXBuildFile; fileRef = D4A2F5EB1A6C3244001B8460 /* LaunchScreen.xib */; };
		ED0A6201200B52C000235E70 /* OONIRun.storyboard in Resources */ = {isa = PBXBuildFile; fileRef = ED0A6200200B52C000235E70 /* OONIRun.storyboard */; };
		ED0D35BE1DD72825005C863F /* RunButton.m in Sources */ = {isa = PBXBuildFile; fileRef = ED0D35BD1DD72824005C863F /* RunButton.m */; };
		ED0D8D7020186742003DDF23 /* TestOverviewViewController.m in Sources */ = {isa = PBXBuildFile; fileRef = ED0D8D6F20186742003DDF23 /* TestOverviewViewController.m */; };
		ED163CE1209C7B880052FB46 /* Airports.plist in Resources */ = {isa = PBXBuildFile; fileRef = ED163CE0209C7B880052FB46 /* Airports.plist */; };
		ED1CC7FF20158D630041089A /* ConfigureButton.m in Sources */ = {isa = PBXBuildFile; fileRef = ED1CC7FE20158D630041089A /* ConfigureButton.m */; };
		ED1CC80220159D970041089A /* TestRunningViewController.mm in Sources */ = {isa = PBXBuildFile; fileRef = ED1CC80120159D970041089A /* TestRunningViewController.mm */; };
		ED1EC171204E9B61000DEB9F /* LogViewController.m in Sources */ = {isa = PBXBuildFile; fileRef = ED1EC170204E9B61000DEB9F /* LogViewController.m */; };
		ED1F33621EFD552F00B42FEC /* BrowserViewController.m in Sources */ = {isa = PBXBuildFile; fileRef = ED1F33611EFD552F00B42FEC /* BrowserViewController.m */; };
		ED20966A209791C40028BEA3 /* PaddingLabel.m in Sources */ = {isa = PBXBuildFile; fileRef = ED209669209791C40028BEA3 /* PaddingLabel.m */; };
		ED345F4F2024085E00F8DFF3 /* TestSummaryTableViewController.m in Sources */ = {isa = PBXBuildFile; fileRef = ED345F4E2024085E00F8DFF3 /* TestSummaryTableViewController.m */; };
		ED3582321FE948580078CCEE /* libsqlite3.tbd in Frameworks */ = {isa = PBXBuildFile; fileRef = ED3582311FE948580078CCEE /* libsqlite3.tbd */; };
		ED3932C41E3114740064CD11 /* AboutViewController.mm in Sources */ = {isa = PBXBuildFile; fileRef = ED3932C31E3114740064CD11 /* AboutViewController.mm */; };
		ED3AB3311D2337920061F266 /* GeoIP.dat in Resources */ = {isa = PBXBuildFile; fileRef = ED3AB32E1D2337920061F266 /* GeoIP.dat */; };
		ED3AB3321D2337920061F266 /* GeoIPASNum.dat in Resources */ = {isa = PBXBuildFile; fileRef = ED3AB32F1D2337920061F266 /* GeoIPASNum.dat */; };
		ED3AE9F020341C8600DAAF36 /* ResultsHeaderViewController.m in Sources */ = {isa = PBXBuildFile; fileRef = ED3AE9EF20341C8600DAAF36 /* ResultsHeaderViewController.m */; };
		ED41D8B82089E9C500543191 /* WebsitesDetailsViewController.m in Sources */ = {isa = PBXBuildFile; fileRef = ED41D8B72089E9C500543191 /* WebsitesDetailsViewController.m */; };
		ED49509D1F951F1E00344E42 /* MessageUtility.m in Sources */ = {isa = PBXBuildFile; fileRef = ED49509C1F951F1D00344E42 /* MessageUtility.m */; };
		ED4D60561A7162C400777275 /* Localizable.strings in Resources */ = {isa = PBXBuildFile; fileRef = ED4D60541A7162C400777275 /* Localizable.strings */; };
		ED53841C2159757D0078C5C6 /* EventResult.m in Sources */ = {isa = PBXBuildFile; fileRef = ED53841B2159757D0078C5C6 /* EventResult.m */; };
		ED53841F215975A70078C5C6 /* Value.m in Sources */ = {isa = PBXBuildFile; fileRef = ED53841E215975A70078C5C6 /* Value.m */; };
		ED53842221597E950078C5C6 /* OoniRunViewController.m in Sources */ = {isa = PBXBuildFile; fileRef = ED53842121597E950078C5C6 /* OoniRunViewController.m */; };
		ED55C0C9203BD52900738260 /* Header1MBViewController.m in Sources */ = {isa = PBXBuildFile; fileRef = ED55C0C8203BD52900738260 /* Header1MBViewController.m */; };
		ED58CF751FEBB77700E3C415 /* Main.storyboard in Resources */ = {isa = PBXBuildFile; fileRef = ED58CF741FEBB77600E3C415 /* Main.storyboard */; };
		ED58CF7A1FEBB9A900E3C415 /* DashboardTableViewController.m in Sources */ = {isa = PBXBuildFile; fileRef = ED58CF791FEBB9A900E3C415 /* DashboardTableViewController.m */; };
		ED58CF7E1FEBBE2800E3C415 /* TestUtility.mm in Sources */ = {isa = PBXBuildFile; fileRef = ED58CF7D1FEBBE2800E3C415 /* TestUtility.mm */; };
		ED5F8A2A1F77C4AA0093C8F5 /* VersionUtility.m in Sources */ = {isa = PBXBuildFile; fileRef = ED5F8A291F77C4AA0093C8F5 /* VersionUtility.m */; };
		ED614794213DABDE00F35E07 /* Tests.plist in Resources */ = {isa = PBXBuildFile; fileRef = ED614793213DABDE00F35E07 /* Tests.plist */; };
		ED62AB9D1ED5B70500778249 /* Reachability.m in Sources */ = {isa = PBXBuildFile; fileRef = ED62AB9C1ED5B70500778249 /* Reachability.m */; };
		ED6911D820BDC0130022DCFE /* websites.json in Resources */ = {isa = PBXBuildFile; fileRef = ED6911D720BDC0130022DCFE /* websites.json */; };
		ED6911DB20BDC04D0022DCFE /* instant_messaging.json in Resources */ = {isa = PBXBuildFile; fileRef = ED6911D920BDC04D0022DCFE /* instant_messaging.json */; };
		ED6911DC20BDC04D0022DCFE /* performance.json in Resources */ = {isa = PBXBuildFile; fileRef = ED6911DA20BDC04D0022DCFE /* performance.json */; };
		ED76A78A1EF166F3004D9B5E /* ReachabilityManager.mm in Sources */ = {isa = PBXBuildFile; fileRef = ED76A7891EF166F3004D9B5E /* ReachabilityManager.mm */; };
		ED78B63D2042A92200C43E5C /* MKNetworkTest.mm in Sources */ = {isa = PBXBuildFile; fileRef = ED78B6392042A92200C43E5C /* MKNetworkTest.mm */; };
		ED78B63E2042A92200C43E5C /* NetworkTest.mm in Sources */ = {isa = PBXBuildFile; fileRef = ED78B63C2042A92200C43E5C /* NetworkTest.mm */; };
		ED90A90D2198AFEB00204B46 /* MKTask.mm in Sources */ = {isa = PBXBuildFile; fileRef = ED90A8FE2198AFEB00204B46 /* MKTask.mm */; };
		ED90A90E2198AFEB00204B46 /* MKOrchestra.mm in Sources */ = {isa = PBXBuildFile; fileRef = ED90A9002198AFEB00204B46 /* MKOrchestra.mm */; };
		ED90A90F2198AFEB00204B46 /* MKGeoIPLookup.mm in Sources */ = {isa = PBXBuildFile; fileRef = ED90A9012198AFEB00204B46 /* MKGeoIPLookup.mm */; };
		ED90A9162198AFEB00204B46 /* MKResources.m in Sources */ = {isa = PBXBuildFile; fileRef = ED90A90B2198AFEB00204B46 /* MKResources.m */; };
		ED90A9192198B8AB00204B46 /* DashboardTableViewCell.m in Sources */ = {isa = PBXBuildFile; fileRef = ED90A9172198B8AB00204B46 /* DashboardTableViewCell.m */; };
		ED90A9282198DE5100204B46 /* Network.m in Sources */ = {isa = PBXBuildFile; fileRef = ED90A91B2198DE5000204B46 /* Network.m */; };
		ED90A9292198DE5100204B46 /* Result.mm in Sources */ = {isa = PBXBuildFile; fileRef = ED90A91C2198DE5000204B46 /* Result.mm */; };
		ED90A92A2198DE5100204B46 /* Url.mm in Sources */ = {isa = PBXBuildFile; fileRef = ED90A91D2198DE5000204B46 /* Url.mm */; };
		ED90A92B2198DE5100204B46 /* Measurement.mm in Sources */ = {isa = PBXBuildFile; fileRef = ED90A9222198DE5000204B46 /* Measurement.mm */; };
		ED90A92C2198DE5100204B46 /* Settings.m in Sources */ = {isa = PBXBuildFile; fileRef = ED90A9262198DE5000204B46 /* Settings.m */; };
		ED90A92D2198DE5100204B46 /* Options.m in Sources */ = {isa = PBXBuildFile; fileRef = ED90A9272198DE5000204B46 /* Options.m */; };
		ED997D0A207BB7C400C97B1F /* LocalizationUtility.m in Sources */ = {isa = PBXBuildFile; fileRef = ED997D09207BB7C400C97B1F /* LocalizationUtility.m */; };
		ED997D0C207BCEE400C97B1F /* Strings.plist in Resources */ = {isa = PBXBuildFile; fileRef = ED997D0B207BCEE400C97B1F /* Strings.plist */; };
		ED9D8B9B207F5C4A00189FAE /* TestDetailsViewController.m in Sources */ = {isa = PBXBuildFile; fileRef = ED9D8B9A207F5C4A00189FAE /* TestDetailsViewController.m */; };
		EDA17AF9208A30E100D46D0F /* InstantMessagingDetailsViewController.m in Sources */ = {isa = PBXBuildFile; fileRef = EDA17AF4208A30E000D46D0F /* InstantMessagingDetailsViewController.m */; };
		EDA17AFB208A30E100D46D0F /* MiddleBoxesDetailsViewController.m in Sources */ = {isa = PBXBuildFile; fileRef = EDA17AF8208A30E100D46D0F /* MiddleBoxesDetailsViewController.m */; };
		EDA17AFE208A310300D46D0F /* DashDetailsViewController.m in Sources */ = {isa = PBXBuildFile; fileRef = EDA17AFD208A310300D46D0F /* DashDetailsViewController.m */; };
		EDA17B01208A312C00D46D0F /* NdtDetailsViewController.m in Sources */ = {isa = PBXBuildFile; fileRef = EDA17B00208A312C00D46D0F /* NdtDetailsViewController.m */; };
		EDA17B05208A37BF00D46D0F /* Dashboard.storyboard in Resources */ = {isa = PBXBuildFile; fileRef = EDA17B04208A37BF00D46D0F /* Dashboard.storyboard */; };
		EDA17B07208A389F00D46D0F /* Result.storyboard in Resources */ = {isa = PBXBuildFile; fileRef = EDA17B06208A389F00D46D0F /* Result.storyboard */; };
		EDA764602153090800C24688 /* NSDictionary+Safety.m in Sources */ = {isa = PBXBuildFile; fileRef = EDA7645E2153090800C24688 /* NSDictionary+Safety.m */; };
		EDA9CC87209B534A0062507F /* FacebookMessenger.mm in Sources */ = {isa = PBXBuildFile; fileRef = EDA9CC86209B534A0062507F /* FacebookMessenger.mm */; };
		EDA9CC8A209B537C0062507F /* WebConnectivity.mm in Sources */ = {isa = PBXBuildFile; fileRef = EDA9CC89209B537C0062507F /* WebConnectivity.mm */; };
		EDA9CC8D209B538A0062507F /* HttpInvalidRequestLine.mm in Sources */ = {isa = PBXBuildFile; fileRef = EDA9CC8C209B538A0062507F /* HttpInvalidRequestLine.mm */; };
		EDA9CC90209B53980062507F /* HttpHeaderFieldManipulation.mm in Sources */ = {isa = PBXBuildFile; fileRef = EDA9CC8F209B53980062507F /* HttpHeaderFieldManipulation.mm */; };
		EDA9CC93209B53A70062507F /* NdtTest.mm in Sources */ = {isa = PBXBuildFile; fileRef = EDA9CC92209B53A70062507F /* NdtTest.mm */; };
		EDA9CC96209B53B80062507F /* Dash.mm in Sources */ = {isa = PBXBuildFile; fileRef = EDA9CC95209B53B80062507F /* Dash.mm */; };
		EDA9CC99209B53C70062507F /* Whatsapp.mm in Sources */ = {isa = PBXBuildFile; fileRef = EDA9CC98209B53C70062507F /* Whatsapp.mm */; };
		EDA9CC9C209B53D50062507F /* Telegram.mm in Sources */ = {isa = PBXBuildFile; fileRef = EDA9CC9B209B53D50062507F /* Telegram.mm */; };
		EDB252A720FA46DB00B4EDE4 /* TestKeys.m in Sources */ = {isa = PBXBuildFile; fileRef = EDB252A520FA46DA00B4EDE4 /* TestKeys.m */; };
		EDB252AA20FA4D4F00B4EDE4 /* Tampering.m in Sources */ = {isa = PBXBuildFile; fileRef = EDB252A920FA4D4F00B4EDE4 /* Tampering.m */; };
		EDB33B7E21838824002CEC34 /* CustomURLViewController.m in Sources */ = {isa = PBXBuildFile; fileRef = EDB33B7C21838824002CEC34 /* CustomURLViewController.m */; };
		EDB6BE83202C523500A0CFEF /* UIColor+Hexadecimal.m in Sources */ = {isa = PBXBuildFile; fileRef = EDB6BE82202C523500A0CFEF /* UIColor+Hexadecimal.m */; };
		EDB6F9B92023526300BDCB0B /* HeaderSwipeViewController.m in Sources */ = {isa = PBXBuildFile; fileRef = EDB6F9B82023526300BDCB0B /* HeaderSwipeViewController.m */; };
		EDB6F9BC202352D000BDCB0B /* Header1ViewController.m in Sources */ = {isa = PBXBuildFile; fileRef = EDB6F9BB202352D000BDCB0B /* Header1ViewController.m */; };
		EDB6F9BF202352DC00BDCB0B /* Header2ViewController.m in Sources */ = {isa = PBXBuildFile; fileRef = EDB6F9BE202352DC00BDCB0B /* Header2ViewController.m */; };
		EDBBB2DF203D2EF200B84F6F /* TestResultTableViewCell.m in Sources */ = {isa = PBXBuildFile; fileRef = EDBBB2DE203D2EF200B84F6F /* TestResultTableViewCell.m */; };
		EDBCB0901FD5BD9B00FA4838 /* Onboarding.storyboard in Resources */ = {isa = PBXBuildFile; fileRef = EDBCB08F1FD5BD9B00FA4838 /* Onboarding.storyboard */; };
		EDC2C9DF1FD8061400FF01D3 /* FiraSans-Light.otf in Resources */ = {isa = PBXBuildFile; fileRef = EDBCB0881FD5B06C00FA4838 /* FiraSans-Light.otf */; };
		EDC2C9E01FD8061400FF01D3 /* FiraSans-LightItalic.otf in Resources */ = {isa = PBXBuildFile; fileRef = EDBCB0891FD5B06C00FA4838 /* FiraSans-LightItalic.otf */; };
		EDC2C9E11FD8061400FF01D3 /* FiraSans-Regular.otf in Resources */ = {isa = PBXBuildFile; fileRef = EDBCB08A1FD5B06C00FA4838 /* FiraSans-Regular.otf */; };
		EDC2C9E21FD8061400FF01D3 /* FiraSans-Italic.otf in Resources */ = {isa = PBXBuildFile; fileRef = EDBCB08B1FD5B06C00FA4838 /* FiraSans-Italic.otf */; };
		EDC2C9E31FD8061400FF01D3 /* FiraSans-SemiBold.otf in Resources */ = {isa = PBXBuildFile; fileRef = EDBCB08C1FD5B06C00FA4838 /* FiraSans-SemiBold.otf */; };
		EDC2C9E41FD8061400FF01D3 /* FiraSans-SemiBoldItalic.otf in Resources */ = {isa = PBXBuildFile; fileRef = EDBCB08D1FD5B06C00FA4838 /* FiraSans-SemiBoldItalic.otf */; };
		EDC2C9ED1FD9947B00FF01D3 /* crossMark.json in Resources */ = {isa = PBXBuildFile; fileRef = EDC2C9EB1FD9939A00FF01D3 /* crossMark.json */; };
		EDC2C9EE1FD9947E00FF01D3 /* checkMark.json in Resources */ = {isa = PBXBuildFile; fileRef = EDC2C9EC1FD9939A00FF01D3 /* checkMark.json */; };
		EDC77B26218A04C500326C8F /* country.mmdb in Resources */ = {isa = PBXBuildFile; fileRef = EDC77B23218A04C500326C8F /* country.mmdb */; };
		EDC77B27218A04C500326C8F /* asn.mmdb in Resources */ = {isa = PBXBuildFile; fileRef = EDC77B24218A04C500326C8F /* asn.mmdb */; };
		EDC77B28218A04C500326C8F /* ca-bundle.pem in Resources */ = {isa = PBXBuildFile; fileRef = EDC77B25218A04C500326C8F /* ca-bundle.pem */; };
		EDCB9D911CB3F9ED00BBA3BC /* DefaultPreferences.plist in Resources */ = {isa = PBXBuildFile; fileRef = EDCB9D901CB3F9ED00BBA3BC /* DefaultPreferences.plist */; };
		EDCD73D22180F014003B56D9 /* Header3ViewController.m in Sources */ = {isa = PBXBuildFile; fileRef = EDCD73D12180F014003B56D9 /* Header3ViewController.m */; };
		EDD101BE1EE801F00044E390 /* NotificationService.mm in Sources */ = {isa = PBXBuildFile; fileRef = EDD101BD1EE801F00044E390 /* NotificationService.mm */; };
		EDDB0B501FFD320000EFD9C8 /* TestResultsTableViewController.m in Sources */ = {isa = PBXBuildFile; fileRef = EDDB0B4F1FFD320000EFD9C8 /* TestResultsTableViewController.m */; };
		EDDB0B521FFD36D700EFD9C8 /* Settings.storyboard in Resources */ = {isa = PBXBuildFile; fileRef = EDDB0B511FFD36D700EFD9C8 /* Settings.storyboard */; };
		EDDB0B551FFF2C5300EFD9C8 /* SettingsUtility.mm in Sources */ = {isa = PBXBuildFile; fileRef = EDDB0B541FFF2C5300EFD9C8 /* SettingsUtility.mm */; };
		EDDB0B591FFF32DA00EFD9C8 /* SettingsCategoriesTableViewController.m in Sources */ = {isa = PBXBuildFile; fileRef = EDDB0B581FFF32DA00EFD9C8 /* SettingsCategoriesTableViewController.m */; };
		EDDB0B5C1FFF330800EFD9C8 /* SettingsTableViewController.m in Sources */ = {isa = PBXBuildFile; fileRef = EDDB0B5A1FFF330700EFD9C8 /* SettingsTableViewController.m */; };
		EDDB0B5F1FFF3A5A00EFD9C8 /* TabsViewController.m in Sources */ = {isa = PBXBuildFile; fileRef = EDDB0B5D1FFF3A5A00EFD9C8 /* TabsViewController.m */; };
		EDDB0B621FFF509200EFD9C8 /* WebsiteCategoriesTableViewController.m in Sources */ = {isa = PBXBuildFile; fileRef = EDDB0B611FFF509200EFD9C8 /* WebsiteCategoriesTableViewController.m */; };
		EDDB0B741FFF6C8B00EFD9C8 /* Onboarding2ViewController.m in Sources */ = {isa = PBXBuildFile; fileRef = EDDB0B6B1FFF6C8B00EFD9C8 /* Onboarding2ViewController.m */; };
		EDDB0B751FFF6C8B00EFD9C8 /* WrongAnswerViewController.m in Sources */ = {isa = PBXBuildFile; fileRef = EDDB0B6C1FFF6C8B00EFD9C8 /* WrongAnswerViewController.m */; };
		EDDB0B761FFF6C8B00EFD9C8 /* Onboarding3ViewController.m in Sources */ = {isa = PBXBuildFile; fileRef = EDDB0B6D1FFF6C8B00EFD9C8 /* Onboarding3ViewController.m */; };
		EDDB0B771FFF6C8B00EFD9C8 /* PopQuizViewController.m in Sources */ = {isa = PBXBuildFile; fileRef = EDDB0B6F1FFF6C8B00EFD9C8 /* PopQuizViewController.m */; };
		EDDB0B781FFF6C8B00EFD9C8 /* Onboarding1ViewController.m in Sources */ = {isa = PBXBuildFile; fileRef = EDDB0B711FFF6C8B00EFD9C8 /* Onboarding1ViewController.m */; };
		EDEF0D9520BE9F28001F3E69 /* middle_boxes.json in Resources */ = {isa = PBXBuildFile; fileRef = EDEF0D9420BE9F28001F3E69 /* middle_boxes.json */; };
		EDF2073221217340005B06D7 /* JsonResult.m in Sources */ = {isa = PBXBuildFile; fileRef = EDF2073121217340005B06D7 /* JsonResult.m */; };
		EDF20735212173B9005B06D7 /* Simple.m in Sources */ = {isa = PBXBuildFile; fileRef = EDF20733212173B8005B06D7 /* Simple.m */; };
		EDF20736212173B9005B06D7 /* Advanced.m in Sources */ = {isa = PBXBuildFile; fileRef = EDF20734212173B9005B06D7 /* Advanced.m */; };
		EDFE073D1F375E3C00960AF2 /* DictionaryUtility.m in Sources */ = {isa = PBXBuildFile; fileRef = EDFE073C1F375E3C00960AF2 /* DictionaryUtility.m */; };
/* End PBXBuildFile section */

/* Begin PBXContainerItemProxy section */
		17E7EDBA21BFEDD1001961C7 /* PBXContainerItemProxy */ = {
			isa = PBXContainerItemProxy;
			containerPortal = D4A2F5D11A6C3244001B8460 /* Project object */;
			proxyType = 1;
			remoteGlobalIDString = D4A2F5D81A6C3244001B8460;
			remoteInfo = ooniprobe;
		};
/* End PBXContainerItemProxy section */

/* Begin PBXFileReference section */
		01E11775CFCA0BB7A69035D3 /* libPods-ooniprobe.a */ = {isa = PBXFileReference; explicitFileType = archive.ar; includeInIndex = 0; path = "libPods-ooniprobe.a"; sourceTree = BUILT_PRODUCTS_DIR; };
		17E7EDB521BFEDD1001961C7 /* OONIProbeUITests.xctest */ = {isa = PBXFileReference; explicitFileType = wrapper.cfbundle; includeInIndex = 0; path = OONIProbeUITests.xctest; sourceTree = BUILT_PRODUCTS_DIR; };
		17E7EDB721BFEDD1001961C7 /* OONIProbeUITests.swift */ = {isa = PBXFileReference; lastKnownFileType = sourcecode.swift; path = OONIProbeUITests.swift; sourceTree = "<group>"; };
		17E7EDB921BFEDD1001961C7 /* Info.plist */ = {isa = PBXFileReference; lastKnownFileType = text.plist.xml; path = Info.plist; sourceTree = "<group>"; };
		17E7EDBF21BFEE0C001961C7 /* SnapshotHelper.swift */ = {isa = PBXFileReference; fileEncoding = 4; lastKnownFileType = sourcecode.swift; name = SnapshotHelper.swift; path = fastlane/SnapshotHelper.swift; sourceTree = SOURCE_ROOT; };
		B14D39522921C8CE117986F7 /* Pods-ooniprobe.debug.xcconfig */ = {isa = PBXFileReference; includeInIndex = 1; lastKnownFileType = text.xcconfig; name = "Pods-ooniprobe.debug.xcconfig"; path = "Pods/Target Support Files/Pods-ooniprobe/Pods-ooniprobe.debug.xcconfig"; sourceTree = "<group>"; };
		D4A2F5D91A6C3244001B8460 /* ooniprobe.app */ = {isa = PBXFileReference; explicitFileType = wrapper.application; includeInIndex = 0; path = ooniprobe.app; sourceTree = BUILT_PRODUCTS_DIR; };
		D4A2F5DD1A6C3244001B8460 /* Info.plist */ = {isa = PBXFileReference; lastKnownFileType = text.plist.xml; path = Info.plist; sourceTree = "<group>"; };
		D4A2F5DE1A6C3244001B8460 /* main.m */ = {isa = PBXFileReference; lastKnownFileType = sourcecode.c.objc; path = main.m; sourceTree = "<group>"; };
		D4A2F5E01A6C3244001B8460 /* AppDelegate.h */ = {isa = PBXFileReference; lastKnownFileType = sourcecode.c.h; path = AppDelegate.h; sourceTree = "<group>"; };
		D4A2F5E11A6C3244001B8460 /* AppDelegate.mm */ = {isa = PBXFileReference; lastKnownFileType = sourcecode.cpp.objcpp; path = AppDelegate.mm; sourceTree = "<group>"; };
		D4A2F5E91A6C3244001B8460 /* Images.xcassets */ = {isa = PBXFileReference; lastKnownFileType = folder.assetcatalog; path = Images.xcassets; sourceTree = "<group>"; };
		D4A2F5EC1A6C3244001B8460 /* Base */ = {isa = PBXFileReference; lastKnownFileType = file.xib; name = Base; path = Base.lproj/LaunchScreen.xib; sourceTree = "<group>"; };
		ED0A6200200B52C000235E70 /* OONIRun.storyboard */ = {isa = PBXFileReference; lastKnownFileType = file.storyboard; name = OONIRun.storyboard; path = Storyboards/OONIRun.storyboard; sourceTree = "<group>"; };
		ED0D35BC1DD72824005C863F /* RunButton.h */ = {isa = PBXFileReference; fileEncoding = 4; lastKnownFileType = sourcecode.c.h; path = RunButton.h; sourceTree = "<group>"; };
		ED0D35BD1DD72824005C863F /* RunButton.m */ = {isa = PBXFileReference; fileEncoding = 4; lastKnownFileType = sourcecode.c.objc; path = RunButton.m; sourceTree = "<group>"; };
		ED0D8D6E20186742003DDF23 /* TestOverviewViewController.h */ = {isa = PBXFileReference; lastKnownFileType = sourcecode.c.h; path = TestOverviewViewController.h; sourceTree = "<group>"; };
		ED0D8D6F20186742003DDF23 /* TestOverviewViewController.m */ = {isa = PBXFileReference; lastKnownFileType = sourcecode.c.objc; path = TestOverviewViewController.m; sourceTree = "<group>"; };
		ED163CDF209B63060052FB46 /* MKNetworkTests.h */ = {isa = PBXFileReference; lastKnownFileType = sourcecode.c.h; name = MKNetworkTests.h; path = TestClasses/MKNetworkTests.h; sourceTree = "<group>"; };
		ED163CE0209C7B880052FB46 /* Airports.plist */ = {isa = PBXFileReference; lastKnownFileType = text.plist.xml; path = Airports.plist; sourceTree = "<group>"; };
		ED1CC7FD20158D630041089A /* ConfigureButton.h */ = {isa = PBXFileReference; lastKnownFileType = sourcecode.c.h; path = ConfigureButton.h; sourceTree = "<group>"; };
		ED1CC7FE20158D630041089A /* ConfigureButton.m */ = {isa = PBXFileReference; lastKnownFileType = sourcecode.c.objc; path = ConfigureButton.m; sourceTree = "<group>"; };
		ED1CC80020159D970041089A /* TestRunningViewController.h */ = {isa = PBXFileReference; lastKnownFileType = sourcecode.c.h; path = TestRunningViewController.h; sourceTree = "<group>"; };
		ED1CC80120159D970041089A /* TestRunningViewController.mm */ = {isa = PBXFileReference; lastKnownFileType = sourcecode.cpp.objcpp; path = TestRunningViewController.mm; sourceTree = "<group>"; };
		ED1EC16F204E9B61000DEB9F /* LogViewController.h */ = {isa = PBXFileReference; lastKnownFileType = sourcecode.c.h; path = LogViewController.h; sourceTree = "<group>"; };
		ED1EC170204E9B61000DEB9F /* LogViewController.m */ = {isa = PBXFileReference; lastKnownFileType = sourcecode.c.objc; path = LogViewController.m; sourceTree = "<group>"; };
		ED1F33601EFD552F00B42FEC /* BrowserViewController.h */ = {isa = PBXFileReference; fileEncoding = 4; lastKnownFileType = sourcecode.c.h; path = BrowserViewController.h; sourceTree = "<group>"; };
		ED1F33611EFD552F00B42FEC /* BrowserViewController.m */ = {isa = PBXFileReference; fileEncoding = 4; lastKnownFileType = sourcecode.c.objc; path = BrowserViewController.m; sourceTree = "<group>"; };
		ED209668209791C40028BEA3 /* PaddingLabel.h */ = {isa = PBXFileReference; lastKnownFileType = sourcecode.c.h; path = PaddingLabel.h; sourceTree = "<group>"; };
		ED209669209791C40028BEA3 /* PaddingLabel.m */ = {isa = PBXFileReference; lastKnownFileType = sourcecode.c.objc; path = PaddingLabel.m; sourceTree = "<group>"; };
		ED345F4D2024085E00F8DFF3 /* TestSummaryTableViewController.h */ = {isa = PBXFileReference; lastKnownFileType = sourcecode.c.h; path = TestSummaryTableViewController.h; sourceTree = "<group>"; };
		ED345F4E2024085E00F8DFF3 /* TestSummaryTableViewController.m */ = {isa = PBXFileReference; lastKnownFileType = sourcecode.c.objc; path = TestSummaryTableViewController.m; sourceTree = "<group>"; };
		ED3582311FE948580078CCEE /* libsqlite3.tbd */ = {isa = PBXFileReference; lastKnownFileType = "sourcecode.text-based-dylib-definition"; name = libsqlite3.tbd; path = usr/lib/libsqlite3.tbd; sourceTree = SDKROOT; };
		ED3932C21E3114740064CD11 /* AboutViewController.h */ = {isa = PBXFileReference; fileEncoding = 4; lastKnownFileType = sourcecode.c.h; path = AboutViewController.h; sourceTree = "<group>"; };
		ED3932C31E3114740064CD11 /* AboutViewController.mm */ = {isa = PBXFileReference; fileEncoding = 4; lastKnownFileType = sourcecode.cpp.objcpp; path = AboutViewController.mm; sourceTree = "<group>"; };
		ED3A2C761E87E87900419270 /* ar */ = {isa = PBXFileReference; lastKnownFileType = text.plist.strings; name = ar; path = ar.lproj/Localizable.strings; sourceTree = "<group>"; };
		ED3AB32E1D2337920061F266 /* GeoIP.dat */ = {isa = PBXFileReference; lastKnownFileType = file; path = GeoIP.dat; sourceTree = "<group>"; };
		ED3AB32F1D2337920061F266 /* GeoIPASNum.dat */ = {isa = PBXFileReference; lastKnownFileType = file; path = GeoIPASNum.dat; sourceTree = "<group>"; };
		ED3AE9EE20341C8600DAAF36 /* ResultsHeaderViewController.h */ = {isa = PBXFileReference; lastKnownFileType = sourcecode.c.h; path = ResultsHeaderViewController.h; sourceTree = "<group>"; };
		ED3AE9EF20341C8600DAAF36 /* ResultsHeaderViewController.m */ = {isa = PBXFileReference; lastKnownFileType = sourcecode.c.objc; path = ResultsHeaderViewController.m; sourceTree = "<group>"; };
		ED3B5F8C1F0BAC54007CE2AF /* de */ = {isa = PBXFileReference; lastKnownFileType = text.plist.strings; name = de; path = de.lproj/Localizable.strings; sourceTree = "<group>"; };
		ED3B5F8D1F0BC991007CE2AF /* zh-Hans */ = {isa = PBXFileReference; lastKnownFileType = text.plist.strings; name = "zh-Hans"; path = "zh-Hans.lproj/Localizable.strings"; sourceTree = "<group>"; };
		ED3B5F8E1F0BC997007CE2AF /* zh-Hant */ = {isa = PBXFileReference; lastKnownFileType = text.plist.strings; name = "zh-Hant"; path = "zh-Hant.lproj/Localizable.strings"; sourceTree = "<group>"; };
		ED41D8B62089E9C500543191 /* WebsitesDetailsViewController.h */ = {isa = PBXFileReference; lastKnownFileType = sourcecode.c.h; path = WebsitesDetailsViewController.h; sourceTree = "<group>"; };
		ED41D8B72089E9C500543191 /* WebsitesDetailsViewController.m */ = {isa = PBXFileReference; lastKnownFileType = sourcecode.c.objc; path = WebsitesDetailsViewController.m; sourceTree = "<group>"; };
		ED459A291E5E0EB900EAE084 /* it */ = {isa = PBXFileReference; lastKnownFileType = text.plist.strings; name = it; path = it.lproj/Localizable.strings; sourceTree = "<group>"; };
		ED459A2A1E5E0EC000EAE084 /* es */ = {isa = PBXFileReference; lastKnownFileType = text.plist.strings; name = es; path = es.lproj/Localizable.strings; sourceTree = "<group>"; };
		ED459A2B1E5E124100EAE084 /* fr */ = {isa = PBXFileReference; lastKnownFileType = text.plist.strings; name = fr; path = fr.lproj/Localizable.strings; sourceTree = "<group>"; };
		ED4761761F2A850B0008ED87 /* ja */ = {isa = PBXFileReference; lastKnownFileType = text.plist.strings; name = ja; path = ja.lproj/Localizable.strings; sourceTree = "<group>"; };
		ED49509B1F951F1D00344E42 /* MessageUtility.h */ = {isa = PBXFileReference; lastKnownFileType = sourcecode.c.h; name = MessageUtility.h; path = Utility/MessageUtility.h; sourceTree = "<group>"; };
		ED49509C1F951F1D00344E42 /* MessageUtility.m */ = {isa = PBXFileReference; lastKnownFileType = sourcecode.c.objc; name = MessageUtility.m; path = Utility/MessageUtility.m; sourceTree = "<group>"; };
		ED4D60551A7162C400777275 /* Base */ = {isa = PBXFileReference; lastKnownFileType = text.plist.strings; name = Base; path = Base.lproj/Localizable.strings; sourceTree = "<group>"; };
		ED53841A2159757D0078C5C6 /* EventResult.h */ = {isa = PBXFileReference; lastKnownFileType = sourcecode.c.h; path = EventResult.h; sourceTree = "<group>"; };
		ED53841B2159757D0078C5C6 /* EventResult.m */ = {isa = PBXFileReference; lastKnownFileType = sourcecode.c.objc; path = EventResult.m; sourceTree = "<group>"; };
		ED53841D215975A70078C5C6 /* Value.h */ = {isa = PBXFileReference; lastKnownFileType = sourcecode.c.h; path = Value.h; sourceTree = "<group>"; };
		ED53841E215975A70078C5C6 /* Value.m */ = {isa = PBXFileReference; lastKnownFileType = sourcecode.c.objc; path = Value.m; sourceTree = "<group>"; };
		ED53842021597E950078C5C6 /* OoniRunViewController.h */ = {isa = PBXFileReference; fileEncoding = 4; lastKnownFileType = sourcecode.c.h; path = OoniRunViewController.h; sourceTree = "<group>"; };
		ED53842121597E950078C5C6 /* OoniRunViewController.m */ = {isa = PBXFileReference; fileEncoding = 4; lastKnownFileType = sourcecode.c.objc; path = OoniRunViewController.m; sourceTree = "<group>"; };
		ED55C0C7203BD52900738260 /* Header1MBViewController.h */ = {isa = PBXFileReference; lastKnownFileType = sourcecode.c.h; path = Header1MBViewController.h; sourceTree = "<group>"; };
		ED55C0C8203BD52900738260 /* Header1MBViewController.m */ = {isa = PBXFileReference; lastKnownFileType = sourcecode.c.objc; path = Header1MBViewController.m; sourceTree = "<group>"; };
		ED58CF741FEBB77600E3C415 /* Main.storyboard */ = {isa = PBXFileReference; fileEncoding = 4; lastKnownFileType = file.storyboard; name = Main.storyboard; path = Storyboards/Main.storyboard; sourceTree = "<group>"; };
		ED58CF781FEBB9A900E3C415 /* DashboardTableViewController.h */ = {isa = PBXFileReference; lastKnownFileType = sourcecode.c.h; path = DashboardTableViewController.h; sourceTree = "<group>"; };
		ED58CF791FEBB9A900E3C415 /* DashboardTableViewController.m */ = {isa = PBXFileReference; lastKnownFileType = sourcecode.c.objc; path = DashboardTableViewController.m; sourceTree = "<group>"; };
		ED58CF7C1FEBBE2800E3C415 /* TestUtility.h */ = {isa = PBXFileReference; lastKnownFileType = sourcecode.c.h; name = TestUtility.h; path = Utility/TestUtility.h; sourceTree = "<group>"; };
		ED58CF7D1FEBBE2800E3C415 /* TestUtility.mm */ = {isa = PBXFileReference; lastKnownFileType = sourcecode.cpp.objcpp; name = TestUtility.mm; path = Utility/TestUtility.mm; sourceTree = "<group>"; };
		ED5F8A281F77C4AA0093C8F5 /* VersionUtility.h */ = {isa = PBXFileReference; lastKnownFileType = sourcecode.c.h; name = VersionUtility.h; path = Utility/VersionUtility.h; sourceTree = "<group>"; };
		ED5F8A291F77C4AA0093C8F5 /* VersionUtility.m */ = {isa = PBXFileReference; lastKnownFileType = sourcecode.c.objc; name = VersionUtility.m; path = Utility/VersionUtility.m; sourceTree = "<group>"; };
		ED614793213DABDE00F35E07 /* Tests.plist */ = {isa = PBXFileReference; fileEncoding = 4; lastKnownFileType = text.plist.xml; path = Tests.plist; sourceTree = "<group>"; };
		ED62AB9B1ED5B70500778249 /* Reachability.h */ = {isa = PBXFileReference; fileEncoding = 4; lastKnownFileType = sourcecode.c.h; path = Reachability.h; sourceTree = "<group>"; };
		ED62AB9C1ED5B70500778249 /* Reachability.m */ = {isa = PBXFileReference; fileEncoding = 4; lastKnownFileType = sourcecode.c.objc; path = Reachability.m; sourceTree = "<group>"; };
		ED62AB9E1ED5B75100778249 /* ooniprobe.entitlements */ = {isa = PBXFileReference; lastKnownFileType = text.plist.entitlements; path = ooniprobe.entitlements; sourceTree = "<group>"; };
		ED6911D720BDC0130022DCFE /* websites.json */ = {isa = PBXFileReference; fileEncoding = 4; lastKnownFileType = text.json; path = websites.json; sourceTree = "<group>"; };
		ED6911D920BDC04D0022DCFE /* instant_messaging.json */ = {isa = PBXFileReference; fileEncoding = 4; lastKnownFileType = text.json; path = instant_messaging.json; sourceTree = "<group>"; };
		ED6911DA20BDC04D0022DCFE /* performance.json */ = {isa = PBXFileReference; fileEncoding = 4; lastKnownFileType = text.json; path = performance.json; sourceTree = "<group>"; };
		ED76A7881EF166F2004D9B5E /* ReachabilityManager.h */ = {isa = PBXFileReference; fileEncoding = 4; lastKnownFileType = sourcecode.c.h; path = ReachabilityManager.h; sourceTree = "<group>"; };
		ED76A7891EF166F3004D9B5E /* ReachabilityManager.mm */ = {isa = PBXFileReference; fileEncoding = 4; lastKnownFileType = sourcecode.cpp.objcpp; path = ReachabilityManager.mm; sourceTree = "<group>"; };
		ED78B6392042A92200C43E5C /* MKNetworkTest.mm */ = {isa = PBXFileReference; fileEncoding = 4; lastKnownFileType = sourcecode.cpp.objcpp; name = MKNetworkTest.mm; path = TestClasses/MKNetworkTest.mm; sourceTree = "<group>"; };
		ED78B63A2042A92200C43E5C /* NetworkTest.h */ = {isa = PBXFileReference; fileEncoding = 4; lastKnownFileType = sourcecode.c.h; name = NetworkTest.h; path = TestClasses/NetworkTest.h; sourceTree = "<group>"; };
		ED78B63B2042A92200C43E5C /* MKNetworkTest.h */ = {isa = PBXFileReference; fileEncoding = 4; lastKnownFileType = sourcecode.c.h; name = MKNetworkTest.h; path = TestClasses/MKNetworkTest.h; sourceTree = "<group>"; };
		ED78B63C2042A92200C43E5C /* NetworkTest.mm */ = {isa = PBXFileReference; fileEncoding = 4; lastKnownFileType = sourcecode.cpp.objcpp; name = NetworkTest.mm; path = TestClasses/NetworkTest.mm; sourceTree = "<group>"; };
		ED8569581EB146B500D435EB /* ru */ = {isa = PBXFileReference; lastKnownFileType = text.plist.strings; name = ru; path = ru.lproj/Localizable.strings; sourceTree = "<group>"; };
		ED8569591EB146C200D435EB /* fa */ = {isa = PBXFileReference; lastKnownFileType = text.plist.strings; name = fa; path = fa.lproj/Localizable.strings; sourceTree = "<group>"; };
		ED85695A1EBA227D00D435EB /* el */ = {isa = PBXFileReference; lastKnownFileType = text.plist.strings; name = el; path = el.lproj/Localizable.strings; sourceTree = "<group>"; };
		ED90A8FD2198AFEB00204B46 /* MKUtil.h */ = {isa = PBXFileReference; fileEncoding = 4; lastKnownFileType = sourcecode.c.h; path = MKUtil.h; sourceTree = "<group>"; };
		ED90A8FE2198AFEB00204B46 /* MKTask.mm */ = {isa = PBXFileReference; fileEncoding = 4; lastKnownFileType = sourcecode.cpp.objcpp; path = MKTask.mm; sourceTree = "<group>"; };
		ED90A8FF2198AFEB00204B46 /* MKGeoIPLookup.h */ = {isa = PBXFileReference; fileEncoding = 4; lastKnownFileType = sourcecode.c.h; path = MKGeoIPLookup.h; sourceTree = "<group>"; };
		ED90A9002198AFEB00204B46 /* MKOrchestra.mm */ = {isa = PBXFileReference; fileEncoding = 4; lastKnownFileType = sourcecode.cpp.objcpp; path = MKOrchestra.mm; sourceTree = "<group>"; };
		ED90A9012198AFEB00204B46 /* MKGeoIPLookup.mm */ = {isa = PBXFileReference; fileEncoding = 4; lastKnownFileType = sourcecode.cpp.objcpp; path = MKGeoIPLookup.mm; sourceTree = "<group>"; };
		ED90A9022198AFEB00204B46 /* MKResources.h */ = {isa = PBXFileReference; fileEncoding = 4; lastKnownFileType = sourcecode.c.h; path = MKResources.h; sourceTree = "<group>"; };
		ED90A90A2198AFEB00204B46 /* MKTask.h */ = {isa = PBXFileReference; fileEncoding = 4; lastKnownFileType = sourcecode.c.h; path = MKTask.h; sourceTree = "<group>"; };
		ED90A90B2198AFEB00204B46 /* MKResources.m */ = {isa = PBXFileReference; fileEncoding = 4; lastKnownFileType = sourcecode.c.objc; path = MKResources.m; sourceTree = "<group>"; };
		ED90A90C2198AFEB00204B46 /* MKOrchestra.h */ = {isa = PBXFileReference; fileEncoding = 4; lastKnownFileType = sourcecode.c.h; path = MKOrchestra.h; sourceTree = "<group>"; };
		ED90A9172198B8AB00204B46 /* DashboardTableViewCell.m */ = {isa = PBXFileReference; fileEncoding = 4; lastKnownFileType = sourcecode.c.objc; path = DashboardTableViewCell.m; sourceTree = "<group>"; };
		ED90A9182198B8AB00204B46 /* DashboardTableViewCell.h */ = {isa = PBXFileReference; fileEncoding = 4; lastKnownFileType = sourcecode.c.h; path = DashboardTableViewCell.h; sourceTree = "<group>"; };
		ED90A91B2198DE5000204B46 /* Network.m */ = {isa = PBXFileReference; fileEncoding = 4; lastKnownFileType = sourcecode.c.objc; path = Network.m; sourceTree = "<group>"; };
		ED90A91C2198DE5000204B46 /* Result.mm */ = {isa = PBXFileReference; fileEncoding = 4; lastKnownFileType = sourcecode.cpp.objcpp; path = Result.mm; sourceTree = "<group>"; };
		ED90A91D2198DE5000204B46 /* Url.mm */ = {isa = PBXFileReference; fileEncoding = 4; lastKnownFileType = sourcecode.cpp.objcpp; path = Url.mm; sourceTree = "<group>"; };
		ED90A91E2198DE5000204B46 /* Result.h */ = {isa = PBXFileReference; fileEncoding = 4; lastKnownFileType = sourcecode.c.h; path = Result.h; sourceTree = "<group>"; };
		ED90A91F2198DE5000204B46 /* Network.h */ = {isa = PBXFileReference; fileEncoding = 4; lastKnownFileType = sourcecode.c.h; path = Network.h; sourceTree = "<group>"; };
		ED90A9202198DE5000204B46 /* Measurement.h */ = {isa = PBXFileReference; fileEncoding = 4; lastKnownFileType = sourcecode.c.h; path = Measurement.h; sourceTree = "<group>"; };
		ED90A9212198DE5000204B46 /* Url.h */ = {isa = PBXFileReference; fileEncoding = 4; lastKnownFileType = sourcecode.c.h; path = Url.h; sourceTree = "<group>"; };
		ED90A9222198DE5000204B46 /* Measurement.mm */ = {isa = PBXFileReference; fileEncoding = 4; lastKnownFileType = sourcecode.cpp.objcpp; path = Measurement.mm; sourceTree = "<group>"; };
		ED90A9242198DE5000204B46 /* Settings.h */ = {isa = PBXFileReference; fileEncoding = 4; lastKnownFileType = sourcecode.c.h; path = Settings.h; sourceTree = "<group>"; };
		ED90A9252198DE5000204B46 /* Options.h */ = {isa = PBXFileReference; fileEncoding = 4; lastKnownFileType = sourcecode.c.h; path = Options.h; sourceTree = "<group>"; };
		ED90A9262198DE5000204B46 /* Settings.m */ = {isa = PBXFileReference; fileEncoding = 4; lastKnownFileType = sourcecode.c.objc; path = Settings.m; sourceTree = "<group>"; };
		ED90A9272198DE5000204B46 /* Options.m */ = {isa = PBXFileReference; fileEncoding = 4; lastKnownFileType = sourcecode.c.objc; path = Options.m; sourceTree = "<group>"; };
		ED997D08207BB7C400C97B1F /* LocalizationUtility.h */ = {isa = PBXFileReference; lastKnownFileType = sourcecode.c.h; name = LocalizationUtility.h; path = Utility/LocalizationUtility.h; sourceTree = "<group>"; };
		ED997D09207BB7C400C97B1F /* LocalizationUtility.m */ = {isa = PBXFileReference; lastKnownFileType = sourcecode.c.objc; name = LocalizationUtility.m; path = Utility/LocalizationUtility.m; sourceTree = "<group>"; };
		ED997D0B207BCEE400C97B1F /* Strings.plist */ = {isa = PBXFileReference; lastKnownFileType = text.plist.xml; path = Strings.plist; sourceTree = "<group>"; };
		ED9D8B99207F5C4A00189FAE /* TestDetailsViewController.h */ = {isa = PBXFileReference; lastKnownFileType = sourcecode.c.h; path = TestDetailsViewController.h; sourceTree = "<group>"; };
		ED9D8B9A207F5C4A00189FAE /* TestDetailsViewController.m */ = {isa = PBXFileReference; lastKnownFileType = sourcecode.c.objc; path = TestDetailsViewController.m; sourceTree = "<group>"; };
		EDA17AF3208A30E000D46D0F /* InstantMessagingDetailsViewController.h */ = {isa = PBXFileReference; fileEncoding = 4; lastKnownFileType = sourcecode.c.h; path = InstantMessagingDetailsViewController.h; sourceTree = "<group>"; };
		EDA17AF4208A30E000D46D0F /* InstantMessagingDetailsViewController.m */ = {isa = PBXFileReference; fileEncoding = 4; lastKnownFileType = sourcecode.c.objc; path = InstantMessagingDetailsViewController.m; sourceTree = "<group>"; };
		EDA17AF7208A30E100D46D0F /* MiddleBoxesDetailsViewController.h */ = {isa = PBXFileReference; fileEncoding = 4; lastKnownFileType = sourcecode.c.h; path = MiddleBoxesDetailsViewController.h; sourceTree = "<group>"; };
		EDA17AF8208A30E100D46D0F /* MiddleBoxesDetailsViewController.m */ = {isa = PBXFileReference; fileEncoding = 4; lastKnownFileType = sourcecode.c.objc; path = MiddleBoxesDetailsViewController.m; sourceTree = "<group>"; };
		EDA17AFC208A310300D46D0F /* DashDetailsViewController.h */ = {isa = PBXFileReference; fileEncoding = 4; lastKnownFileType = sourcecode.c.h; path = DashDetailsViewController.h; sourceTree = "<group>"; };
		EDA17AFD208A310300D46D0F /* DashDetailsViewController.m */ = {isa = PBXFileReference; fileEncoding = 4; lastKnownFileType = sourcecode.c.objc; path = DashDetailsViewController.m; sourceTree = "<group>"; };
		EDA17AFF208A312C00D46D0F /* NdtDetailsViewController.h */ = {isa = PBXFileReference; fileEncoding = 4; lastKnownFileType = sourcecode.c.h; path = NdtDetailsViewController.h; sourceTree = "<group>"; };
		EDA17B00208A312C00D46D0F /* NdtDetailsViewController.m */ = {isa = PBXFileReference; fileEncoding = 4; lastKnownFileType = sourcecode.c.objc; path = NdtDetailsViewController.m; sourceTree = "<group>"; };
		EDA17B04208A37BF00D46D0F /* Dashboard.storyboard */ = {isa = PBXFileReference; fileEncoding = 4; lastKnownFileType = file.storyboard; name = Dashboard.storyboard; path = Storyboards/Dashboard.storyboard; sourceTree = "<group>"; };
		EDA17B06208A389F00D46D0F /* Result.storyboard */ = {isa = PBXFileReference; fileEncoding = 4; lastKnownFileType = file.storyboard; name = Result.storyboard; path = Storyboards/Result.storyboard; sourceTree = "<group>"; };
		EDA22FFB1DD5D39000BD8708 /* PrefixHeader.pch */ = {isa = PBXFileReference; lastKnownFileType = sourcecode.c.h; path = PrefixHeader.pch; sourceTree = "<group>"; };
		EDA7645E2153090800C24688 /* NSDictionary+Safety.m */ = {isa = PBXFileReference; fileEncoding = 4; lastKnownFileType = sourcecode.c.objc; name = "NSDictionary+Safety.m"; path = "Utility/NSDictionary+Safety.m"; sourceTree = "<group>"; };
		EDA7645F2153090800C24688 /* NSDictionary+Safety.h */ = {isa = PBXFileReference; fileEncoding = 4; lastKnownFileType = sourcecode.c.h; name = "NSDictionary+Safety.h"; path = "Utility/NSDictionary+Safety.h"; sourceTree = "<group>"; };
		EDA9CC85209B534A0062507F /* FacebookMessenger.h */ = {isa = PBXFileReference; lastKnownFileType = sourcecode.c.h; name = FacebookMessenger.h; path = TestClasses/FacebookMessenger.h; sourceTree = "<group>"; };
		EDA9CC86209B534A0062507F /* FacebookMessenger.mm */ = {isa = PBXFileReference; lastKnownFileType = sourcecode.cpp.objcpp; name = FacebookMessenger.mm; path = TestClasses/FacebookMessenger.mm; sourceTree = "<group>"; };
		EDA9CC88209B537C0062507F /* WebConnectivity.h */ = {isa = PBXFileReference; lastKnownFileType = sourcecode.c.h; name = WebConnectivity.h; path = TestClasses/WebConnectivity.h; sourceTree = "<group>"; };
		EDA9CC89209B537C0062507F /* WebConnectivity.mm */ = {isa = PBXFileReference; lastKnownFileType = sourcecode.cpp.objcpp; name = WebConnectivity.mm; path = TestClasses/WebConnectivity.mm; sourceTree = "<group>"; };
		EDA9CC8B209B538A0062507F /* HttpInvalidRequestLine.h */ = {isa = PBXFileReference; lastKnownFileType = sourcecode.c.h; name = HttpInvalidRequestLine.h; path = TestClasses/HttpInvalidRequestLine.h; sourceTree = "<group>"; };
		EDA9CC8C209B538A0062507F /* HttpInvalidRequestLine.mm */ = {isa = PBXFileReference; lastKnownFileType = sourcecode.cpp.objcpp; name = HttpInvalidRequestLine.mm; path = TestClasses/HttpInvalidRequestLine.mm; sourceTree = "<group>"; };
		EDA9CC8E209B53980062507F /* HttpHeaderFieldManipulation.h */ = {isa = PBXFileReference; lastKnownFileType = sourcecode.c.h; name = HttpHeaderFieldManipulation.h; path = TestClasses/HttpHeaderFieldManipulation.h; sourceTree = "<group>"; };
		EDA9CC8F209B53980062507F /* HttpHeaderFieldManipulation.mm */ = {isa = PBXFileReference; lastKnownFileType = sourcecode.cpp.objcpp; name = HttpHeaderFieldManipulation.mm; path = TestClasses/HttpHeaderFieldManipulation.mm; sourceTree = "<group>"; };
		EDA9CC91209B53A70062507F /* NdtTest.h */ = {isa = PBXFileReference; lastKnownFileType = sourcecode.c.h; name = NdtTest.h; path = TestClasses/NdtTest.h; sourceTree = "<group>"; };
		EDA9CC92209B53A70062507F /* NdtTest.mm */ = {isa = PBXFileReference; lastKnownFileType = sourcecode.cpp.objcpp; name = NdtTest.mm; path = TestClasses/NdtTest.mm; sourceTree = "<group>"; };
		EDA9CC94209B53B80062507F /* Dash.h */ = {isa = PBXFileReference; lastKnownFileType = sourcecode.c.h; name = Dash.h; path = TestClasses/Dash.h; sourceTree = "<group>"; };
		EDA9CC95209B53B80062507F /* Dash.mm */ = {isa = PBXFileReference; lastKnownFileType = sourcecode.cpp.objcpp; name = Dash.mm; path = TestClasses/Dash.mm; sourceTree = "<group>"; };
		EDA9CC97209B53C70062507F /* Whatsapp.h */ = {isa = PBXFileReference; lastKnownFileType = sourcecode.c.h; name = Whatsapp.h; path = TestClasses/Whatsapp.h; sourceTree = "<group>"; };
		EDA9CC98209B53C70062507F /* Whatsapp.mm */ = {isa = PBXFileReference; lastKnownFileType = sourcecode.cpp.objcpp; name = Whatsapp.mm; path = TestClasses/Whatsapp.mm; sourceTree = "<group>"; };
		EDA9CC9A209B53D50062507F /* Telegram.h */ = {isa = PBXFileReference; lastKnownFileType = sourcecode.c.h; name = Telegram.h; path = TestClasses/Telegram.h; sourceTree = "<group>"; };
		EDA9CC9B209B53D50062507F /* Telegram.mm */ = {isa = PBXFileReference; lastKnownFileType = sourcecode.cpp.objcpp; name = Telegram.mm; path = TestClasses/Telegram.mm; sourceTree = "<group>"; };
		EDB252A220FA46DA00B4EDE4 /* TestKeys.h */ = {isa = PBXFileReference; fileEncoding = 4; lastKnownFileType = sourcecode.c.h; path = TestKeys.h; sourceTree = "<group>"; };
		EDB252A320FA46DA00B4EDE4 /* JsonResult.h */ = {isa = PBXFileReference; fileEncoding = 4; lastKnownFileType = sourcecode.c.h; path = JsonResult.h; sourceTree = "<group>"; };
		EDB252A520FA46DA00B4EDE4 /* TestKeys.m */ = {isa = PBXFileReference; fileEncoding = 4; lastKnownFileType = sourcecode.c.objc; path = TestKeys.m; sourceTree = "<group>"; };
		EDB252A820FA4D4F00B4EDE4 /* Tampering.h */ = {isa = PBXFileReference; lastKnownFileType = sourcecode.c.h; path = Tampering.h; sourceTree = "<group>"; };
		EDB252A920FA4D4F00B4EDE4 /* Tampering.m */ = {isa = PBXFileReference; lastKnownFileType = sourcecode.c.objc; path = Tampering.m; sourceTree = "<group>"; };
		EDB2B7F71E7C5B8F0008A414 /* hi */ = {isa = PBXFileReference; lastKnownFileType = text.plist.strings; name = hi; path = hi.lproj/Localizable.strings; sourceTree = "<group>"; };
		EDB33B7C21838824002CEC34 /* CustomURLViewController.m */ = {isa = PBXFileReference; fileEncoding = 4; lastKnownFileType = sourcecode.c.objc; name = CustomURLViewController.m; path = Settings/CustomURLViewController.m; sourceTree = "<group>"; };
		EDB33B7D21838824002CEC34 /* CustomURLViewController.h */ = {isa = PBXFileReference; fileEncoding = 4; lastKnownFileType = sourcecode.c.h; name = CustomURLViewController.h; path = Settings/CustomURLViewController.h; sourceTree = "<group>"; };
		EDB6BE81202C523500A0CFEF /* UIColor+Hexadecimal.h */ = {isa = PBXFileReference; lastKnownFileType = sourcecode.c.h; path = "UIColor+Hexadecimal.h"; sourceTree = "<group>"; };
		EDB6BE82202C523500A0CFEF /* UIColor+Hexadecimal.m */ = {isa = PBXFileReference; lastKnownFileType = sourcecode.c.objc; path = "UIColor+Hexadecimal.m"; sourceTree = "<group>"; };
		EDB6F9B72023526300BDCB0B /* HeaderSwipeViewController.h */ = {isa = PBXFileReference; lastKnownFileType = sourcecode.c.h; path = HeaderSwipeViewController.h; sourceTree = "<group>"; };
		EDB6F9B82023526300BDCB0B /* HeaderSwipeViewController.m */ = {isa = PBXFileReference; lastKnownFileType = sourcecode.c.objc; path = HeaderSwipeViewController.m; sourceTree = "<group>"; };
		EDB6F9BA202352D000BDCB0B /* Header1ViewController.h */ = {isa = PBXFileReference; lastKnownFileType = sourcecode.c.h; path = Header1ViewController.h; sourceTree = "<group>"; };
		EDB6F9BB202352D000BDCB0B /* Header1ViewController.m */ = {isa = PBXFileReference; lastKnownFileType = sourcecode.c.objc; path = Header1ViewController.m; sourceTree = "<group>"; };
		EDB6F9BD202352DC00BDCB0B /* Header2ViewController.h */ = {isa = PBXFileReference; lastKnownFileType = sourcecode.c.h; path = Header2ViewController.h; sourceTree = "<group>"; };
		EDB6F9BE202352DC00BDCB0B /* Header2ViewController.m */ = {isa = PBXFileReference; lastKnownFileType = sourcecode.c.objc; path = Header2ViewController.m; sourceTree = "<group>"; };
		EDBBB2DD203D2EF200B84F6F /* TestResultTableViewCell.h */ = {isa = PBXFileReference; lastKnownFileType = sourcecode.c.h; path = TestResultTableViewCell.h; sourceTree = "<group>"; };
		EDBBB2DE203D2EF200B84F6F /* TestResultTableViewCell.m */ = {isa = PBXFileReference; lastKnownFileType = sourcecode.c.objc; path = TestResultTableViewCell.m; sourceTree = "<group>"; };
		EDBCB0881FD5B06C00FA4838 /* FiraSans-Light.otf */ = {isa = PBXFileReference; lastKnownFileType = file; path = "FiraSans-Light.otf"; sourceTree = "<group>"; };
		EDBCB0891FD5B06C00FA4838 /* FiraSans-LightItalic.otf */ = {isa = PBXFileReference; lastKnownFileType = file; path = "FiraSans-LightItalic.otf"; sourceTree = "<group>"; };
		EDBCB08A1FD5B06C00FA4838 /* FiraSans-Regular.otf */ = {isa = PBXFileReference; lastKnownFileType = file; path = "FiraSans-Regular.otf"; sourceTree = "<group>"; };
		EDBCB08B1FD5B06C00FA4838 /* FiraSans-Italic.otf */ = {isa = PBXFileReference; lastKnownFileType = file; path = "FiraSans-Italic.otf"; sourceTree = "<group>"; };
		EDBCB08C1FD5B06C00FA4838 /* FiraSans-SemiBold.otf */ = {isa = PBXFileReference; lastKnownFileType = file; path = "FiraSans-SemiBold.otf"; sourceTree = "<group>"; };
		EDBCB08D1FD5B06C00FA4838 /* FiraSans-SemiBoldItalic.otf */ = {isa = PBXFileReference; lastKnownFileType = file; path = "FiraSans-SemiBoldItalic.otf"; sourceTree = "<group>"; };
		EDBCB08F1FD5BD9B00FA4838 /* Onboarding.storyboard */ = {isa = PBXFileReference; lastKnownFileType = file.storyboard; name = Onboarding.storyboard; path = Storyboards/Onboarding.storyboard; sourceTree = "<group>"; };
		EDC2C9EB1FD9939A00FF01D3 /* crossMark.json */ = {isa = PBXFileReference; lastKnownFileType = text.json; path = crossMark.json; sourceTree = "<group>"; };
		EDC2C9EC1FD9939A00FF01D3 /* checkMark.json */ = {isa = PBXFileReference; lastKnownFileType = text.json; path = checkMark.json; sourceTree = "<group>"; };
		EDC77B23218A04C500326C8F /* country.mmdb */ = {isa = PBXFileReference; lastKnownFileType = file; path = country.mmdb; sourceTree = "<group>"; };
		EDC77B24218A04C500326C8F /* asn.mmdb */ = {isa = PBXFileReference; lastKnownFileType = file; path = asn.mmdb; sourceTree = "<group>"; };
		EDC77B25218A04C500326C8F /* ca-bundle.pem */ = {isa = PBXFileReference; fileEncoding = 4; lastKnownFileType = text; path = "ca-bundle.pem"; sourceTree = "<group>"; };
		EDCB9D901CB3F9ED00BBA3BC /* DefaultPreferences.plist */ = {isa = PBXFileReference; fileEncoding = 4; lastKnownFileType = text.plist.xml; path = DefaultPreferences.plist; sourceTree = "<group>"; };
		EDCD73D02180F014003B56D9 /* Header3ViewController.h */ = {isa = PBXFileReference; fileEncoding = 4; lastKnownFileType = sourcecode.c.h; path = Header3ViewController.h; sourceTree = "<group>"; };
		EDCD73D12180F014003B56D9 /* Header3ViewController.m */ = {isa = PBXFileReference; fileEncoding = 4; lastKnownFileType = sourcecode.c.objc; path = Header3ViewController.m; sourceTree = "<group>"; };
		EDD101BC1EE801F00044E390 /* NotificationService.h */ = {isa = PBXFileReference; fileEncoding = 4; lastKnownFileType = sourcecode.c.h; path = NotificationService.h; sourceTree = "<group>"; };
		EDD101BD1EE801F00044E390 /* NotificationService.mm */ = {isa = PBXFileReference; fileEncoding = 4; lastKnownFileType = sourcecode.cpp.objcpp; path = NotificationService.mm; sourceTree = "<group>"; };
		EDDB0B4E1FFD320000EFD9C8 /* TestResultsTableViewController.h */ = {isa = PBXFileReference; lastKnownFileType = sourcecode.c.h; path = TestResultsTableViewController.h; sourceTree = "<group>"; };
		EDDB0B4F1FFD320000EFD9C8 /* TestResultsTableViewController.m */ = {isa = PBXFileReference; lastKnownFileType = sourcecode.c.objc; path = TestResultsTableViewController.m; sourceTree = "<group>"; };
		EDDB0B511FFD36D700EFD9C8 /* Settings.storyboard */ = {isa = PBXFileReference; lastKnownFileType = file.storyboard; name = Settings.storyboard; path = Storyboards/Settings.storyboard; sourceTree = "<group>"; };
		EDDB0B531FFF2C5300EFD9C8 /* SettingsUtility.h */ = {isa = PBXFileReference; lastKnownFileType = sourcecode.c.h; name = SettingsUtility.h; path = Utility/SettingsUtility.h; sourceTree = "<group>"; };
		EDDB0B541FFF2C5300EFD9C8 /* SettingsUtility.mm */ = {isa = PBXFileReference; lastKnownFileType = sourcecode.cpp.objcpp; name = SettingsUtility.mm; path = Utility/SettingsUtility.mm; sourceTree = "<group>"; };
		EDDB0B571FFF32DA00EFD9C8 /* SettingsCategoriesTableViewController.h */ = {isa = PBXFileReference; lastKnownFileType = sourcecode.c.h; name = SettingsCategoriesTableViewController.h; path = Settings/SettingsCategoriesTableViewController.h; sourceTree = "<group>"; };
		EDDB0B581FFF32DA00EFD9C8 /* SettingsCategoriesTableViewController.m */ = {isa = PBXFileReference; lastKnownFileType = sourcecode.c.objc; name = SettingsCategoriesTableViewController.m; path = Settings/SettingsCategoriesTableViewController.m; sourceTree = "<group>"; };
		EDDB0B5A1FFF330700EFD9C8 /* SettingsTableViewController.m */ = {isa = PBXFileReference; fileEncoding = 4; lastKnownFileType = sourcecode.c.objc; name = SettingsTableViewController.m; path = Settings/SettingsTableViewController.m; sourceTree = "<group>"; };
		EDDB0B5B1FFF330700EFD9C8 /* SettingsTableViewController.h */ = {isa = PBXFileReference; fileEncoding = 4; lastKnownFileType = sourcecode.c.h; name = SettingsTableViewController.h; path = Settings/SettingsTableViewController.h; sourceTree = "<group>"; };
		EDDB0B5D1FFF3A5A00EFD9C8 /* TabsViewController.m */ = {isa = PBXFileReference; fileEncoding = 4; lastKnownFileType = sourcecode.c.objc; path = TabsViewController.m; sourceTree = "<group>"; };
		EDDB0B5E1FFF3A5A00EFD9C8 /* TabsViewController.h */ = {isa = PBXFileReference; fileEncoding = 4; lastKnownFileType = sourcecode.c.h; path = TabsViewController.h; sourceTree = "<group>"; };
		EDDB0B601FFF509200EFD9C8 /* WebsiteCategoriesTableViewController.h */ = {isa = PBXFileReference; lastKnownFileType = sourcecode.c.h; name = WebsiteCategoriesTableViewController.h; path = Settings/WebsiteCategoriesTableViewController.h; sourceTree = "<group>"; };
		EDDB0B611FFF509200EFD9C8 /* WebsiteCategoriesTableViewController.m */ = {isa = PBXFileReference; lastKnownFileType = sourcecode.c.objc; name = WebsiteCategoriesTableViewController.m; path = Settings/WebsiteCategoriesTableViewController.m; sourceTree = "<group>"; };
		EDDB0B641FFF6C8B00EFD9C8 /* WrongAnswerViewController.h */ = {isa = PBXFileReference; fileEncoding = 4; lastKnownFileType = sourcecode.c.h; path = WrongAnswerViewController.h; sourceTree = "<group>"; };
		EDDB0B651FFF6C8B00EFD9C8 /* Onboarding2ViewController.h */ = {isa = PBXFileReference; fileEncoding = 4; lastKnownFileType = sourcecode.c.h; path = Onboarding2ViewController.h; sourceTree = "<group>"; };
		EDDB0B661FFF6C8B00EFD9C8 /* PopQuizViewController.h */ = {isa = PBXFileReference; fileEncoding = 4; lastKnownFileType = sourcecode.c.h; path = PopQuizViewController.h; sourceTree = "<group>"; };
		EDDB0B681FFF6C8B00EFD9C8 /* Onboarding3ViewController.h */ = {isa = PBXFileReference; fileEncoding = 4; lastKnownFileType = sourcecode.c.h; path = Onboarding3ViewController.h; sourceTree = "<group>"; };
		EDDB0B6A1FFF6C8B00EFD9C8 /* Onboarding1ViewController.h */ = {isa = PBXFileReference; fileEncoding = 4; lastKnownFileType = sourcecode.c.h; path = Onboarding1ViewController.h; sourceTree = "<group>"; };
		EDDB0B6B1FFF6C8B00EFD9C8 /* Onboarding2ViewController.m */ = {isa = PBXFileReference; fileEncoding = 4; lastKnownFileType = sourcecode.c.objc; path = Onboarding2ViewController.m; sourceTree = "<group>"; };
		EDDB0B6C1FFF6C8B00EFD9C8 /* WrongAnswerViewController.m */ = {isa = PBXFileReference; fileEncoding = 4; lastKnownFileType = sourcecode.c.objc; path = WrongAnswerViewController.m; sourceTree = "<group>"; };
		EDDB0B6D1FFF6C8B00EFD9C8 /* Onboarding3ViewController.m */ = {isa = PBXFileReference; fileEncoding = 4; lastKnownFileType = sourcecode.c.objc; path = Onboarding3ViewController.m; sourceTree = "<group>"; };
		EDDB0B6F1FFF6C8B00EFD9C8 /* PopQuizViewController.m */ = {isa = PBXFileReference; fileEncoding = 4; lastKnownFileType = sourcecode.c.objc; path = PopQuizViewController.m; sourceTree = "<group>"; };
		EDDB0B711FFF6C8B00EFD9C8 /* Onboarding1ViewController.m */ = {isa = PBXFileReference; fileEncoding = 4; lastKnownFileType = sourcecode.c.objc; path = Onboarding1ViewController.m; sourceTree = "<group>"; };
		EDEF0D9420BE9F28001F3E69 /* middle_boxes.json */ = {isa = PBXFileReference; fileEncoding = 4; lastKnownFileType = text.json; path = middle_boxes.json; sourceTree = "<group>"; };
		EDF2072B2120EF12005B06D7 /* Simple.h */ = {isa = PBXFileReference; lastKnownFileType = sourcecode.c.h; path = Simple.h; sourceTree = "<group>"; };
		EDF2072E2120EF29005B06D7 /* Advanced.h */ = {isa = PBXFileReference; lastKnownFileType = sourcecode.c.h; path = Advanced.h; sourceTree = "<group>"; };
		EDF2073121217340005B06D7 /* JsonResult.m */ = {isa = PBXFileReference; fileEncoding = 4; lastKnownFileType = sourcecode.c.objc; path = JsonResult.m; sourceTree = "<group>"; };
		EDF20733212173B8005B06D7 /* Simple.m */ = {isa = PBXFileReference; fileEncoding = 4; lastKnownFileType = sourcecode.c.objc; path = Simple.m; sourceTree = "<group>"; };
		EDF20734212173B9005B06D7 /* Advanced.m */ = {isa = PBXFileReference; fileEncoding = 4; lastKnownFileType = sourcecode.c.objc; path = Advanced.m; sourceTree = "<group>"; };
		EDFE073B1F375E3C00960AF2 /* DictionaryUtility.h */ = {isa = PBXFileReference; fileEncoding = 4; lastKnownFileType = sourcecode.c.h; name = DictionaryUtility.h; path = Utility/DictionaryUtility.h; sourceTree = "<group>"; };
		EDFE073C1F375E3C00960AF2 /* DictionaryUtility.m */ = {isa = PBXFileReference; fileEncoding = 4; lastKnownFileType = sourcecode.c.objc; name = DictionaryUtility.m; path = Utility/DictionaryUtility.m; sourceTree = "<group>"; };
		FBB68CFBE135C2F6BDF61340 /* Pods-ooniprobe.release.xcconfig */ = {isa = PBXFileReference; includeInIndex = 1; lastKnownFileType = text.xcconfig; name = "Pods-ooniprobe.release.xcconfig"; path = "Pods/Target Support Files/Pods-ooniprobe/Pods-ooniprobe.release.xcconfig"; sourceTree = "<group>"; };
/* End PBXFileReference section */

/* Begin PBXFrameworksBuildPhase section */
		17E7EDB221BFEDD1001961C7 /* Frameworks */ = {
			isa = PBXFrameworksBuildPhase;
			buildActionMask = 2147483647;
			files = (
			);
			runOnlyForDeploymentPostprocessing = 0;
		};
		D4A2F5D61A6C3244001B8460 /* Frameworks */ = {
			isa = PBXFrameworksBuildPhase;
			buildActionMask = 2147483647;
			files = (
				ED3582321FE948580078CCEE /* libsqlite3.tbd in Frameworks */,
				C8F0F5BCD132FD1482C9804A /* libPods-ooniprobe.a in Frameworks */,
			);
			runOnlyForDeploymentPostprocessing = 0;
		};
/* End PBXFrameworksBuildPhase section */

/* Begin PBXGroup section */
		17E7EDB621BFEDD1001961C7 /* OONIProbeUITests */ = {
			isa = PBXGroup;
			children = (
				17E7EDBF21BFEE0C001961C7 /* SnapshotHelper.swift */,
				17E7EDB721BFEDD1001961C7 /* OONIProbeUITests.swift */,
				17E7EDB921BFEDD1001961C7 /* Info.plist */,
			);
			path = OONIProbeUITests;
			sourceTree = "<group>";
		};
		D4A2F5D01A6C3244001B8460 = {
			isa = PBXGroup;
			children = (
				D4A2F5DB1A6C3244001B8460 /* ooniprobe */,
				17E7EDB621BFEDD1001961C7 /* OONIProbeUITests */,
				D4A2F5DA1A6C3244001B8460 /* Products */,
				F7A9F2287FABB1ABA8598B6C /* Pods */,
				F4F15431D4412F561191270F /* Frameworks */,
			);
			sourceTree = "<group>";
		};
		D4A2F5DA1A6C3244001B8460 /* Products */ = {
			isa = PBXGroup;
			children = (
				D4A2F5D91A6C3244001B8460 /* ooniprobe.app */,
				17E7EDB521BFEDD1001961C7 /* OONIProbeUITests.xctest */,
			);
			name = Products;
			sourceTree = "<group>";
		};
		D4A2F5DB1A6C3244001B8460 /* ooniprobe */ = {
			isa = PBXGroup;
			children = (
				EDBCB08E1FD5BD7E00FA4838 /* Storyboards */,
				ED62AB9E1ED5B75100778249 /* ooniprobe.entitlements */,
				ED58E8C71D0C625300C74F10 /* Utility */,
				ED25281F1CEA353A0073A29B /* View */,
				EDD8EECE202D7956008439B1 /* TestClasses */,
				ED25280F1CEA34DA0073A29B /* Model */,
				D4A2F62D1A6C33F7001B8460 /* Resources */,
				D4A2F5E01A6C3244001B8460 /* AppDelegate.h */,
				D4A2F5E11A6C3244001B8460 /* AppDelegate.mm */,
				ED4D60541A7162C400777275 /* Localizable.strings */,
				D4A2F5E91A6C3244001B8460 /* Images.xcassets */,
				D4A2F5EB1A6C3244001B8460 /* LaunchScreen.xib */,
				D4A2F5DC1A6C3244001B8460 /* Supporting Files */,
			);
			path = ooniprobe;
			sourceTree = "<group>";
		};
		D4A2F5DC1A6C3244001B8460 /* Supporting Files */ = {
			isa = PBXGroup;
			children = (
				EDCB9D901CB3F9ED00BBA3BC /* DefaultPreferences.plist */,
				D4A2F5DD1A6C3244001B8460 /* Info.plist */,
				D4A2F5DE1A6C3244001B8460 /* main.m */,
				EDA22FFB1DD5D39000BD8708 /* PrefixHeader.pch */,
				ED997D0B207BCEE400C97B1F /* Strings.plist */,
				ED614793213DABDE00F35E07 /* Tests.plist */,
				ED163CE0209C7B880052FB46 /* Airports.plist */,
			);
			name = "Supporting Files";
			sourceTree = "<group>";
		};
		D4A2F62D1A6C33F7001B8460 /* Resources */ = {
			isa = PBXGroup;
			children = (
				EDC2C9EA1FD9939A00FF01D3 /* anim */,
				EDBCB0871FD5B06C00FA4838 /* fonts */,
				ED3AB32E1D2337920061F266 /* GeoIP.dat */,
				ED3AB32F1D2337920061F266 /* GeoIPASNum.dat */,
				EDC77B24218A04C500326C8F /* asn.mmdb */,
				EDC77B25218A04C500326C8F /* ca-bundle.pem */,
				EDC77B23218A04C500326C8F /* country.mmdb */,
			);
			path = Resources;
			sourceTree = "<group>";
		};
		ED0A61FF200B52A300235E70 /* OONIRun */ = {
			isa = PBXGroup;
			children = (
				ED1F33601EFD552F00B42FEC /* BrowserViewController.h */,
				ED1F33611EFD552F00B42FEC /* BrowserViewController.m */,
				ED53842021597E950078C5C6 /* OoniRunViewController.h */,
				ED53842121597E950078C5C6 /* OoniRunViewController.m */,
			);
			path = OONIRun;
			sourceTree = "<group>";
		};
		ED0A6202200B533800235E70 /* Notifications */ = {
			isa = PBXGroup;
			children = (
				ED62AB9B1ED5B70500778249 /* Reachability.h */,
				ED62AB9C1ED5B70500778249 /* Reachability.m */,
				ED76A7881EF166F2004D9B5E /* ReachabilityManager.h */,
				ED76A7891EF166F3004D9B5E /* ReachabilityManager.mm */,
				EDD101BC1EE801F00044E390 /* NotificationService.h */,
				EDD101BD1EE801F00044E390 /* NotificationService.mm */,
			);
			path = Notifications;
			sourceTree = "<group>";
		};
		ED0D8D6D201866D8003DDF23 /* RunTest */ = {
			isa = PBXGroup;
			children = (
				ED1CC80020159D970041089A /* TestRunningViewController.h */,
				ED1CC80120159D970041089A /* TestRunningViewController.mm */,
				ED0D8D6E20186742003DDF23 /* TestOverviewViewController.h */,
				ED0D8D6F20186742003DDF23 /* TestOverviewViewController.m */,
			);
			path = RunTest;
			sourceTree = "<group>";
		};
		ED25280F1CEA34DA0073A29B /* Model */ = {
			isa = PBXGroup;
			children = (
				ED90A91A2198DE5000204B46 /* Database */,
				ED90A9232198DE5000204B46 /* Settings */,
				EDB252A120FA46DA00B4EDE4 /* JsonResult */,
			);
			name = Model;
			sourceTree = "<group>";
		};
		ED25281F1CEA353A0073A29B /* View */ = {
			isa = PBXGroup;
			children = (
				ED58CF781FEBB9A900E3C415 /* DashboardTableViewController.h */,
				ED58CF791FEBB9A900E3C415 /* DashboardTableViewController.m */,
				EDB6F9B62023524500BDCB0B /* TestResults */,
				ED0D8D6D201866D8003DDF23 /* RunTest */,
				EDDB0B5E1FFF3A5A00EFD9C8 /* TabsViewController.h */,
				EDDB0B5D1FFF3A5A00EFD9C8 /* TabsViewController.m */,
				ED0A61FF200B52A300235E70 /* OONIRun */,
				EDDB0B561FFF32B900EFD9C8 /* Settings */,
				EDDB0B631FFF6C8B00EFD9C8 /* Onboarding */,
			);
			path = View;
			sourceTree = "<group>";
		};
		ED3AE9ED20341C5600DAAF36 /* Headers */ = {
			isa = PBXGroup;
			children = (
				ED3AE9EE20341C8600DAAF36 /* ResultsHeaderViewController.h */,
				ED3AE9EF20341C8600DAAF36 /* ResultsHeaderViewController.m */,
				EDB6F9B72023526300BDCB0B /* HeaderSwipeViewController.h */,
				EDB6F9B82023526300BDCB0B /* HeaderSwipeViewController.m */,
				EDB6F9BA202352D000BDCB0B /* Header1ViewController.h */,
				EDB6F9BB202352D000BDCB0B /* Header1ViewController.m */,
				ED55C0C7203BD52900738260 /* Header1MBViewController.h */,
				ED55C0C8203BD52900738260 /* Header1MBViewController.m */,
				EDB6F9BD202352DC00BDCB0B /* Header2ViewController.h */,
				EDB6F9BE202352DC00BDCB0B /* Header2ViewController.m */,
				EDCD73D02180F014003B56D9 /* Header3ViewController.h */,
				EDCD73D12180F014003B56D9 /* Header3ViewController.m */,
			);
			path = Headers;
			sourceTree = "<group>";
		};
		ED58E8C71D0C625300C74F10 /* Utility */ = {
			isa = PBXGroup;
			children = (
				ED90A8FC2198AFEB00204B46 /* mkall */,
				ED0A6202200B533800235E70 /* Notifications */,
				ED70D5001FE7F65700759463 /* GUI */,
				ED49509B1F951F1D00344E42 /* MessageUtility.h */,
				ED49509C1F951F1D00344E42 /* MessageUtility.m */,
				EDFE073B1F375E3C00960AF2 /* DictionaryUtility.h */,
				EDFE073C1F375E3C00960AF2 /* DictionaryUtility.m */,
				ED5F8A281F77C4AA0093C8F5 /* VersionUtility.h */,
				ED5F8A291F77C4AA0093C8F5 /* VersionUtility.m */,
				ED58CF7C1FEBBE2800E3C415 /* TestUtility.h */,
				ED58CF7D1FEBBE2800E3C415 /* TestUtility.mm */,
				EDDB0B531FFF2C5300EFD9C8 /* SettingsUtility.h */,
				EDDB0B541FFF2C5300EFD9C8 /* SettingsUtility.mm */,
				ED997D08207BB7C400C97B1F /* LocalizationUtility.h */,
				ED997D09207BB7C400C97B1F /* LocalizationUtility.m */,
				EDA7645F2153090800C24688 /* NSDictionary+Safety.h */,
				EDA7645E2153090800C24688 /* NSDictionary+Safety.m */,
			);
			name = Utility;
			sourceTree = "<group>";
		};
		ED70D5001FE7F65700759463 /* GUI */ = {
			isa = PBXGroup;
			children = (
				ED0D35BC1DD72824005C863F /* RunButton.h */,
				ED0D35BD1DD72824005C863F /* RunButton.m */,
				ED1CC7FD20158D630041089A /* ConfigureButton.h */,
				ED1CC7FE20158D630041089A /* ConfigureButton.m */,
				EDB6BE81202C523500A0CFEF /* UIColor+Hexadecimal.h */,
				EDB6BE82202C523500A0CFEF /* UIColor+Hexadecimal.m */,
				ED209668209791C40028BEA3 /* PaddingLabel.h */,
				ED209669209791C40028BEA3 /* PaddingLabel.m */,
			);
			path = GUI;
			sourceTree = "<group>";
		};
		ED90A8FC2198AFEB00204B46 /* mkall */ = {
			isa = PBXGroup;
			children = (
				ED90A8FD2198AFEB00204B46 /* MKUtil.h */,
				ED90A8FE2198AFEB00204B46 /* MKTask.mm */,
				ED90A8FF2198AFEB00204B46 /* MKGeoIPLookup.h */,
				ED90A9012198AFEB00204B46 /* MKGeoIPLookup.mm */,
				ED90A90C2198AFEB00204B46 /* MKOrchestra.h */,
				ED90A9002198AFEB00204B46 /* MKOrchestra.mm */,
				ED90A90A2198AFEB00204B46 /* MKTask.h */,
				ED90A9022198AFEB00204B46 /* MKResources.h */,
				ED90A90B2198AFEB00204B46 /* MKResources.m */,
			);
			name = mkall;
			path = Utility/mkall;
			sourceTree = "<group>";
		};
		ED90A91A2198DE5000204B46 /* Database */ = {
			isa = PBXGroup;
			children = (
				ED90A91B2198DE5000204B46 /* Network.m */,
				ED90A91C2198DE5000204B46 /* Result.mm */,
				ED90A91D2198DE5000204B46 /* Url.mm */,
				ED90A91E2198DE5000204B46 /* Result.h */,
				ED90A91F2198DE5000204B46 /* Network.h */,
				ED90A9202198DE5000204B46 /* Measurement.h */,
				ED90A9212198DE5000204B46 /* Url.h */,
				ED90A9222198DE5000204B46 /* Measurement.mm */,
			);
			name = Database;
			path = Model/Database;
			sourceTree = "<group>";
		};
		ED90A9232198DE5000204B46 /* Settings */ = {
			isa = PBXGroup;
			children = (
				ED90A9242198DE5000204B46 /* Settings.h */,
				ED90A9262198DE5000204B46 /* Settings.m */,
				ED90A9252198DE5000204B46 /* Options.h */,
				ED90A9272198DE5000204B46 /* Options.m */,
			);
			name = Settings;
			path = Model/Settings;
			sourceTree = "<group>";
		};
		EDB252A120FA46DA00B4EDE4 /* JsonResult */ = {
			isa = PBXGroup;
			children = (
				EDB252A320FA46DA00B4EDE4 /* JsonResult.h */,
				EDF2073121217340005B06D7 /* JsonResult.m */,
				EDB252A220FA46DA00B4EDE4 /* TestKeys.h */,
				EDB252A520FA46DA00B4EDE4 /* TestKeys.m */,
				EDB252A820FA4D4F00B4EDE4 /* Tampering.h */,
				EDB252A920FA4D4F00B4EDE4 /* Tampering.m */,
				EDF2072B2120EF12005B06D7 /* Simple.h */,
				EDF20733212173B8005B06D7 /* Simple.m */,
				EDF2072E2120EF29005B06D7 /* Advanced.h */,
				EDF20734212173B9005B06D7 /* Advanced.m */,
				ED53841A2159757D0078C5C6 /* EventResult.h */,
				ED53841B2159757D0078C5C6 /* EventResult.m */,
				ED53841D215975A70078C5C6 /* Value.h */,
				ED53841E215975A70078C5C6 /* Value.m */,
			);
			name = JsonResult;
			path = Model/JsonResult;
			sourceTree = "<group>";
		};
		EDB6F9B62023524500BDCB0B /* TestResults */ = {
			isa = PBXGroup;
			children = (
				EDDBDFB52086900200A170BD /* Details */,
				EDBBB2DC203D2ED400B84F6F /* Rows */,
				ED3AE9ED20341C5600DAAF36 /* Headers */,
				EDDB0B4E1FFD320000EFD9C8 /* TestResultsTableViewController.h */,
				EDDB0B4F1FFD320000EFD9C8 /* TestResultsTableViewController.m */,
				ED345F4D2024085E00F8DFF3 /* TestSummaryTableViewController.h */,
				ED345F4E2024085E00F8DFF3 /* TestSummaryTableViewController.m */,
				ED1EC16F204E9B61000DEB9F /* LogViewController.h */,
				ED1EC170204E9B61000DEB9F /* LogViewController.m */,
			);
			path = TestResults;
			sourceTree = "<group>";
		};
		EDBBB2DC203D2ED400B84F6F /* Rows */ = {
			isa = PBXGroup;
			children = (
				ED90A9182198B8AB00204B46 /* DashboardTableViewCell.h */,
				ED90A9172198B8AB00204B46 /* DashboardTableViewCell.m */,
				EDBBB2DD203D2EF200B84F6F /* TestResultTableViewCell.h */,
				EDBBB2DE203D2EF200B84F6F /* TestResultTableViewCell.m */,
			);
			path = Rows;
			sourceTree = "<group>";
		};
		EDBCB0871FD5B06C00FA4838 /* fonts */ = {
			isa = PBXGroup;
			children = (
				EDBCB0881FD5B06C00FA4838 /* FiraSans-Light.otf */,
				EDBCB0891FD5B06C00FA4838 /* FiraSans-LightItalic.otf */,
				EDBCB08A1FD5B06C00FA4838 /* FiraSans-Regular.otf */,
				EDBCB08B1FD5B06C00FA4838 /* FiraSans-Italic.otf */,
				EDBCB08C1FD5B06C00FA4838 /* FiraSans-SemiBold.otf */,
				EDBCB08D1FD5B06C00FA4838 /* FiraSans-SemiBoldItalic.otf */,
			);
			path = fonts;
			sourceTree = "<group>";
		};
		EDBCB08E1FD5BD7E00FA4838 /* Storyboards */ = {
			isa = PBXGroup;
			children = (
				ED58CF741FEBB77600E3C415 /* Main.storyboard */,
				EDA17B04208A37BF00D46D0F /* Dashboard.storyboard */,
				EDA17B06208A389F00D46D0F /* Result.storyboard */,
				EDBCB08F1FD5BD9B00FA4838 /* Onboarding.storyboard */,
				EDDB0B511FFD36D700EFD9C8 /* Settings.storyboard */,
				ED0A6200200B52C000235E70 /* OONIRun.storyboard */,
			);
			name = Storyboards;
			sourceTree = "<group>";
		};
		EDC2C9EA1FD9939A00FF01D3 /* anim */ = {
			isa = PBXGroup;
			children = (
				EDC2C9EB1FD9939A00FF01D3 /* crossMark.json */,
				EDC2C9EC1FD9939A00FF01D3 /* checkMark.json */,
				ED6911D720BDC0130022DCFE /* websites.json */,
				ED6911D920BDC04D0022DCFE /* instant_messaging.json */,
				EDEF0D9420BE9F28001F3E69 /* middle_boxes.json */,
				ED6911DA20BDC04D0022DCFE /* performance.json */,
			);
			path = anim;
			sourceTree = "<group>";
		};
		EDD8EECE202D7956008439B1 /* TestClasses */ = {
			isa = PBXGroup;
			children = (
				ED78B63A2042A92200C43E5C /* NetworkTest.h */,
				ED78B63C2042A92200C43E5C /* NetworkTest.mm */,
				ED78B63B2042A92200C43E5C /* MKNetworkTest.h */,
				ED78B6392042A92200C43E5C /* MKNetworkTest.mm */,
				ED163CDF209B63060052FB46 /* MKNetworkTests.h */,
				EDA9CC88209B537C0062507F /* WebConnectivity.h */,
				EDA9CC89209B537C0062507F /* WebConnectivity.mm */,
				EDA9CC8B209B538A0062507F /* HttpInvalidRequestLine.h */,
				EDA9CC8C209B538A0062507F /* HttpInvalidRequestLine.mm */,
				EDA9CC8E209B53980062507F /* HttpHeaderFieldManipulation.h */,
				EDA9CC8F209B53980062507F /* HttpHeaderFieldManipulation.mm */,
				EDA9CC91209B53A70062507F /* NdtTest.h */,
				EDA9CC92209B53A70062507F /* NdtTest.mm */,
				EDA9CC94209B53B80062507F /* Dash.h */,
				EDA9CC95209B53B80062507F /* Dash.mm */,
				EDA9CC97209B53C70062507F /* Whatsapp.h */,
				EDA9CC98209B53C70062507F /* Whatsapp.mm */,
				EDA9CC9A209B53D50062507F /* Telegram.h */,
				EDA9CC9B209B53D50062507F /* Telegram.mm */,
				EDA9CC85209B534A0062507F /* FacebookMessenger.h */,
				EDA9CC86209B534A0062507F /* FacebookMessenger.mm */,
			);
			name = TestClasses;
			sourceTree = "<group>";
		};
		EDDB0B561FFF32B900EFD9C8 /* Settings */ = {
			isa = PBXGroup;
			children = (
				EDDB0B571FFF32DA00EFD9C8 /* SettingsCategoriesTableViewController.h */,
				EDDB0B581FFF32DA00EFD9C8 /* SettingsCategoriesTableViewController.m */,
				EDDB0B5B1FFF330700EFD9C8 /* SettingsTableViewController.h */,
				EDDB0B5A1FFF330700EFD9C8 /* SettingsTableViewController.m */,
				EDDB0B601FFF509200EFD9C8 /* WebsiteCategoriesTableViewController.h */,
				EDDB0B611FFF509200EFD9C8 /* WebsiteCategoriesTableViewController.m */,
				EDB33B7D21838824002CEC34 /* CustomURLViewController.h */,
				EDB33B7C21838824002CEC34 /* CustomURLViewController.m */,
				ED3932C21E3114740064CD11 /* AboutViewController.h */,
				ED3932C31E3114740064CD11 /* AboutViewController.mm */,
			);
			name = Settings;
			sourceTree = "<group>";
		};
		EDDB0B631FFF6C8B00EFD9C8 /* Onboarding */ = {
			isa = PBXGroup;
			children = (
				EDDB0B6A1FFF6C8B00EFD9C8 /* Onboarding1ViewController.h */,
				EDDB0B711FFF6C8B00EFD9C8 /* Onboarding1ViewController.m */,
				EDDB0B651FFF6C8B00EFD9C8 /* Onboarding2ViewController.h */,
				EDDB0B6B1FFF6C8B00EFD9C8 /* Onboarding2ViewController.m */,
				EDDB0B681FFF6C8B00EFD9C8 /* Onboarding3ViewController.h */,
				EDDB0B6D1FFF6C8B00EFD9C8 /* Onboarding3ViewController.m */,
				EDDB0B661FFF6C8B00EFD9C8 /* PopQuizViewController.h */,
				EDDB0B6F1FFF6C8B00EFD9C8 /* PopQuizViewController.m */,
				EDDB0B641FFF6C8B00EFD9C8 /* WrongAnswerViewController.h */,
				EDDB0B6C1FFF6C8B00EFD9C8 /* WrongAnswerViewController.m */,
			);
			path = Onboarding;
			sourceTree = "<group>";
		};
		EDDBDFB52086900200A170BD /* Details */ = {
			isa = PBXGroup;
			children = (
				ED9D8B99207F5C4A00189FAE /* TestDetailsViewController.h */,
				ED9D8B9A207F5C4A00189FAE /* TestDetailsViewController.m */,
				ED41D8B62089E9C500543191 /* WebsitesDetailsViewController.h */,
				ED41D8B72089E9C500543191 /* WebsitesDetailsViewController.m */,
				EDA17AF3208A30E000D46D0F /* InstantMessagingDetailsViewController.h */,
				EDA17AF4208A30E000D46D0F /* InstantMessagingDetailsViewController.m */,
				EDA17AF7208A30E100D46D0F /* MiddleBoxesDetailsViewController.h */,
				EDA17AF8208A30E100D46D0F /* MiddleBoxesDetailsViewController.m */,
				EDA17AFC208A310300D46D0F /* DashDetailsViewController.h */,
				EDA17AFD208A310300D46D0F /* DashDetailsViewController.m */,
				EDA17AFF208A312C00D46D0F /* NdtDetailsViewController.h */,
				EDA17B00208A312C00D46D0F /* NdtDetailsViewController.m */,
			);
			path = Details;
			sourceTree = "<group>";
		};
		F4F15431D4412F561191270F /* Frameworks */ = {
			isa = PBXGroup;
			children = (
				ED3582311FE948580078CCEE /* libsqlite3.tbd */,
				01E11775CFCA0BB7A69035D3 /* libPods-ooniprobe.a */,
			);
			name = Frameworks;
			sourceTree = "<group>";
		};
		F7A9F2287FABB1ABA8598B6C /* Pods */ = {
			isa = PBXGroup;
			children = (
				B14D39522921C8CE117986F7 /* Pods-ooniprobe.debug.xcconfig */,
				FBB68CFBE135C2F6BDF61340 /* Pods-ooniprobe.release.xcconfig */,
			);
			name = Pods;
			sourceTree = "<group>";
		};
/* End PBXGroup section */

/* Begin PBXNativeTarget section */
		17E7EDB421BFEDD1001961C7 /* OONIProbeUITests */ = {
			isa = PBXNativeTarget;
			buildConfigurationList = 17E7EDBE21BFEDD1001961C7 /* Build configuration list for PBXNativeTarget "OONIProbeUITests" */;
			buildPhases = (
				17E7EDB121BFEDD1001961C7 /* Sources */,
				17E7EDB221BFEDD1001961C7 /* Frameworks */,
				17E7EDB321BFEDD1001961C7 /* Resources */,
			);
			buildRules = (
			);
			dependencies = (
				17E7EDBB21BFEDD1001961C7 /* PBXTargetDependency */,
			);
			name = OONIProbeUITests;
			productName = OONIProbeUITests;
			productReference = 17E7EDB521BFEDD1001961C7 /* OONIProbeUITests.xctest */;
			productType = "com.apple.product-type.bundle.ui-testing";
		};
		D4A2F5D81A6C3244001B8460 /* ooniprobe */ = {
			isa = PBXNativeTarget;
			buildConfigurationList = D4A2F5FC1A6C3244001B8460 /* Build configuration list for PBXNativeTarget "ooniprobe" */;
			buildPhases = (
				0A9C362192F615DC43FE5E8C /* [CP] Check Pods Manifest.lock */,
				D4A2F5D51A6C3244001B8460 /* Sources */,
				D4A2F5D61A6C3244001B8460 /* Frameworks */,
				D4A2F5D71A6C3244001B8460 /* Resources */,
				EDA66B691E3A23AF00DD22AC /* ShellScript */,
				0DB68370272A8F1E523AA5E2 /* [CP] Copy Pods Resources */,
			);
			buildRules = (
			);
			dependencies = (
			);
			name = ooniprobe;
			productName = NetProbe;
			productReference = D4A2F5D91A6C3244001B8460 /* ooniprobe.app */;
			productType = "com.apple.product-type.application";
		};
/* End PBXNativeTarget section */

/* Begin PBXProject section */
		D4A2F5D11A6C3244001B8460 /* Project object */ = {
			isa = PBXProject;
			attributes = {
				LastSwiftUpdateCheck = 1010;
				LastUpgradeCheck = 0900;
				ORGANIZATIONNAME = OONI;
				TargetAttributes = {
					17E7EDB421BFEDD1001961C7 = {
						CreatedOnToolsVersion = 10.1;
						DevelopmentTeam = MADPSAYN6T;
						ProvisioningStyle = Automatic;
						TestTargetID = D4A2F5D81A6C3244001B8460;
					};
					D4A2F5D81A6C3244001B8460 = {
						CreatedOnToolsVersion = 6.1.1;
						DevelopmentTeam = MADPSAYN6T;
						ProvisioningStyle = Automatic;
						SystemCapabilities = {
							com.apple.BackgroundModes = {
								enabled = 1;
							};
							com.apple.Push = {
								enabled = 1;
							};
							com.apple.SafariKeychain = {
								enabled = 1;
							};
						};
					};
				};
			};
			buildConfigurationList = D4A2F5D41A6C3244001B8460 /* Build configuration list for PBXProject "ooniprobe" */;
			compatibilityVersion = "Xcode 3.2";
			developmentRegion = English;
			hasScannedForEncodings = 0;
			knownRegions = (
				en,
				Base,
				it,
				es,
				fr,
				hi,
				ar,
				ru,
				fa,
				el,
				de,
				"zh-Hans",
				"zh-Hant",
				ja,
			);
			mainGroup = D4A2F5D01A6C3244001B8460;
			productRefGroup = D4A2F5DA1A6C3244001B8460 /* Products */;
			projectDirPath = "";
			projectRoot = "";
			targets = (
				D4A2F5D81A6C3244001B8460 /* ooniprobe */,
				17E7EDB421BFEDD1001961C7 /* OONIProbeUITests */,
			);
		};
/* End PBXProject section */

/* Begin PBXResourcesBuildPhase section */
		17E7EDB321BFEDD1001961C7 /* Resources */ = {
			isa = PBXResourcesBuildPhase;
			buildActionMask = 2147483647;
			files = (
			);
			runOnlyForDeploymentPostprocessing = 0;
		};
		D4A2F5D71A6C3244001B8460 /* Resources */ = {
			isa = PBXResourcesBuildPhase;
			buildActionMask = 2147483647;
			files = (
				EDA17B07208A389F00D46D0F /* Result.storyboard in Resources */,
				EDC2C9DF1FD8061400FF01D3 /* FiraSans-Light.otf in Resources */,
				EDC2C9E01FD8061400FF01D3 /* FiraSans-LightItalic.otf in Resources */,
				ED6911D820BDC0130022DCFE /* websites.json in Resources */,
				EDC77B28218A04C500326C8F /* ca-bundle.pem in Resources */,
				ED6911DB20BDC04D0022DCFE /* instant_messaging.json in Resources */,
				EDC2C9E11FD8061400FF01D3 /* FiraSans-Regular.otf in Resources */,
				ED163CE1209C7B880052FB46 /* Airports.plist in Resources */,
				ED614794213DABDE00F35E07 /* Tests.plist in Resources */,
				EDA17B05208A37BF00D46D0F /* Dashboard.storyboard in Resources */,
				EDC2C9E21FD8061400FF01D3 /* FiraSans-Italic.otf in Resources */,
				ED6911DC20BDC04D0022DCFE /* performance.json in Resources */,
				EDC2C9E31FD8061400FF01D3 /* FiraSans-SemiBold.otf in Resources */,
				EDC2C9EE1FD9947E00FF01D3 /* checkMark.json in Resources */,
				EDC2C9E41FD8061400FF01D3 /* FiraSans-SemiBoldItalic.otf in Resources */,
				EDC77B26218A04C500326C8F /* country.mmdb in Resources */,
				ED3AB3311D2337920061F266 /* GeoIP.dat in Resources */,
				ED0A6201200B52C000235E70 /* OONIRun.storyboard in Resources */,
				EDDB0B521FFD36D700EFD9C8 /* Settings.storyboard in Resources */,
				EDBCB0901FD5BD9B00FA4838 /* Onboarding.storyboard in Resources */,
				EDC77B27218A04C500326C8F /* asn.mmdb in Resources */,
				ED58CF751FEBB77700E3C415 /* Main.storyboard in Resources */,
				EDCB9D911CB3F9ED00BBA3BC /* DefaultPreferences.plist in Resources */,
				D4A2F5ED1A6C3244001B8460 /* LaunchScreen.xib in Resources */,
				EDEF0D9520BE9F28001F3E69 /* middle_boxes.json in Resources */,
				ED3AB3321D2337920061F266 /* GeoIPASNum.dat in Resources */,
				EDC2C9ED1FD9947B00FF01D3 /* crossMark.json in Resources */,
				ED4D60561A7162C400777275 /* Localizable.strings in Resources */,
				ED997D0C207BCEE400C97B1F /* Strings.plist in Resources */,
				D4A2F5EA1A6C3244001B8460 /* Images.xcassets in Resources */,
			);
			runOnlyForDeploymentPostprocessing = 0;
		};
/* End PBXResourcesBuildPhase section */

/* Begin PBXShellScriptBuildPhase section */
		0A9C362192F615DC43FE5E8C /* [CP] Check Pods Manifest.lock */ = {
			isa = PBXShellScriptBuildPhase;
			buildActionMask = 2147483647;
			files = (
			);
			inputPaths = (
				"${PODS_PODFILE_DIR_PATH}/Podfile.lock",
				"${PODS_ROOT}/Manifest.lock",
			);
			name = "[CP] Check Pods Manifest.lock";
			outputPaths = (
				"$(DERIVED_FILE_DIR)/Pods-ooniprobe-checkManifestLockResult.txt",
			);
			runOnlyForDeploymentPostprocessing = 0;
			shellPath = /bin/sh;
			shellScript = "diff \"${PODS_PODFILE_DIR_PATH}/Podfile.lock\" \"${PODS_ROOT}/Manifest.lock\" > /dev/null\nif [ $? != 0 ] ; then\n    # print error to STDERR\n    echo \"error: The sandbox is not in sync with the Podfile.lock. Run 'pod install' or update your CocoaPods installation.\" >&2\n    exit 1\nfi\n# This output is used by Xcode 'outputs' to avoid re-running this script phase.\necho \"SUCCESS\" > \"${SCRIPT_OUTPUT_FILE_0}\"\n";
			showEnvVarsInLog = 0;
		};
		0DB68370272A8F1E523AA5E2 /* [CP] Copy Pods Resources */ = {
			isa = PBXShellScriptBuildPhase;
			buildActionMask = 2147483647;
			files = (
			);
			inputPaths = (
				"${SRCROOT}/Pods/Target Support Files/Pods-ooniprobe/Pods-ooniprobe-resources.sh",
				"${PODS_ROOT}/DateTools/DateTools/DateTools/DateTools.bundle",
			);
			name = "[CP] Copy Pods Resources";
			outputPaths = (
				"${TARGET_BUILD_DIR}/${UNLOCALIZED_RESOURCES_FOLDER_PATH}/DateTools.bundle",
			);
			runOnlyForDeploymentPostprocessing = 0;
			shellPath = /bin/sh;
			shellScript = "\"${SRCROOT}/Pods/Target Support Files/Pods-ooniprobe/Pods-ooniprobe-resources.sh\"\n";
			showEnvVarsInLog = 0;
		};
		EDA66B691E3A23AF00DD22AC /* ShellScript */ = {
			isa = PBXShellScriptBuildPhase;
			buildActionMask = 2147483647;
			files = (
			);
			inputPaths = (
			);
			outputPaths = (
			);
			runOnlyForDeploymentPostprocessing = 0;
			shellPath = /bin/sh;
			shellScript = "\"${PODS_ROOT}/Fabric/run\" 529a3ff33bd5359fe86c53f6252035178bdb03a1 86750672d61af87e007dc755cb420380fa7027b48ac0c9cc5464d5231846dab8\n";
		};
/* End PBXShellScriptBuildPhase section */

/* Begin PBXSourcesBuildPhase section */
		17E7EDB121BFEDD1001961C7 /* Sources */ = {
			isa = PBXSourcesBuildPhase;
			buildActionMask = 2147483647;
			files = (
				17E7EDB821BFEDD1001961C7 /* OONIProbeUITests.swift in Sources */,
				17E7EDC021BFEE0C001961C7 /* SnapshotHelper.swift in Sources */,
			);
			runOnlyForDeploymentPostprocessing = 0;
		};
		D4A2F5D51A6C3244001B8460 /* Sources */ = {
			isa = PBXSourcesBuildPhase;
			buildActionMask = 2147483647;
			files = (
				EDA9CC96209B53B80062507F /* Dash.mm in Sources */,
				ED1CC80220159D970041089A /* TestRunningViewController.mm in Sources */,
				ED90A92C2198DE5100204B46 /* Settings.m in Sources */,
				ED90A9192198B8AB00204B46 /* DashboardTableViewCell.m in Sources */,
				EDD101BE1EE801F00044E390 /* NotificationService.mm in Sources */,
				EDA17B01208A312C00D46D0F /* NdtDetailsViewController.m in Sources */,
				EDF20736212173B9005B06D7 /* Advanced.m in Sources */,
				EDDB0B551FFF2C5300EFD9C8 /* SettingsUtility.mm in Sources */,
				EDA764602153090800C24688 /* NSDictionary+Safety.m in Sources */,
				ED90A9292198DE5100204B46 /* Result.mm in Sources */,
				ED0D8D7020186742003DDF23 /* TestOverviewViewController.m in Sources */,
				D4A2F5E21A6C3244001B8460 /* AppDelegate.mm in Sources */,
				ED1EC171204E9B61000DEB9F /* LogViewController.m in Sources */,
				EDB6F9BF202352DC00BDCB0B /* Header2ViewController.m in Sources */,
				EDB6BE83202C523500A0CFEF /* UIColor+Hexadecimal.m in Sources */,
				EDB6F9BC202352D000BDCB0B /* Header1ViewController.m in Sources */,
				EDDB0B501FFD320000EFD9C8 /* TestResultsTableViewController.m in Sources */,
				ED90A92A2198DE5100204B46 /* Url.mm in Sources */,
				ED9D8B9B207F5C4A00189FAE /* TestDetailsViewController.m in Sources */,
				ED76A78A1EF166F3004D9B5E /* ReachabilityManager.mm in Sources */,
				EDDB0B5C1FFF330800EFD9C8 /* SettingsTableViewController.m in Sources */,
				EDDB0B771FFF6C8B00EFD9C8 /* PopQuizViewController.m in Sources */,
				EDA9CC87209B534A0062507F /* FacebookMessenger.mm in Sources */,
				EDBBB2DF203D2EF200B84F6F /* TestResultTableViewCell.m in Sources */,
				ED90A92D2198DE5100204B46 /* Options.m in Sources */,
				ED53841C2159757D0078C5C6 /* EventResult.m in Sources */,
				D4A2F5DF1A6C3244001B8460 /* main.m in Sources */,
				ED90A90E2198AFEB00204B46 /* MKOrchestra.mm in Sources */,
				EDA9CC90209B53980062507F /* HttpHeaderFieldManipulation.mm in Sources */,
				ED5F8A2A1F77C4AA0093C8F5 /* VersionUtility.m in Sources */,
				EDDB0B741FFF6C8B00EFD9C8 /* Onboarding2ViewController.m in Sources */,
				EDB6F9B92023526300BDCB0B /* HeaderSwipeViewController.m in Sources */,
				EDA17AFE208A310300D46D0F /* DashDetailsViewController.m in Sources */,
				EDA9CC8A209B537C0062507F /* WebConnectivity.mm in Sources */,
				ED90A92B2198DE5100204B46 /* Measurement.mm in Sources */,
				EDA9CC9C209B53D50062507F /* Telegram.mm in Sources */,
				ED78B63D2042A92200C43E5C /* MKNetworkTest.mm in Sources */,
				EDDB0B751FFF6C8B00EFD9C8 /* WrongAnswerViewController.m in Sources */,
				EDB252AA20FA4D4F00B4EDE4 /* Tampering.m in Sources */,
				ED0D35BE1DD72825005C863F /* RunButton.m in Sources */,
				ED49509D1F951F1E00344E42 /* MessageUtility.m in Sources */,
				ED62AB9D1ED5B70500778249 /* Reachability.m in Sources */,
				EDDB0B621FFF509200EFD9C8 /* WebsiteCategoriesTableViewController.m in Sources */,
				ED997D0A207BB7C400C97B1F /* LocalizationUtility.m in Sources */,
				ED55C0C9203BD52900738260 /* Header1MBViewController.m in Sources */,
				EDA9CC93209B53A70062507F /* NdtTest.mm in Sources */,
				ED90A9282198DE5100204B46 /* Network.m in Sources */,
				EDA9CC8D209B538A0062507F /* HttpInvalidRequestLine.mm in Sources */,
				ED41D8B82089E9C500543191 /* WebsitesDetailsViewController.m in Sources */,
				ED3AE9F020341C8600DAAF36 /* ResultsHeaderViewController.m in Sources */,
				EDDB0B761FFF6C8B00EFD9C8 /* Onboarding3ViewController.m in Sources */,
				EDB33B7E21838824002CEC34 /* CustomURLViewController.m in Sources */,
				ED345F4F2024085E00F8DFF3 /* TestSummaryTableViewController.m in Sources */,
				EDDB0B5F1FFF3A5A00EFD9C8 /* TabsViewController.m in Sources */,
				ED53841F215975A70078C5C6 /* Value.m in Sources */,
				ED90A90D2198AFEB00204B46 /* MKTask.mm in Sources */,
				EDA17AFB208A30E100D46D0F /* MiddleBoxesDetailsViewController.m in Sources */,
				ED1CC7FF20158D630041089A /* ConfigureButton.m in Sources */,
				ED3932C41E3114740064CD11 /* AboutViewController.mm in Sources */,
				ED58CF7E1FEBBE2800E3C415 /* TestUtility.mm in Sources */,
				EDDB0B781FFF6C8B00EFD9C8 /* Onboarding1ViewController.m in Sources */,
				EDA9CC99209B53C70062507F /* Whatsapp.mm in Sources */,
				EDCD73D22180F014003B56D9 /* Header3ViewController.m in Sources */,
				ED20966A209791C40028BEA3 /* PaddingLabel.m in Sources */,
				ED90A9162198AFEB00204B46 /* MKResources.m in Sources */,
				ED78B63E2042A92200C43E5C /* NetworkTest.mm in Sources */,
				EDFE073D1F375E3C00960AF2 /* DictionaryUtility.m in Sources */,
				ED58CF7A1FEBB9A900E3C415 /* DashboardTableViewController.m in Sources */,
				ED53842221597E950078C5C6 /* OoniRunViewController.m in Sources */,
				ED1F33621EFD552F00B42FEC /* BrowserViewController.m in Sources */,
				EDF2073221217340005B06D7 /* JsonResult.m in Sources */,
				EDDB0B591FFF32DA00EFD9C8 /* SettingsCategoriesTableViewController.m in Sources */,
				EDF20735212173B9005B06D7 /* Simple.m in Sources */,
				EDA17AF9208A30E100D46D0F /* InstantMessagingDetailsViewController.m in Sources */,
				ED90A90F2198AFEB00204B46 /* MKGeoIPLookup.mm in Sources */,
				EDB252A720FA46DB00B4EDE4 /* TestKeys.m in Sources */,
			);
			runOnlyForDeploymentPostprocessing = 0;
		};
/* End PBXSourcesBuildPhase section */

/* Begin PBXTargetDependency section */
		17E7EDBB21BFEDD1001961C7 /* PBXTargetDependency */ = {
			isa = PBXTargetDependency;
			target = D4A2F5D81A6C3244001B8460 /* ooniprobe */;
			targetProxy = 17E7EDBA21BFEDD1001961C7 /* PBXContainerItemProxy */;
		};
/* End PBXTargetDependency section */

/* Begin PBXVariantGroup section */
		D4A2F5EB1A6C3244001B8460 /* LaunchScreen.xib */ = {
			isa = PBXVariantGroup;
			children = (
				D4A2F5EC1A6C3244001B8460 /* Base */,
			);
			name = LaunchScreen.xib;
			sourceTree = "<group>";
		};
		ED4D60541A7162C400777275 /* Localizable.strings */ = {
			isa = PBXVariantGroup;
			children = (
				ED4D60551A7162C400777275 /* Base */,
				ED459A291E5E0EB900EAE084 /* it */,
				ED459A2A1E5E0EC000EAE084 /* es */,
				ED459A2B1E5E124100EAE084 /* fr */,
				EDB2B7F71E7C5B8F0008A414 /* hi */,
				ED3A2C761E87E87900419270 /* ar */,
				ED8569581EB146B500D435EB /* ru */,
				ED8569591EB146C200D435EB /* fa */,
				ED85695A1EBA227D00D435EB /* el */,
				ED3B5F8C1F0BAC54007CE2AF /* de */,
				ED3B5F8D1F0BC991007CE2AF /* zh-Hans */,
				ED3B5F8E1F0BC997007CE2AF /* zh-Hant */,
				ED4761761F2A850B0008ED87 /* ja */,
			);
			name = Localizable.strings;
			sourceTree = "<group>";
		};
/* End PBXVariantGroup section */

/* Begin XCBuildConfiguration section */
		17E7EDBC21BFEDD1001961C7 /* Debug */ = {
			isa = XCBuildConfiguration;
			buildSettings = {
				CLANG_ANALYZER_NONNULL = YES;
				CLANG_ANALYZER_NUMBER_OBJECT_CONVERSION = YES_AGGRESSIVE;
				CLANG_CXX_LANGUAGE_STANDARD = "gnu++14";
				CLANG_ENABLE_OBJC_WEAK = YES;
				CLANG_WARN_DEPRECATED_OBJC_IMPLEMENTATIONS = YES;
				CLANG_WARN_DOCUMENTATION_COMMENTS = YES;
				CLANG_WARN_OBJC_IMPLICIT_RETAIN_SELF = YES;
				CLANG_WARN_UNGUARDED_AVAILABILITY = YES_AGGRESSIVE;
				CODE_SIGN_IDENTITY = "iPhone Developer";
				CODE_SIGN_STYLE = Automatic;
				DEBUG_INFORMATION_FORMAT = dwarf;
				DEVELOPMENT_TEAM = MADPSAYN6T;
				GCC_C_LANGUAGE_STANDARD = gnu11;
				INFOPLIST_FILE = OONIProbeUITests/Info.plist;
				IPHONEOS_DEPLOYMENT_TARGET = 12.1;
				LD_RUNPATH_SEARCH_PATHS = "$(inherited) @executable_path/Frameworks @loader_path/Frameworks";
				MTL_ENABLE_DEBUG_INFO = INCLUDE_SOURCE;
				MTL_FAST_MATH = YES;
				PRODUCT_BUNDLE_IDENTIFIER = org.openobservatory.OONIProbeUITests;
				PRODUCT_NAME = "$(TARGET_NAME)";
				SWIFT_ACTIVE_COMPILATION_CONDITIONS = DEBUG;
				SWIFT_OPTIMIZATION_LEVEL = "-Onone";
				SWIFT_VERSION = 4.2;
				TARGETED_DEVICE_FAMILY = "1,2";
				TEST_TARGET_NAME = ooniprobe;
				VALID_ARCHS = "arm64 armv7 armv7s";
			};
			name = Debug;
		};
		17E7EDBD21BFEDD1001961C7 /* Release */ = {
			isa = XCBuildConfiguration;
			buildSettings = {
				CLANG_ANALYZER_NONNULL = YES;
				CLANG_ANALYZER_NUMBER_OBJECT_CONVERSION = YES_AGGRESSIVE;
				CLANG_CXX_LANGUAGE_STANDARD = "gnu++14";
				CLANG_ENABLE_OBJC_WEAK = YES;
				CLANG_WARN_DEPRECATED_OBJC_IMPLEMENTATIONS = YES;
				CLANG_WARN_DOCUMENTATION_COMMENTS = YES;
				CLANG_WARN_OBJC_IMPLICIT_RETAIN_SELF = YES;
				CLANG_WARN_UNGUARDED_AVAILABILITY = YES_AGGRESSIVE;
				CODE_SIGN_IDENTITY = "iPhone Developer";
				CODE_SIGN_STYLE = Automatic;
				COPY_PHASE_STRIP = NO;
				DEBUG_INFORMATION_FORMAT = "dwarf-with-dsym";
				DEVELOPMENT_TEAM = MADPSAYN6T;
				GCC_C_LANGUAGE_STANDARD = gnu11;
				INFOPLIST_FILE = OONIProbeUITests/Info.plist;
				IPHONEOS_DEPLOYMENT_TARGET = 12.1;
				LD_RUNPATH_SEARCH_PATHS = "$(inherited) @executable_path/Frameworks @loader_path/Frameworks";
				MTL_FAST_MATH = YES;
				PRODUCT_BUNDLE_IDENTIFIER = org.openobservatory.OONIProbeUITests;
				PRODUCT_NAME = "$(TARGET_NAME)";
				SWIFT_OPTIMIZATION_LEVEL = "-Owholemodule";
				SWIFT_VERSION = 4.2;
				TARGETED_DEVICE_FAMILY = "1,2";
				TEST_TARGET_NAME = ooniprobe;
				VALID_ARCHS = "arm64 armv7 armv7s";
			};
			name = Release;
		};
		D4A2F5FA1A6C3244001B8460 /* Debug */ = {
			isa = XCBuildConfiguration;
			buildSettings = {
				ALWAYS_SEARCH_USER_PATHS = NO;
				CLANG_ANALYZER_LOCALIZABILITY_NONLOCALIZED = YES;
				CLANG_CXX_LANGUAGE_STANDARD = "gnu++0x";
				CLANG_CXX_LIBRARY = "libc++";
				CLANG_ENABLE_MODULES = YES;
				CLANG_ENABLE_OBJC_ARC = YES;
				CLANG_WARN_BLOCK_CAPTURE_AUTORELEASING = YES;
				CLANG_WARN_BOOL_CONVERSION = YES;
				CLANG_WARN_COMMA = YES;
				CLANG_WARN_CONSTANT_CONVERSION = YES;
				CLANG_WARN_DIRECT_OBJC_ISA_USAGE = YES_ERROR;
				CLANG_WARN_EMPTY_BODY = YES;
				CLANG_WARN_ENUM_CONVERSION = YES;
				CLANG_WARN_INFINITE_RECURSION = YES;
				CLANG_WARN_INT_CONVERSION = YES;
				CLANG_WARN_NON_LITERAL_NULL_CONVERSION = YES;
				CLANG_WARN_OBJC_LITERAL_CONVERSION = YES;
				CLANG_WARN_OBJC_ROOT_CLASS = YES_ERROR;
				CLANG_WARN_RANGE_LOOP_ANALYSIS = YES;
				CLANG_WARN_STRICT_PROTOTYPES = YES;
				CLANG_WARN_SUSPICIOUS_MOVE = YES;
				CLANG_WARN_UNREACHABLE_CODE = YES;
				CLANG_WARN__DUPLICATE_METHOD_MATCH = YES;
				CODE_SIGN_IDENTITY = "iPhone Developer: Lorenzo Primiterra (XUC4X5K526)";
				"CODE_SIGN_IDENTITY[sdk=iphoneos*]" = "iPhone Developer: Lorenzo Primiterra (XUC4X5K526)";
				COPY_PHASE_STRIP = NO;
				ENABLE_STRICT_OBJC_MSGSEND = YES;
				ENABLE_TESTABILITY = YES;
				GCC_C_LANGUAGE_STANDARD = gnu99;
				GCC_DYNAMIC_NO_PIC = NO;
				GCC_NO_COMMON_BLOCKS = YES;
				GCC_OPTIMIZATION_LEVEL = 0;
				GCC_PREPROCESSOR_DEFINITIONS = (
					"DEBUG=1",
					"$(inherited)",
				);
				GCC_SYMBOLS_PRIVATE_EXTERN = NO;
				GCC_WARN_64_TO_32_BIT_CONVERSION = YES;
				GCC_WARN_ABOUT_RETURN_TYPE = YES_ERROR;
				GCC_WARN_UNDECLARED_SELECTOR = YES;
				GCC_WARN_UNINITIALIZED_AUTOS = YES_AGGRESSIVE;
				GCC_WARN_UNUSED_FUNCTION = YES;
				GCC_WARN_UNUSED_VARIABLE = YES;
				IPHONEOS_DEPLOYMENT_TARGET = 9.1;
				MTL_ENABLE_DEBUG_INFO = YES;
				ONLY_ACTIVE_ARCH = YES;
				PROVISIONING_PROFILE = "e7499b75-38e5-4dcb-9cda-ab5aa7ea6eb2";
				SDKROOT = iphoneos;
				TARGETED_DEVICE_FAMILY = "1,2";
				VALID_ARCHS = "arm64 armv7 armv7s i386 x84_64";
			};
			name = Debug;
		};
		D4A2F5FB1A6C3244001B8460 /* Release */ = {
			isa = XCBuildConfiguration;
			buildSettings = {
				ALWAYS_SEARCH_USER_PATHS = NO;
				CLANG_ANALYZER_LOCALIZABILITY_NONLOCALIZED = YES;
				CLANG_CXX_LANGUAGE_STANDARD = "gnu++0x";
				CLANG_CXX_LIBRARY = "libc++";
				CLANG_ENABLE_MODULES = YES;
				CLANG_ENABLE_OBJC_ARC = YES;
				CLANG_WARN_BLOCK_CAPTURE_AUTORELEASING = YES;
				CLANG_WARN_BOOL_CONVERSION = YES;
				CLANG_WARN_COMMA = YES;
				CLANG_WARN_CONSTANT_CONVERSION = YES;
				CLANG_WARN_DIRECT_OBJC_ISA_USAGE = YES_ERROR;
				CLANG_WARN_EMPTY_BODY = YES;
				CLANG_WARN_ENUM_CONVERSION = YES;
				CLANG_WARN_INFINITE_RECURSION = YES;
				CLANG_WARN_INT_CONVERSION = YES;
				CLANG_WARN_NON_LITERAL_NULL_CONVERSION = YES;
				CLANG_WARN_OBJC_LITERAL_CONVERSION = YES;
				CLANG_WARN_OBJC_ROOT_CLASS = YES_ERROR;
				CLANG_WARN_RANGE_LOOP_ANALYSIS = YES;
				CLANG_WARN_STRICT_PROTOTYPES = YES;
				CLANG_WARN_SUSPICIOUS_MOVE = YES;
				CLANG_WARN_UNREACHABLE_CODE = YES;
				CLANG_WARN__DUPLICATE_METHOD_MATCH = YES;
				CODE_SIGN_IDENTITY = "iPhone Developer: Lorenzo Primiterra (XUC4X5K526)";
				"CODE_SIGN_IDENTITY[sdk=iphoneos*]" = "iPhone Developer: Lorenzo Primiterra (XUC4X5K526)";
				COPY_PHASE_STRIP = YES;
				ENABLE_NS_ASSERTIONS = NO;
				ENABLE_STRICT_OBJC_MSGSEND = YES;
				GCC_C_LANGUAGE_STANDARD = gnu99;
				GCC_NO_COMMON_BLOCKS = YES;
				GCC_WARN_64_TO_32_BIT_CONVERSION = YES;
				GCC_WARN_ABOUT_RETURN_TYPE = YES_ERROR;
				GCC_WARN_UNDECLARED_SELECTOR = YES;
				GCC_WARN_UNINITIALIZED_AUTOS = YES_AGGRESSIVE;
				GCC_WARN_UNUSED_FUNCTION = YES;
				GCC_WARN_UNUSED_VARIABLE = YES;
				IPHONEOS_DEPLOYMENT_TARGET = 9.1;
				MTL_ENABLE_DEBUG_INFO = NO;
				PROVISIONING_PROFILE = "e7499b75-38e5-4dcb-9cda-ab5aa7ea6eb2";
				SDKROOT = iphoneos;
				TARGETED_DEVICE_FAMILY = "1,2";
				VALIDATE_PRODUCT = YES;
				VALID_ARCHS = "arm64 armv7 armv7s i386 x84_64";
			};
			name = Release;
		};
		D4A2F5FD1A6C3244001B8460 /* Debug */ = {
			isa = XCBuildConfiguration;
			baseConfigurationReference = B14D39522921C8CE117986F7 /* Pods-ooniprobe.debug.xcconfig */;
			buildSettings = {
				ALWAYS_SEARCH_USER_PATHS = YES;
				ASSETCATALOG_COMPILER_APPICON_NAME = AppIcon;
				ASSETCATALOG_COMPILER_LAUNCHIMAGE_NAME = LaunchImage;
				CLANG_CXX_LANGUAGE_STANDARD = "gnu++14";
				CODE_SIGN_ENTITLEMENTS = ooniprobe/ooniprobe.entitlements;
				CODE_SIGN_IDENTITY = "iPhone Developer";
				"CODE_SIGN_IDENTITY[sdk=iphoneos*]" = "iPhone Developer";
				CODE_SIGN_STYLE = Automatic;
				DEVELOPMENT_TEAM = MADPSAYN6T;
				ENABLE_BITCODE = NO;
				FRAMEWORK_SEARCH_PATHS = "$(inherited)";
				GCC_INLINES_ARE_PRIVATE_EXTERN = NO;
				GCC_PRECOMPILE_PREFIX_HEADER = YES;
				GCC_PREFIX_HEADER = "$(SRCROOT)/ooniprobe/PrefixHeader.pch";
				GCC_SYMBOLS_PRIVATE_EXTERN = NO;
				HEADER_SEARCH_PATHS = (
					"$(inherited)",
					/Applications/Xcode.app/Contents/Developer/Toolchains/XcodeDefault.xctoolchain/usr/include,
				);
				IBC_WARNINGS = NO;
				IBSC_WARNINGS = NO;
				INFOPLIST_FILE = ooniprobe/Info.plist;
				IPHONEOS_DEPLOYMENT_TARGET = 9.0;
				LD_RUNPATH_SEARCH_PATHS = "$(inherited)";
				LIBRARY_SEARCH_PATHS = "$(inherited)";
				PRODUCT_BUNDLE_IDENTIFIER = org.openobservatory.ooniprobe;
				PRODUCT_NAME = ooniprobe;
				PROVISIONING_PROFILE = "";
				PROVISIONING_PROFILE_SPECIFIER = "";
				STRIP_INSTALLED_PRODUCT = NO;
				TARGETED_DEVICE_FAMILY = "1,2";
				USER_HEADER_SEARCH_PATHS = "";
				VALID_ARCHS = "arm64 armv7s i386 x84_64";
			};
			name = Debug;
		};
		D4A2F5FE1A6C3244001B8460 /* Release */ = {
			isa = XCBuildConfiguration;
			baseConfigurationReference = FBB68CFBE135C2F6BDF61340 /* Pods-ooniprobe.release.xcconfig */;
			buildSettings = {
				ALWAYS_SEARCH_USER_PATHS = YES;
				ASSETCATALOG_COMPILER_APPICON_NAME = AppIcon;
				ASSETCATALOG_COMPILER_LAUNCHIMAGE_NAME = LaunchImage;
				CLANG_CXX_LANGUAGE_STANDARD = "gnu++14";
				CODE_SIGN_ENTITLEMENTS = ooniprobe/ooniprobe.entitlements;
				CODE_SIGN_IDENTITY = "iPhone Developer";
				"CODE_SIGN_IDENTITY[sdk=iphoneos*]" = "iPhone Developer";
				CODE_SIGN_STYLE = Automatic;
				COPY_PHASE_STRIP = NO;
				DEVELOPMENT_TEAM = MADPSAYN6T;
				ENABLE_BITCODE = NO;
				ENABLE_NS_ASSERTIONS = NO;
				FRAMEWORK_SEARCH_PATHS = "$(inherited)";
				GCC_INLINES_ARE_PRIVATE_EXTERN = NO;
				GCC_PRECOMPILE_PREFIX_HEADER = YES;
				GCC_PREFIX_HEADER = "$(SRCROOT)/ooniprobe/PrefixHeader.pch";
				GCC_PREPROCESSOR_DEFINITIONS = (
					"$(inherited)",
					"RELEASE=1",
				);
				GCC_SYMBOLS_PRIVATE_EXTERN = NO;
				HEADER_SEARCH_PATHS = (
					"$(inherited)",
					/Applications/Xcode.app/Contents/Developer/Toolchains/XcodeDefault.xctoolchain/usr/include,
				);
				IBC_WARNINGS = NO;
				IBSC_WARNINGS = NO;
				INFOPLIST_FILE = ooniprobe/Info.plist;
				IPHONEOS_DEPLOYMENT_TARGET = 9.0;
				LD_RUNPATH_SEARCH_PATHS = "$(inherited)";
				LIBRARY_SEARCH_PATHS = "$(inherited)";
				PRODUCT_BUNDLE_IDENTIFIER = org.openobservatory.ooniprobe;
				PRODUCT_NAME = ooniprobe;
				PROVISIONING_PROFILE = "";
				PROVISIONING_PROFILE_SPECIFIER = "";
				STRIP_INSTALLED_PRODUCT = NO;
				TARGETED_DEVICE_FAMILY = "1,2";
				USER_HEADER_SEARCH_PATHS = "";
				VALID_ARCHS = "arm64 armv7s i386 x84_64";
			};
			name = Release;
		};
/* End XCBuildConfiguration section */

/* Begin XCConfigurationList section */
		17E7EDBE21BFEDD1001961C7 /* Build configuration list for PBXNativeTarget "OONIProbeUITests" */ = {
			isa = XCConfigurationList;
			buildConfigurations = (
				17E7EDBC21BFEDD1001961C7 /* Debug */,
				17E7EDBD21BFEDD1001961C7 /* Release */,
			);
			defaultConfigurationIsVisible = 0;
			defaultConfigurationName = Release;
		};
		D4A2F5D41A6C3244001B8460 /* Build configuration list for PBXProject "ooniprobe" */ = {
			isa = XCConfigurationList;
			buildConfigurations = (
				D4A2F5FA1A6C3244001B8460 /* Debug */,
				D4A2F5FB1A6C3244001B8460 /* Release */,
			);
			defaultConfigurationIsVisible = 0;
			defaultConfigurationName = Release;
		};
		D4A2F5FC1A6C3244001B8460 /* Build configuration list for PBXNativeTarget "ooniprobe" */ = {
			isa = XCConfigurationList;
			buildConfigurations = (
				D4A2F5FD1A6C3244001B8460 /* Debug */,
				D4A2F5FE1A6C3244001B8460 /* Release */,
			);
			defaultConfigurationIsVisible = 0;
			defaultConfigurationName = Release;
		};
/* End XCConfigurationList section */
	};
	rootObject = D4A2F5D11A6C3244001B8460 /* Project object */;
}
