// !$*UTF8*$!
{
	archiveVersion = 1;
	classes = {
	};
	objectVersion = 46;
	objects = {

/* Begin PBXBuildFile section */
		5D79CCF1E902BDF8278DEFB2 /* libPods-ooniprobe.a in Frameworks */ = {isa = PBXBuildFile; fileRef = 4F90A00BDE468B5E569850D3 /* libPods-ooniprobe.a */; };
		D4A2F5DF1A6C3244001B8460 /* main.m in Sources */ = {isa = PBXBuildFile; fileRef = D4A2F5DE1A6C3244001B8460 /* main.m */; };
		D4A2F5E21A6C3244001B8460 /* AppDelegate.mm in Sources */ = {isa = PBXBuildFile; fileRef = D4A2F5E11A6C3244001B8460 /* AppDelegate.mm */; };
		D4A2F5EA1A6C3244001B8460 /* Images.xcassets in Resources */ = {isa = PBXBuildFile; fileRef = D4A2F5E91A6C3244001B8460 /* Images.xcassets */; };
		D4A2F5ED1A6C3244001B8460 /* LaunchScreen.xib in Resources */ = {isa = PBXBuildFile; fileRef = D4A2F5EB1A6C3244001B8460 /* LaunchScreen.xib */; };
		D4A2F63E1A6C33F7001B8460 /* hosts.txt in Resources */ = {isa = PBXBuildFile; fileRef = D4A2F62F1A6C33F7001B8460 /* hosts.txt */; };
		ED09A7011E3E3534003E1603 /* TestResult.m in Sources */ = {isa = PBXBuildFile; fileRef = ED09A7001E3E3534003E1603 /* TestResult.m */; };
		ED0D35BE1DD72825005C863F /* RunButton.m in Sources */ = {isa = PBXBuildFile; fileRef = ED0D35BD1DD72824005C863F /* RunButton.m */; };
		ED134D721FD5680B0052C7D3 /* ICSwipeViewController.m in Sources */ = {isa = PBXBuildFile; fileRef = ED134D711FD5680B0052C7D3 /* ICSwipeViewController.m */; };
		ED1F33621EFD552F00B42FEC /* BrowserViewController.m in Sources */ = {isa = PBXBuildFile; fileRef = ED1F33611EFD552F00B42FEC /* BrowserViewController.m */; };
		ED21E0581F898DDE008DFD0D /* TestLists.mm in Sources */ = {isa = PBXBuildFile; fileRef = ED21E0571F898DDE008DFD0D /* TestLists.mm */; };
		ED21E0AE1F8990ED008DFD0D /* global.csv in Resources */ = {isa = PBXBuildFile; fileRef = ED21E0751F8990E3008DFD0D /* global.csv */; };
		ED21E0AF1F899117008DFD0D /* kz.csv in Resources */ = {isa = PBXBuildFile; fileRef = ED21E0831F8990E3008DFD0D /* kz.csv */; };
		ED21E0B01F899117008DFD0D /* lb.csv in Resources */ = {isa = PBXBuildFile; fileRef = ED21E0841F8990E3008DFD0D /* lb.csv */; };
		ED21E0B11F899117008DFD0D /* ls.csv in Resources */ = {isa = PBXBuildFile; fileRef = ED21E0851F8990E3008DFD0D /* ls.csv */; };
		ED21E0B21F899117008DFD0D /* ly.csv in Resources */ = {isa = PBXBuildFile; fileRef = ED21E0861F8990E3008DFD0D /* ly.csv */; };
		ED21E0B31F899117008DFD0D /* ma.csv in Resources */ = {isa = PBXBuildFile; fileRef = ED21E0871F8990E3008DFD0D /* ma.csv */; };
		ED21E0B41F899117008DFD0D /* md.csv in Resources */ = {isa = PBXBuildFile; fileRef = ED21E0881F8990E3008DFD0D /* md.csv */; };
		ED21E0B51F899117008DFD0D /* mm.csv in Resources */ = {isa = PBXBuildFile; fileRef = ED21E0891F8990E3008DFD0D /* mm.csv */; };
		ED21E0B61F899117008DFD0D /* mr.csv in Resources */ = {isa = PBXBuildFile; fileRef = ED21E08A1F8990E3008DFD0D /* mr.csv */; };
		ED21E0B71F899117008DFD0D /* mx.csv in Resources */ = {isa = PBXBuildFile; fileRef = ED21E08B1F8990E3008DFD0D /* mx.csv */; };
		ED21E0B81F899117008DFD0D /* my.csv in Resources */ = {isa = PBXBuildFile; fileRef = ED21E08C1F8990E3008DFD0D /* my.csv */; };
		ED21E0B91F899117008DFD0D /* nf.csv in Resources */ = {isa = PBXBuildFile; fileRef = ED21E08D1F8990E3008DFD0D /* nf.csv */; };
		ED21E0BA1F899117008DFD0D /* ng.csv in Resources */ = {isa = PBXBuildFile; fileRef = ED21E08E1F8990E3008DFD0D /* ng.csv */; };
		ED21E0BB1F899117008DFD0D /* ni.csv in Resources */ = {isa = PBXBuildFile; fileRef = ED21E08F1F8990E3008DFD0D /* ni.csv */; };
		ED21E0BC1F899117008DFD0D /* np.csv in Resources */ = {isa = PBXBuildFile; fileRef = ED21E0901F8990E3008DFD0D /* np.csv */; };
		ED21E0BD1F899117008DFD0D /* om.csv in Resources */ = {isa = PBXBuildFile; fileRef = ED21E0911F8990E3008DFD0D /* om.csv */; };
		ED21E0BE1F899117008DFD0D /* pe.csv in Resources */ = {isa = PBXBuildFile; fileRef = ED21E0921F8990E3008DFD0D /* pe.csv */; };
		ED21E0BF1F899117008DFD0D /* ph.csv in Resources */ = {isa = PBXBuildFile; fileRef = ED21E0931F8990E3008DFD0D /* ph.csv */; };
		ED21E0C01F899117008DFD0D /* pk.csv in Resources */ = {isa = PBXBuildFile; fileRef = ED21E0941F8990E3008DFD0D /* pk.csv */; };
		ED21E0C11F899117008DFD0D /* pl.csv in Resources */ = {isa = PBXBuildFile; fileRef = ED21E0951F8990E3008DFD0D /* pl.csv */; };
		ED21E0C21F899117008DFD0D /* ps.csv in Resources */ = {isa = PBXBuildFile; fileRef = ED21E0961F8990E3008DFD0D /* ps.csv */; };
		ED21E0C31F899117008DFD0D /* qa.csv in Resources */ = {isa = PBXBuildFile; fileRef = ED21E0971F8990E3008DFD0D /* qa.csv */; };
		ED21E0C41F899117008DFD0D /* ru.csv in Resources */ = {isa = PBXBuildFile; fileRef = ED21E0981F8990E3008DFD0D /* ru.csv */; };
		ED21E0C51F899117008DFD0D /* sa.csv in Resources */ = {isa = PBXBuildFile; fileRef = ED21E0991F8990E3008DFD0D /* sa.csv */; };
		ED21E0C61F899117008DFD0D /* sd.csv in Resources */ = {isa = PBXBuildFile; fileRef = ED21E09A1F8990E3008DFD0D /* sd.csv */; };
		ED21E0C71F899117008DFD0D /* sg.csv in Resources */ = {isa = PBXBuildFile; fileRef = ED21E09B1F8990E3008DFD0D /* sg.csv */; };
		ED21E0C81F899117008DFD0D /* so.csv in Resources */ = {isa = PBXBuildFile; fileRef = ED21E09C1F8990E3008DFD0D /* so.csv */; };
		ED21E0C91F899117008DFD0D /* ss.csv in Resources */ = {isa = PBXBuildFile; fileRef = ED21E09D1F8990E3008DFD0D /* ss.csv */; };
		ED21E0CA1F899117008DFD0D /* sy.csv in Resources */ = {isa = PBXBuildFile; fileRef = ED21E09E1F8990E3008DFD0D /* sy.csv */; };
		ED21E0CB1F899117008DFD0D /* td.csv in Resources */ = {isa = PBXBuildFile; fileRef = ED21E09F1F8990E3008DFD0D /* td.csv */; };
		ED21E0CC1F899117008DFD0D /* th.csv in Resources */ = {isa = PBXBuildFile; fileRef = ED21E0A01F8990E3008DFD0D /* th.csv */; };
		ED21E0CD1F899117008DFD0D /* tj.csv in Resources */ = {isa = PBXBuildFile; fileRef = ED21E0A11F8990E3008DFD0D /* tj.csv */; };
		ED21E0CE1F899117008DFD0D /* tm.csv in Resources */ = {isa = PBXBuildFile; fileRef = ED21E0A21F8990E3008DFD0D /* tm.csv */; };
		ED21E0CF1F899117008DFD0D /* tn.csv in Resources */ = {isa = PBXBuildFile; fileRef = ED21E0A31F8990E3008DFD0D /* tn.csv */; };
		ED21E0D01F899117008DFD0D /* tr.csv in Resources */ = {isa = PBXBuildFile; fileRef = ED21E0A41F8990E3008DFD0D /* tr.csv */; };
		ED21E0D11F899117008DFD0D /* tz.csv in Resources */ = {isa = PBXBuildFile; fileRef = ED21E0A51F8990E3008DFD0D /* tz.csv */; };
		ED21E0D21F899117008DFD0D /* ua.csv in Resources */ = {isa = PBXBuildFile; fileRef = ED21E0A61F8990E3008DFD0D /* ua.csv */; };
		ED21E0D31F899117008DFD0D /* ug.csv in Resources */ = {isa = PBXBuildFile; fileRef = ED21E0A71F8990E3008DFD0D /* ug.csv */; };
		ED21E0D41F899117008DFD0D /* uz.csv in Resources */ = {isa = PBXBuildFile; fileRef = ED21E0A81F8990E3008DFD0D /* uz.csv */; };
		ED21E0D51F899117008DFD0D /* ve.csv in Resources */ = {isa = PBXBuildFile; fileRef = ED21E0A91F8990E3008DFD0D /* ve.csv */; };
		ED21E0D61F899117008DFD0D /* vn.csv in Resources */ = {isa = PBXBuildFile; fileRef = ED21E0AA1F8990E3008DFD0D /* vn.csv */; };
		ED21E0D71F899117008DFD0D /* ye.csv in Resources */ = {isa = PBXBuildFile; fileRef = ED21E0AB1F8990E3008DFD0D /* ye.csv */; };
		ED21E0D81F899117008DFD0D /* zm.csv in Resources */ = {isa = PBXBuildFile; fileRef = ED21E0AC1F8990E3008DFD0D /* zm.csv */; };
		ED21E0D91F899117008DFD0D /* zw.csv in Resources */ = {isa = PBXBuildFile; fileRef = ED21E0AD1F8990E3008DFD0D /* zw.csv */; };
		ED21E0DA1F899131008DFD0D /* 00-LEGEND-category_codes.csv in Resources */ = {isa = PBXBuildFile; fileRef = ED21E05A1F8990E3008DFD0D /* 00-LEGEND-category_codes.csv */; };
		ED21E0DB1F899131008DFD0D /* 00-LEGEND-country_codes.csv in Resources */ = {isa = PBXBuildFile; fileRef = ED21E05B1F8990E3008DFD0D /* 00-LEGEND-country_codes.csv */; };
		ED21E0DC1F899131008DFD0D /* 00-LEGEND-new_category_codes.csv in Resources */ = {isa = PBXBuildFile; fileRef = ED21E05C1F8990E3008DFD0D /* 00-LEGEND-new_category_codes.csv */; };
		ED21E0DD1F899131008DFD0D /* ae.csv in Resources */ = {isa = PBXBuildFile; fileRef = ED21E05D1F8990E3008DFD0D /* ae.csv */; };
		ED21E0DE1F899131008DFD0D /* am.csv in Resources */ = {isa = PBXBuildFile; fileRef = ED21E05E1F8990E3008DFD0D /* am.csv */; };
		ED21E0DF1F899131008DFD0D /* ar.csv in Resources */ = {isa = PBXBuildFile; fileRef = ED21E05F1F8990E3008DFD0D /* ar.csv */; };
		ED21E0E01F899131008DFD0D /* at.csv in Resources */ = {isa = PBXBuildFile; fileRef = ED21E0601F8990E3008DFD0D /* at.csv */; };
		ED21E0E11F899131008DFD0D /* az.csv in Resources */ = {isa = PBXBuildFile; fileRef = ED21E0611F8990E3008DFD0D /* az.csv */; };
		ED21E0E21F899131008DFD0D /* bd.csv in Resources */ = {isa = PBXBuildFile; fileRef = ED21E0621F8990E3008DFD0D /* bd.csv */; };
		ED21E0E31F899131008DFD0D /* bh.csv in Resources */ = {isa = PBXBuildFile; fileRef = ED21E0631F8990E3008DFD0D /* bh.csv */; };
		ED21E0E41F899131008DFD0D /* bi.csv in Resources */ = {isa = PBXBuildFile; fileRef = ED21E0641F8990E3008DFD0D /* bi.csv */; };
		ED21E0E51F899131008DFD0D /* br.csv in Resources */ = {isa = PBXBuildFile; fileRef = ED21E0651F8990E3008DFD0D /* br.csv */; };
		ED21E0E61F899131008DFD0D /* by.csv in Resources */ = {isa = PBXBuildFile; fileRef = ED21E0661F8990E3008DFD0D /* by.csv */; };
		ED21E0E71F899131008DFD0D /* ca.csv in Resources */ = {isa = PBXBuildFile; fileRef = ED21E0671F8990E3008DFD0D /* ca.csv */; };
		ED21E0E81F899131008DFD0D /* ch.csv in Resources */ = {isa = PBXBuildFile; fileRef = ED21E0681F8990E3008DFD0D /* ch.csv */; };
		ED21E0E91F899131008DFD0D /* cis.csv in Resources */ = {isa = PBXBuildFile; fileRef = ED21E0691F8990E3008DFD0D /* cis.csv */; };
		ED21E0EA1F899131008DFD0D /* cl.csv in Resources */ = {isa = PBXBuildFile; fileRef = ED21E06A1F8990E3008DFD0D /* cl.csv */; };
		ED21E0EB1F899131008DFD0D /* cn.csv in Resources */ = {isa = PBXBuildFile; fileRef = ED21E06B1F8990E3008DFD0D /* cn.csv */; };
		ED21E0EC1F899131008DFD0D /* co.csv in Resources */ = {isa = PBXBuildFile; fileRef = ED21E06C1F8990E3008DFD0D /* co.csv */; };
		ED21E0ED1F899131008DFD0D /* cu.csv in Resources */ = {isa = PBXBuildFile; fileRef = ED21E06D1F8990E3008DFD0D /* cu.csv */; };
		ED21E0EE1F899131008DFD0D /* dz.csv in Resources */ = {isa = PBXBuildFile; fileRef = ED21E06E1F8990E3008DFD0D /* dz.csv */; };
		ED21E0EF1F899131008DFD0D /* eg.csv in Resources */ = {isa = PBXBuildFile; fileRef = ED21E06F1F8990E3008DFD0D /* eg.csv */; };
		ED21E0F01F899131008DFD0D /* et.csv in Resources */ = {isa = PBXBuildFile; fileRef = ED21E0701F8990E3008DFD0D /* et.csv */; };
		ED21E0F11F899131008DFD0D /* fr.csv in Resources */ = {isa = PBXBuildFile; fileRef = ED21E0711F8990E3008DFD0D /* fr.csv */; };
		ED21E0F21F899131008DFD0D /* ga.csv in Resources */ = {isa = PBXBuildFile; fileRef = ED21E0721F8990E3008DFD0D /* ga.csv */; };
		ED21E0F31F899131008DFD0D /* ge.csv in Resources */ = {isa = PBXBuildFile; fileRef = ED21E0731F8990E3008DFD0D /* ge.csv */; };
		ED21E0F41F899131008DFD0D /* gh.csv in Resources */ = {isa = PBXBuildFile; fileRef = ED21E0741F8990E3008DFD0D /* gh.csv */; };
		ED21E0F51F899131008DFD0D /* gm.csv in Resources */ = {isa = PBXBuildFile; fileRef = ED21E0761F8990E3008DFD0D /* gm.csv */; };
		ED21E0F61F899131008DFD0D /* gt.csv in Resources */ = {isa = PBXBuildFile; fileRef = ED21E0771F8990E3008DFD0D /* gt.csv */; };
		ED21E0F71F899131008DFD0D /* gy.csv in Resources */ = {isa = PBXBuildFile; fileRef = ED21E0781F8990E3008DFD0D /* gy.csv */; };
		ED21E0F81F899131008DFD0D /* id.csv in Resources */ = {isa = PBXBuildFile; fileRef = ED21E0791F8990E3008DFD0D /* id.csv */; };
		ED21E0F91F899131008DFD0D /* in.csv in Resources */ = {isa = PBXBuildFile; fileRef = ED21E07A1F8990E3008DFD0D /* in.csv */; };
		ED21E0FA1F899131008DFD0D /* iq.csv in Resources */ = {isa = PBXBuildFile; fileRef = ED21E07B1F8990E3008DFD0D /* iq.csv */; };
		ED21E0FB1F899131008DFD0D /* ir.csv in Resources */ = {isa = PBXBuildFile; fileRef = ED21E07C1F8990E3008DFD0D /* ir.csv */; };
		ED21E0FC1F899131008DFD0D /* jo.csv in Resources */ = {isa = PBXBuildFile; fileRef = ED21E07D1F8990E3008DFD0D /* jo.csv */; };
		ED21E0FD1F899131008DFD0D /* ke.csv in Resources */ = {isa = PBXBuildFile; fileRef = ED21E07E1F8990E3008DFD0D /* ke.csv */; };
		ED21E0FE1F899131008DFD0D /* kg.csv in Resources */ = {isa = PBXBuildFile; fileRef = ED21E07F1F8990E3008DFD0D /* kg.csv */; };
		ED21E0FF1F899131008DFD0D /* kh.csv in Resources */ = {isa = PBXBuildFile; fileRef = ED21E0801F8990E3008DFD0D /* kh.csv */; };
		ED21E1001F899131008DFD0D /* kr.csv in Resources */ = {isa = PBXBuildFile; fileRef = ED21E0811F8990E3008DFD0D /* kr.csv */; };
		ED21E1011F899131008DFD0D /* kw.csv in Resources */ = {isa = PBXBuildFile; fileRef = ED21E0821F8990E3008DFD0D /* kw.csv */; };
		ED229AEA1FDFDFE300398AB0 /* PopQuizViewController.m in Sources */ = {isa = PBXBuildFile; fileRef = ED229AE91FDFDFE300398AB0 /* PopQuizViewController.m */; };
		ED229AED1FDFDFF100398AB0 /* WrongAnswerViewController.m in Sources */ = {isa = PBXBuildFile; fileRef = ED229AEC1FDFDFF100398AB0 /* WrongAnswerViewController.m */; };
		ED25282B1CEA35640073A29B /* LogViewController.mm in Sources */ = {isa = PBXBuildFile; fileRef = ED2528231CEA35640073A29B /* LogViewController.mm */; };
		ED25282C1CEA35640073A29B /* SettingsTableViewController.mm in Sources */ = {isa = PBXBuildFile; fileRef = ED2528251CEA35640073A29B /* SettingsTableViewController.mm */; };
		ED25282D1CEA35640073A29B /* TestInfoViewController.mm in Sources */ = {isa = PBXBuildFile; fileRef = ED2528271CEA35640073A29B /* TestInfoViewController.mm */; };
		ED25282E1CEA35640073A29B /* RunTestsViewController.mm in Sources */ = {isa = PBXBuildFile; fileRef = ED2528291CEA35640073A29B /* RunTestsViewController.mm */; };
		ED2528311CEA35770073A29B /* NetworkMeasurement.mm in Sources */ = {isa = PBXBuildFile; fileRef = ED2528301CEA35770073A29B /* NetworkMeasurement.mm */; };
		ED3932C41E3114740064CD11 /* AboutViewController.mm in Sources */ = {isa = PBXBuildFile; fileRef = ED3932C31E3114740064CD11 /* AboutViewController.mm */; };
		ED3932C71E3114BA0064CD11 /* PastTestsViewController.mm in Sources */ = {isa = PBXBuildFile; fileRef = ED3932C61E3114BA0064CD11 /* PastTestsViewController.mm */; };
		ED3AB3311D2337920061F266 /* GeoIP.dat in Resources */ = {isa = PBXBuildFile; fileRef = ED3AB32E1D2337920061F266 /* GeoIP.dat */; };
		ED3AB3321D2337920061F266 /* GeoIPASNum.dat in Resources */ = {isa = PBXBuildFile; fileRef = ED3AB32F1D2337920061F266 /* GeoIPASNum.dat */; };
		ED49509D1F951F1E00344E42 /* MessageUtility.mm in Sources */ = {isa = PBXBuildFile; fileRef = ED49509C1F951F1D00344E42 /* MessageUtility.mm */; };
		ED4D60561A7162C400777275 /* Localizable.strings in Resources */ = {isa = PBXBuildFile; fileRef = ED4D60541A7162C400777275 /* Localizable.strings */; };
		ED58E8CA1D0C627D00C74F10 /* TestStorage.mm in Sources */ = {isa = PBXBuildFile; fileRef = ED58E8C91D0C627D00C74F10 /* TestStorage.mm */; };
		ED5F8A2A1F77C4AA0093C8F5 /* VersionUtility.mm in Sources */ = {isa = PBXBuildFile; fileRef = ED5F8A291F77C4AA0093C8F5 /* VersionUtility.mm */; };
		ED62AB9D1ED5B70500778249 /* Reachability.m in Sources */ = {isa = PBXBuildFile; fileRef = ED62AB9C1ED5B70500778249 /* Reachability.m */; };
		ED76A78A1EF166F3004D9B5E /* ReachabilityManager.mm in Sources */ = {isa = PBXBuildFile; fileRef = ED76A7891EF166F3004D9B5E /* ReachabilityManager.mm */; };
		ED7F9FF51F700BEE0053FA50 /* 1.1.395fa3b184891829715b.js in Resources */ = {isa = PBXBuildFile; fileRef = ED7F9FE11F700BEE0053FA50 /* 1.1.395fa3b184891829715b.js */; };
		ED7F9FF61F700BEE0053FA50 /* app.395fa3b184891829715b.js in Resources */ = {isa = PBXBuildFile; fileRef = ED7F9FE21F700BEE0053FA50 /* app.395fa3b184891829715b.js */; };
		ED7F9FF71F700BEE0053FA50 /* app.f87085e0300a65abd2a744844ae786cb.css in Resources */ = {isa = PBXBuildFile; fileRef = ED7F9FE31F700BEE0053FA50 /* app.f87085e0300a65abd2a744844ae786cb.css */; };
		ED7F9FF81F700BEE0053FA50 /* favicon.ico in Resources */ = {isa = PBXBuildFile; fileRef = ED7F9FE41F700BEE0053FA50 /* favicon.ico */; };
		ED7F9FF91F700BEE0053FA50 /* font-charter-bold-italic.e5c78e2789ec748d8c7f5adccad90e0b.woff in Resources */ = {isa = PBXBuildFile; fileRef = ED7F9FE51F700BEE0053FA50 /* font-charter-bold-italic.e5c78e2789ec748d8c7f5adccad90e0b.woff */; };
		ED7F9FFA1F700BEE0053FA50 /* font-charter-bold.78342dfad83c591ee5e926f2ffbd0671.woff in Resources */ = {isa = PBXBuildFile; fileRef = ED7F9FE61F700BEE0053FA50 /* font-charter-bold.78342dfad83c591ee5e926f2ffbd0671.woff */; };
		ED7F9FFB1F700BEE0053FA50 /* font-charter-italic.a043b97f0bac1546f96bc31abd6956bb.woff in Resources */ = {isa = PBXBuildFile; fileRef = ED7F9FE71F700BEE0053FA50 /* font-charter-italic.a043b97f0bac1546f96bc31abd6956bb.woff */; };
		ED7F9FFC1F700BEE0053FA50 /* font-charter-regular.0c4500a9d203a33bd879a9a0bee1190d.woff in Resources */ = {isa = PBXBuildFile; fileRef = ED7F9FE81F700BEE0053FA50 /* font-charter-regular.0c4500a9d203a33bd879a9a0bee1190d.woff */; };
		ED7F9FFD1F700BEE0053FA50 /* font-fira-sans-bold.5310ca5fb41a915987df5663660da770.otf in Resources */ = {isa = PBXBuildFile; fileRef = ED7F9FE91F700BEE0053FA50 /* font-fira-sans-bold.5310ca5fb41a915987df5663660da770.otf */; };
		ED7F9FFE1F700BEE0053FA50 /* font-fira-sans-light.7dd0ad25580893d980bbf0475f88aead.otf in Resources */ = {isa = PBXBuildFile; fileRef = ED7F9FEA1F700BEE0053FA50 /* font-fira-sans-light.7dd0ad25580893d980bbf0475f88aead.otf */; };
		ED7F9FFF1F700BEE0053FA50 /* font-fira-sans-semi-bold.3de79d2eb33e18bba8f5f5834a3d9d05.otf in Resources */ = {isa = PBXBuildFile; fileRef = ED7F9FEB1F700BEE0053FA50 /* font-fira-sans-semi-bold.3de79d2eb33e18bba8f5f5834a3d9d05.otf */; };
		ED7FA0001F700BEE0053FA50 /* font-fontawesome-webfont.674f50d287a8c48dc19ba404d20fe713.eot in Resources */ = {isa = PBXBuildFile; fileRef = ED7F9FEC1F700BEE0053FA50 /* font-fontawesome-webfont.674f50d287a8c48dc19ba404d20fe713.eot */; };
		ED7FA0011F700BEE0053FA50 /* font-fontawesome-webfont.af7ae505a9eed503f8b8e6982036873e.woff2 in Resources */ = {isa = PBXBuildFile; fileRef = ED7F9FED1F700BEE0053FA50 /* font-fontawesome-webfont.af7ae505a9eed503f8b8e6982036873e.woff2 */; };
		ED7FA0021F700BEE0053FA50 /* font-fontawesome-webfont.b06871f281fee6b241d60582ae9369b9.ttf in Resources */ = {isa = PBXBuildFile; fileRef = ED7F9FEE1F700BEE0053FA50 /* font-fontawesome-webfont.b06871f281fee6b241d60582ae9369b9.ttf */; };
		ED7FA0031F700BEE0053FA50 /* font-fontawesome-webfont.fee66e712a8a08eef5805a46892932ad.woff in Resources */ = {isa = PBXBuildFile; fileRef = ED7F9FEF1F700BEE0053FA50 /* font-fontawesome-webfont.fee66e712a8a08eef5805a46892932ad.woff */; };
		ED7FA0041F700BEE0053FA50 /* font-ooni-icons.7f721a571194837f629b6dd86a703ca5.eot in Resources */ = {isa = PBXBuildFile; fileRef = ED7F9FF01F700BEE0053FA50 /* font-ooni-icons.7f721a571194837f629b6dd86a703ca5.eot */; };
		ED7FA0051F700BEE0053FA50 /* font-source-code-pro-bold.b78a2d32658068a52eab4b7f8f7d366e.woff in Resources */ = {isa = PBXBuildFile; fileRef = ED7F9FF11F700BEE0053FA50 /* font-source-code-pro-bold.b78a2d32658068a52eab4b7f8f7d366e.woff */; };
		ED7FA0061F700BEE0053FA50 /* font-source-code-pro-regular.7e5b1b977ba8a582d81367d2940e8150.woff in Resources */ = {isa = PBXBuildFile; fileRef = ED7F9FF21F700BEE0053FA50 /* font-source-code-pro-regular.7e5b1b977ba8a582d81367d2940e8150.woff */; };
		ED7FA0071F700BEE0053FA50 /* index.html in Resources */ = {isa = PBXBuildFile; fileRef = ED7F9FF31F700BEE0053FA50 /* index.html */; };
		ED7FA0081F700BEE0053FA50 /* vendor.395fa3b184891829715b.js in Resources */ = {isa = PBXBuildFile; fileRef = ED7F9FF41F700BEE0053FA50 /* vendor.395fa3b184891829715b.js */; };
		ED923AAF1E2FA9FE00407EB6 /* LeftMenuTableViewController.mm in Sources */ = {isa = PBXBuildFile; fileRef = ED923AAE1E2FA9FE00407EB6 /* LeftMenuTableViewController.mm */; };
		EDA193DA1C9AE36F00A49EAA /* Main.storyboard in Resources */ = {isa = PBXBuildFile; fileRef = EDA193D81C9AE36F00A49EAA /* Main.storyboard */; };
		EDBCB0901FD5BD9B00FA4838 /* Onboarding.storyboard in Resources */ = {isa = PBXBuildFile; fileRef = EDBCB08F1FD5BD9B00FA4838 /* Onboarding.storyboard */; };
		EDC2C9D11FD7FBBE00FF01D3 /* Onboarding1ViewController.m in Sources */ = {isa = PBXBuildFile; fileRef = EDC2C9D01FD7FBBE00FF01D3 /* Onboarding1ViewController.m */; };
		EDC2C9D71FD8001300FF01D3 /* Onboarding2ViewController.m in Sources */ = {isa = PBXBuildFile; fileRef = EDC2C9D61FD8001300FF01D3 /* Onboarding2ViewController.m */; };
		EDC2C9DB1FD8002800FF01D3 /* Onboarding3ViewController.m in Sources */ = {isa = PBXBuildFile; fileRef = EDC2C9DA1FD8002800FF01D3 /* Onboarding3ViewController.m */; };
		EDC2C9DE1FD8003400FF01D3 /* Onboarding4ViewController.m in Sources */ = {isa = PBXBuildFile; fileRef = EDC2C9DD1FD8003400FF01D3 /* Onboarding4ViewController.m */; };
		EDC2C9DF1FD8061400FF01D3 /* FiraSans-Light.otf in Resources */ = {isa = PBXBuildFile; fileRef = EDBCB0881FD5B06C00FA4838 /* FiraSans-Light.otf */; };
		EDC2C9E01FD8061400FF01D3 /* FiraSans-LightItalic.otf in Resources */ = {isa = PBXBuildFile; fileRef = EDBCB0891FD5B06C00FA4838 /* FiraSans-LightItalic.otf */; };
		EDC2C9E11FD8061400FF01D3 /* FiraSans-Regular.otf in Resources */ = {isa = PBXBuildFile; fileRef = EDBCB08A1FD5B06C00FA4838 /* FiraSans-Regular.otf */; };
		EDC2C9E21FD8061400FF01D3 /* FiraSans-Italic.otf in Resources */ = {isa = PBXBuildFile; fileRef = EDBCB08B1FD5B06C00FA4838 /* FiraSans-Italic.otf */; };
		EDC2C9E31FD8061400FF01D3 /* FiraSans-SemiBold.otf in Resources */ = {isa = PBXBuildFile; fileRef = EDBCB08C1FD5B06C00FA4838 /* FiraSans-SemiBold.otf */; };
		EDC2C9E41FD8061400FF01D3 /* FiraSans-SemiBoldItalic.otf in Resources */ = {isa = PBXBuildFile; fileRef = EDBCB08D1FD5B06C00FA4838 /* FiraSans-SemiBoldItalic.otf */; };
		EDC2C9ED1FD9947B00FF01D3 /* crossMark.json in Resources */ = {isa = PBXBuildFile; fileRef = EDC2C9EB1FD9939A00FF01D3 /* crossMark.json */; };
		EDC2C9EE1FD9947E00FF01D3 /* checkMark.json in Resources */ = {isa = PBXBuildFile; fileRef = EDC2C9EC1FD9939A00FF01D3 /* checkMark.json */; };
		EDC2C9F31FD9A23900FF01D3 /* UIColor+TFT.m in Sources */ = {isa = PBXBuildFile; fileRef = ED9421331FD175D50014CE95 /* UIColor+TFT.m */; };
		EDC73E5D1D9B266E00245184 /* ResultSelectorViewController.mm in Sources */ = {isa = PBXBuildFile; fileRef = EDC73E5C1D9B266E00245184 /* ResultSelectorViewController.mm */; };
		EDC869C91E3178A800124C46 /* Tests.mm in Sources */ = {isa = PBXBuildFile; fileRef = EDC869C81E3178A800124C46 /* Tests.mm */; };
		EDCAB39D1E2BC699000878CA /* ButtonUtility.m in Sources */ = {isa = PBXBuildFile; fileRef = EDCAB39C1E2BC699000878CA /* ButtonUtility.m */; };
		EDCAB3A01E2BC6BD000878CA /* RoundedButton.m in Sources */ = {isa = PBXBuildFile; fileRef = EDCAB39F1E2BC6BD000878CA /* RoundedButton.m */; };
		EDCB9D911CB3F9ED00BBA3BC /* DefaultPreferences.plist in Resources */ = {isa = PBXBuildFile; fileRef = EDCB9D901CB3F9ED00BBA3BC /* DefaultPreferences.plist */; };
		EDD101BE1EE801F00044E390 /* NotificationService.mm in Sources */ = {isa = PBXBuildFile; fileRef = EDD101BD1EE801F00044E390 /* NotificationService.mm */; };
		EDE344821D42151C00BAEB10 /* ResultViewController.mm in Sources */ = {isa = PBXBuildFile; fileRef = EDE344811D42151C00BAEB10 /* ResultViewController.mm */; };
		EDFE073A1F37526A00960AF2 /* RunTestViewController.mm in Sources */ = {isa = PBXBuildFile; fileRef = EDFE07391F37526A00960AF2 /* RunTestViewController.mm */; };
		EDFE073D1F375E3C00960AF2 /* DictionaryUtility.m in Sources */ = {isa = PBXBuildFile; fileRef = EDFE073C1F375E3C00960AF2 /* DictionaryUtility.m */; };
/* End PBXBuildFile section */

/* Begin PBXFileReference section */
		4F90A00BDE468B5E569850D3 /* libPods-ooniprobe.a */ = {isa = PBXFileReference; explicitFileType = archive.ar; includeInIndex = 0; path = "libPods-ooniprobe.a"; sourceTree = BUILT_PRODUCTS_DIR; };
		B14D39522921C8CE117986F7 /* Pods-ooniprobe.debug.xcconfig */ = {isa = PBXFileReference; includeInIndex = 1; lastKnownFileType = text.xcconfig; name = "Pods-ooniprobe.debug.xcconfig"; path = "Pods/Target Support Files/Pods-ooniprobe/Pods-ooniprobe.debug.xcconfig"; sourceTree = "<group>"; };
		D4A2F5D91A6C3244001B8460 /* ooniprobe.app */ = {isa = PBXFileReference; explicitFileType = wrapper.application; includeInIndex = 0; path = ooniprobe.app; sourceTree = BUILT_PRODUCTS_DIR; };
		D4A2F5DD1A6C3244001B8460 /* Info.plist */ = {isa = PBXFileReference; lastKnownFileType = text.plist.xml; path = Info.plist; sourceTree = "<group>"; };
		D4A2F5DE1A6C3244001B8460 /* main.m */ = {isa = PBXFileReference; lastKnownFileType = sourcecode.c.objc; path = main.m; sourceTree = "<group>"; };
		D4A2F5E01A6C3244001B8460 /* AppDelegate.h */ = {isa = PBXFileReference; lastKnownFileType = sourcecode.c.h; path = AppDelegate.h; sourceTree = "<group>"; };
		D4A2F5E11A6C3244001B8460 /* AppDelegate.mm */ = {isa = PBXFileReference; lastKnownFileType = sourcecode.cpp.objcpp; path = AppDelegate.mm; sourceTree = "<group>"; };
		D4A2F5E91A6C3244001B8460 /* Images.xcassets */ = {isa = PBXFileReference; lastKnownFileType = folder.assetcatalog; path = Images.xcassets; sourceTree = "<group>"; };
		D4A2F5EC1A6C3244001B8460 /* Base */ = {isa = PBXFileReference; lastKnownFileType = file.xib; name = Base; path = Base.lproj/LaunchScreen.xib; sourceTree = "<group>"; };
		D4A2F62F1A6C33F7001B8460 /* hosts.txt */ = {isa = PBXFileReference; fileEncoding = 4; lastKnownFileType = text; path = hosts.txt; sourceTree = "<group>"; };
		ED09A6FF1E3E3534003E1603 /* TestResult.h */ = {isa = PBXFileReference; fileEncoding = 4; lastKnownFileType = sourcecode.c.h; path = TestResult.h; sourceTree = "<group>"; };
		ED09A7001E3E3534003E1603 /* TestResult.m */ = {isa = PBXFileReference; fileEncoding = 4; lastKnownFileType = sourcecode.c.objc; path = TestResult.m; sourceTree = "<group>"; };
		ED0D35BC1DD72824005C863F /* RunButton.h */ = {isa = PBXFileReference; fileEncoding = 4; lastKnownFileType = sourcecode.c.h; name = RunButton.h; path = Utility/RunButton.h; sourceTree = "<group>"; };
		ED0D35BD1DD72824005C863F /* RunButton.m */ = {isa = PBXFileReference; fileEncoding = 4; lastKnownFileType = sourcecode.c.objc; name = RunButton.m; path = Utility/RunButton.m; sourceTree = "<group>"; };
		ED134D701FD5680B0052C7D3 /* ICSwipeViewController.h */ = {isa = PBXFileReference; lastKnownFileType = sourcecode.c.h; name = ICSwipeViewController.h; path = "Informed consent/ICSwipeViewController.h"; sourceTree = "<group>"; };
		ED134D711FD5680B0052C7D3 /* ICSwipeViewController.m */ = {isa = PBXFileReference; lastKnownFileType = sourcecode.c.objc; name = ICSwipeViewController.m; path = "Informed consent/ICSwipeViewController.m"; sourceTree = "<group>"; };
		ED1F33601EFD552F00B42FEC /* BrowserViewController.h */ = {isa = PBXFileReference; fileEncoding = 4; lastKnownFileType = sourcecode.c.h; path = BrowserViewController.h; sourceTree = "<group>"; };
		ED1F33611EFD552F00B42FEC /* BrowserViewController.m */ = {isa = PBXFileReference; fileEncoding = 4; lastKnownFileType = sourcecode.c.objc; path = BrowserViewController.m; sourceTree = "<group>"; };
		ED21E0561F898DDE008DFD0D /* TestLists.h */ = {isa = PBXFileReference; lastKnownFileType = sourcecode.c.h; name = TestLists.h; path = Utility/TestLists.h; sourceTree = "<group>"; };
		ED21E0571F898DDE008DFD0D /* TestLists.mm */ = {isa = PBXFileReference; lastKnownFileType = sourcecode.cpp.objcpp; name = TestLists.mm; path = Utility/TestLists.mm; sourceTree = "<group>"; };
		ED21E05A1F8990E3008DFD0D /* 00-LEGEND-category_codes.csv */ = {isa = PBXFileReference; lastKnownFileType = text; path = "00-LEGEND-category_codes.csv"; sourceTree = "<group>"; };
		ED21E05B1F8990E3008DFD0D /* 00-LEGEND-country_codes.csv */ = {isa = PBXFileReference; lastKnownFileType = text; path = "00-LEGEND-country_codes.csv"; sourceTree = "<group>"; };
		ED21E05C1F8990E3008DFD0D /* 00-LEGEND-new_category_codes.csv */ = {isa = PBXFileReference; lastKnownFileType = text; path = "00-LEGEND-new_category_codes.csv"; sourceTree = "<group>"; };
		ED21E05D1F8990E3008DFD0D /* ae.csv */ = {isa = PBXFileReference; lastKnownFileType = text; path = ae.csv; sourceTree = "<group>"; };
		ED21E05E1F8990E3008DFD0D /* am.csv */ = {isa = PBXFileReference; lastKnownFileType = text; path = am.csv; sourceTree = "<group>"; };
		ED21E05F1F8990E3008DFD0D /* ar.csv */ = {isa = PBXFileReference; lastKnownFileType = text; path = ar.csv; sourceTree = "<group>"; };
		ED21E0601F8990E3008DFD0D /* at.csv */ = {isa = PBXFileReference; lastKnownFileType = text; path = at.csv; sourceTree = "<group>"; };
		ED21E0611F8990E3008DFD0D /* az.csv */ = {isa = PBXFileReference; lastKnownFileType = text; path = az.csv; sourceTree = "<group>"; };
		ED21E0621F8990E3008DFD0D /* bd.csv */ = {isa = PBXFileReference; lastKnownFileType = text; path = bd.csv; sourceTree = "<group>"; };
		ED21E0631F8990E3008DFD0D /* bh.csv */ = {isa = PBXFileReference; lastKnownFileType = text; path = bh.csv; sourceTree = "<group>"; };
		ED21E0641F8990E3008DFD0D /* bi.csv */ = {isa = PBXFileReference; lastKnownFileType = text; path = bi.csv; sourceTree = "<group>"; };
		ED21E0651F8990E3008DFD0D /* br.csv */ = {isa = PBXFileReference; lastKnownFileType = text; path = br.csv; sourceTree = "<group>"; };
		ED21E0661F8990E3008DFD0D /* by.csv */ = {isa = PBXFileReference; lastKnownFileType = text; path = by.csv; sourceTree = "<group>"; };
		ED21E0671F8990E3008DFD0D /* ca.csv */ = {isa = PBXFileReference; lastKnownFileType = text; path = ca.csv; sourceTree = "<group>"; };
		ED21E0681F8990E3008DFD0D /* ch.csv */ = {isa = PBXFileReference; lastKnownFileType = text; path = ch.csv; sourceTree = "<group>"; };
		ED21E0691F8990E3008DFD0D /* cis.csv */ = {isa = PBXFileReference; lastKnownFileType = text; path = cis.csv; sourceTree = "<group>"; };
		ED21E06A1F8990E3008DFD0D /* cl.csv */ = {isa = PBXFileReference; lastKnownFileType = text; path = cl.csv; sourceTree = "<group>"; };
		ED21E06B1F8990E3008DFD0D /* cn.csv */ = {isa = PBXFileReference; lastKnownFileType = text; path = cn.csv; sourceTree = "<group>"; };
		ED21E06C1F8990E3008DFD0D /* co.csv */ = {isa = PBXFileReference; lastKnownFileType = text; path = co.csv; sourceTree = "<group>"; };
		ED21E06D1F8990E3008DFD0D /* cu.csv */ = {isa = PBXFileReference; lastKnownFileType = text; path = cu.csv; sourceTree = "<group>"; };
		ED21E06E1F8990E3008DFD0D /* dz.csv */ = {isa = PBXFileReference; lastKnownFileType = text; path = dz.csv; sourceTree = "<group>"; };
		ED21E06F1F8990E3008DFD0D /* eg.csv */ = {isa = PBXFileReference; lastKnownFileType = text; path = eg.csv; sourceTree = "<group>"; };
		ED21E0701F8990E3008DFD0D /* et.csv */ = {isa = PBXFileReference; lastKnownFileType = text; path = et.csv; sourceTree = "<group>"; };
		ED21E0711F8990E3008DFD0D /* fr.csv */ = {isa = PBXFileReference; lastKnownFileType = text; path = fr.csv; sourceTree = "<group>"; };
		ED21E0721F8990E3008DFD0D /* ga.csv */ = {isa = PBXFileReference; lastKnownFileType = text; path = ga.csv; sourceTree = "<group>"; };
		ED21E0731F8990E3008DFD0D /* ge.csv */ = {isa = PBXFileReference; lastKnownFileType = text; path = ge.csv; sourceTree = "<group>"; };
		ED21E0741F8990E3008DFD0D /* gh.csv */ = {isa = PBXFileReference; lastKnownFileType = text; path = gh.csv; sourceTree = "<group>"; };
		ED21E0751F8990E3008DFD0D /* global.csv */ = {isa = PBXFileReference; lastKnownFileType = text; path = global.csv; sourceTree = "<group>"; };
		ED21E0761F8990E3008DFD0D /* gm.csv */ = {isa = PBXFileReference; lastKnownFileType = text; path = gm.csv; sourceTree = "<group>"; };
		ED21E0771F8990E3008DFD0D /* gt.csv */ = {isa = PBXFileReference; lastKnownFileType = text; path = gt.csv; sourceTree = "<group>"; };
		ED21E0781F8990E3008DFD0D /* gy.csv */ = {isa = PBXFileReference; lastKnownFileType = text; path = gy.csv; sourceTree = "<group>"; };
		ED21E0791F8990E3008DFD0D /* id.csv */ = {isa = PBXFileReference; lastKnownFileType = text; path = id.csv; sourceTree = "<group>"; };
		ED21E07A1F8990E3008DFD0D /* in.csv */ = {isa = PBXFileReference; lastKnownFileType = text; path = in.csv; sourceTree = "<group>"; };
		ED21E07B1F8990E3008DFD0D /* iq.csv */ = {isa = PBXFileReference; lastKnownFileType = text; path = iq.csv; sourceTree = "<group>"; };
		ED21E07C1F8990E3008DFD0D /* ir.csv */ = {isa = PBXFileReference; lastKnownFileType = text; path = ir.csv; sourceTree = "<group>"; };
		ED21E07D1F8990E3008DFD0D /* jo.csv */ = {isa = PBXFileReference; lastKnownFileType = text; path = jo.csv; sourceTree = "<group>"; };
		ED21E07E1F8990E3008DFD0D /* ke.csv */ = {isa = PBXFileReference; lastKnownFileType = text; path = ke.csv; sourceTree = "<group>"; };
		ED21E07F1F8990E3008DFD0D /* kg.csv */ = {isa = PBXFileReference; lastKnownFileType = text; path = kg.csv; sourceTree = "<group>"; };
		ED21E0801F8990E3008DFD0D /* kh.csv */ = {isa = PBXFileReference; lastKnownFileType = text; path = kh.csv; sourceTree = "<group>"; };
		ED21E0811F8990E3008DFD0D /* kr.csv */ = {isa = PBXFileReference; lastKnownFileType = text; path = kr.csv; sourceTree = "<group>"; };
		ED21E0821F8990E3008DFD0D /* kw.csv */ = {isa = PBXFileReference; lastKnownFileType = text; path = kw.csv; sourceTree = "<group>"; };
		ED21E0831F8990E3008DFD0D /* kz.csv */ = {isa = PBXFileReference; lastKnownFileType = text; path = kz.csv; sourceTree = "<group>"; };
		ED21E0841F8990E3008DFD0D /* lb.csv */ = {isa = PBXFileReference; lastKnownFileType = text; path = lb.csv; sourceTree = "<group>"; };
		ED21E0851F8990E3008DFD0D /* ls.csv */ = {isa = PBXFileReference; lastKnownFileType = text; path = ls.csv; sourceTree = "<group>"; };
		ED21E0861F8990E3008DFD0D /* ly.csv */ = {isa = PBXFileReference; lastKnownFileType = text; path = ly.csv; sourceTree = "<group>"; };
		ED21E0871F8990E3008DFD0D /* ma.csv */ = {isa = PBXFileReference; lastKnownFileType = text; path = ma.csv; sourceTree = "<group>"; };
		ED21E0881F8990E3008DFD0D /* md.csv */ = {isa = PBXFileReference; lastKnownFileType = text; path = md.csv; sourceTree = "<group>"; };
		ED21E0891F8990E3008DFD0D /* mm.csv */ = {isa = PBXFileReference; lastKnownFileType = text; path = mm.csv; sourceTree = "<group>"; };
		ED21E08A1F8990E3008DFD0D /* mr.csv */ = {isa = PBXFileReference; lastKnownFileType = text; path = mr.csv; sourceTree = "<group>"; };
		ED21E08B1F8990E3008DFD0D /* mx.csv */ = {isa = PBXFileReference; lastKnownFileType = text; path = mx.csv; sourceTree = "<group>"; };
		ED21E08C1F8990E3008DFD0D /* my.csv */ = {isa = PBXFileReference; lastKnownFileType = text; path = my.csv; sourceTree = "<group>"; };
		ED21E08D1F8990E3008DFD0D /* nf.csv */ = {isa = PBXFileReference; lastKnownFileType = text; path = nf.csv; sourceTree = "<group>"; };
		ED21E08E1F8990E3008DFD0D /* ng.csv */ = {isa = PBXFileReference; lastKnownFileType = text; path = ng.csv; sourceTree = "<group>"; };
		ED21E08F1F8990E3008DFD0D /* ni.csv */ = {isa = PBXFileReference; lastKnownFileType = text; path = ni.csv; sourceTree = "<group>"; };
		ED21E0901F8990E3008DFD0D /* np.csv */ = {isa = PBXFileReference; lastKnownFileType = text; path = np.csv; sourceTree = "<group>"; };
		ED21E0911F8990E3008DFD0D /* om.csv */ = {isa = PBXFileReference; lastKnownFileType = text; path = om.csv; sourceTree = "<group>"; };
		ED21E0921F8990E3008DFD0D /* pe.csv */ = {isa = PBXFileReference; lastKnownFileType = text; path = pe.csv; sourceTree = "<group>"; };
		ED21E0931F8990E3008DFD0D /* ph.csv */ = {isa = PBXFileReference; lastKnownFileType = text; path = ph.csv; sourceTree = "<group>"; };
		ED21E0941F8990E3008DFD0D /* pk.csv */ = {isa = PBXFileReference; lastKnownFileType = text; path = pk.csv; sourceTree = "<group>"; };
		ED21E0951F8990E3008DFD0D /* pl.csv */ = {isa = PBXFileReference; lastKnownFileType = text; path = pl.csv; sourceTree = "<group>"; };
		ED21E0961F8990E3008DFD0D /* ps.csv */ = {isa = PBXFileReference; lastKnownFileType = text; path = ps.csv; sourceTree = "<group>"; };
		ED21E0971F8990E3008DFD0D /* qa.csv */ = {isa = PBXFileReference; lastKnownFileType = text; path = qa.csv; sourceTree = "<group>"; };
		ED21E0981F8990E3008DFD0D /* ru.csv */ = {isa = PBXFileReference; lastKnownFileType = text; path = ru.csv; sourceTree = "<group>"; };
		ED21E0991F8990E3008DFD0D /* sa.csv */ = {isa = PBXFileReference; lastKnownFileType = text; path = sa.csv; sourceTree = "<group>"; };
		ED21E09A1F8990E3008DFD0D /* sd.csv */ = {isa = PBXFileReference; lastKnownFileType = text; path = sd.csv; sourceTree = "<group>"; };
		ED21E09B1F8990E3008DFD0D /* sg.csv */ = {isa = PBXFileReference; lastKnownFileType = text; path = sg.csv; sourceTree = "<group>"; };
		ED21E09C1F8990E3008DFD0D /* so.csv */ = {isa = PBXFileReference; lastKnownFileType = text; path = so.csv; sourceTree = "<group>"; };
		ED21E09D1F8990E3008DFD0D /* ss.csv */ = {isa = PBXFileReference; lastKnownFileType = text; path = ss.csv; sourceTree = "<group>"; };
		ED21E09E1F8990E3008DFD0D /* sy.csv */ = {isa = PBXFileReference; lastKnownFileType = text; path = sy.csv; sourceTree = "<group>"; };
		ED21E09F1F8990E3008DFD0D /* td.csv */ = {isa = PBXFileReference; lastKnownFileType = text; path = td.csv; sourceTree = "<group>"; };
		ED21E0A01F8990E3008DFD0D /* th.csv */ = {isa = PBXFileReference; lastKnownFileType = text; path = th.csv; sourceTree = "<group>"; };
		ED21E0A11F8990E3008DFD0D /* tj.csv */ = {isa = PBXFileReference; lastKnownFileType = text; path = tj.csv; sourceTree = "<group>"; };
		ED21E0A21F8990E3008DFD0D /* tm.csv */ = {isa = PBXFileReference; lastKnownFileType = text; path = tm.csv; sourceTree = "<group>"; };
		ED21E0A31F8990E3008DFD0D /* tn.csv */ = {isa = PBXFileReference; lastKnownFileType = text; path = tn.csv; sourceTree = "<group>"; };
		ED21E0A41F8990E3008DFD0D /* tr.csv */ = {isa = PBXFileReference; lastKnownFileType = text; path = tr.csv; sourceTree = "<group>"; };
		ED21E0A51F8990E3008DFD0D /* tz.csv */ = {isa = PBXFileReference; lastKnownFileType = text; path = tz.csv; sourceTree = "<group>"; };
		ED21E0A61F8990E3008DFD0D /* ua.csv */ = {isa = PBXFileReference; lastKnownFileType = text; path = ua.csv; sourceTree = "<group>"; };
		ED21E0A71F8990E3008DFD0D /* ug.csv */ = {isa = PBXFileReference; lastKnownFileType = text; path = ug.csv; sourceTree = "<group>"; };
		ED21E0A81F8990E3008DFD0D /* uz.csv */ = {isa = PBXFileReference; lastKnownFileType = text; path = uz.csv; sourceTree = "<group>"; };
		ED21E0A91F8990E3008DFD0D /* ve.csv */ = {isa = PBXFileReference; lastKnownFileType = text; path = ve.csv; sourceTree = "<group>"; };
		ED21E0AA1F8990E3008DFD0D /* vn.csv */ = {isa = PBXFileReference; lastKnownFileType = text; path = vn.csv; sourceTree = "<group>"; };
		ED21E0AB1F8990E3008DFD0D /* ye.csv */ = {isa = PBXFileReference; lastKnownFileType = text; path = ye.csv; sourceTree = "<group>"; };
		ED21E0AC1F8990E3008DFD0D /* zm.csv */ = {isa = PBXFileReference; lastKnownFileType = text; path = zm.csv; sourceTree = "<group>"; };
		ED21E0AD1F8990E3008DFD0D /* zw.csv */ = {isa = PBXFileReference; lastKnownFileType = text; path = zw.csv; sourceTree = "<group>"; };
		ED229AE81FDFDFE300398AB0 /* PopQuizViewController.h */ = {isa = PBXFileReference; lastKnownFileType = sourcecode.c.h; name = PopQuizViewController.h; path = "Informed consent/PopQuizViewController.h"; sourceTree = "<group>"; };
		ED229AE91FDFDFE300398AB0 /* PopQuizViewController.m */ = {isa = PBXFileReference; lastKnownFileType = sourcecode.c.objc; name = PopQuizViewController.m; path = "Informed consent/PopQuizViewController.m"; sourceTree = "<group>"; };
		ED229AEB1FDFDFF000398AB0 /* WrongAnswerViewController.h */ = {isa = PBXFileReference; lastKnownFileType = sourcecode.c.h; name = WrongAnswerViewController.h; path = "Informed consent/WrongAnswerViewController.h"; sourceTree = "<group>"; };
		ED229AEC1FDFDFF100398AB0 /* WrongAnswerViewController.m */ = {isa = PBXFileReference; lastKnownFileType = sourcecode.c.objc; name = WrongAnswerViewController.m; path = "Informed consent/WrongAnswerViewController.m"; sourceTree = "<group>"; };
		ED2528221CEA35640073A29B /* LogViewController.h */ = {isa = PBXFileReference; fileEncoding = 4; lastKnownFileType = sourcecode.c.h; path = LogViewController.h; sourceTree = "<group>"; };
		ED2528231CEA35640073A29B /* LogViewController.mm */ = {isa = PBXFileReference; fileEncoding = 4; lastKnownFileType = sourcecode.cpp.objcpp; path = LogViewController.mm; sourceTree = "<group>"; };
		ED2528241CEA35640073A29B /* SettingsTableViewController.h */ = {isa = PBXFileReference; fileEncoding = 4; lastKnownFileType = sourcecode.c.h; path = SettingsTableViewController.h; sourceTree = "<group>"; };
		ED2528251CEA35640073A29B /* SettingsTableViewController.mm */ = {isa = PBXFileReference; fileEncoding = 4; lastKnownFileType = sourcecode.cpp.objcpp; path = SettingsTableViewController.mm; sourceTree = "<group>"; };
		ED2528261CEA35640073A29B /* TestInfoViewController.h */ = {isa = PBXFileReference; fileEncoding = 4; lastKnownFileType = sourcecode.c.h; path = TestInfoViewController.h; sourceTree = "<group>"; };
		ED2528271CEA35640073A29B /* TestInfoViewController.mm */ = {isa = PBXFileReference; fileEncoding = 4; lastKnownFileType = sourcecode.cpp.objcpp; path = TestInfoViewController.mm; sourceTree = "<group>"; };
		ED2528281CEA35640073A29B /* RunTestsViewController.h */ = {isa = PBXFileReference; fileEncoding = 4; lastKnownFileType = sourcecode.c.h; path = RunTestsViewController.h; sourceTree = "<group>"; };
		ED2528291CEA35640073A29B /* RunTestsViewController.mm */ = {isa = PBXFileReference; fileEncoding = 4; lastKnownFileType = sourcecode.cpp.objcpp; path = RunTestsViewController.mm; sourceTree = "<group>"; };
		ED25282F1CEA35770073A29B /* NetworkMeasurement.h */ = {isa = PBXFileReference; fileEncoding = 4; lastKnownFileType = sourcecode.c.h; name = NetworkMeasurement.h; path = Model/NetworkMeasurement.h; sourceTree = "<group>"; };
		ED2528301CEA35770073A29B /* NetworkMeasurement.mm */ = {isa = PBXFileReference; fileEncoding = 4; lastKnownFileType = sourcecode.cpp.objcpp; name = NetworkMeasurement.mm; path = Model/NetworkMeasurement.mm; sourceTree = "<group>"; };
		ED3932C21E3114740064CD11 /* AboutViewController.h */ = {isa = PBXFileReference; fileEncoding = 4; lastKnownFileType = sourcecode.c.h; path = AboutViewController.h; sourceTree = "<group>"; };
		ED3932C31E3114740064CD11 /* AboutViewController.mm */ = {isa = PBXFileReference; fileEncoding = 4; lastKnownFileType = sourcecode.cpp.objcpp; path = AboutViewController.mm; sourceTree = "<group>"; };
		ED3932C51E3114BA0064CD11 /* PastTestsViewController.h */ = {isa = PBXFileReference; fileEncoding = 4; lastKnownFileType = sourcecode.c.h; path = PastTestsViewController.h; sourceTree = "<group>"; };
		ED3932C61E3114BA0064CD11 /* PastTestsViewController.mm */ = {isa = PBXFileReference; fileEncoding = 4; lastKnownFileType = sourcecode.cpp.objcpp; path = PastTestsViewController.mm; sourceTree = "<group>"; };
		ED3A2C761E87E87900419270 /* ar */ = {isa = PBXFileReference; lastKnownFileType = text.plist.strings; name = ar; path = ar.lproj/Localizable.strings; sourceTree = "<group>"; };
		ED3AB32E1D2337920061F266 /* GeoIP.dat */ = {isa = PBXFileReference; lastKnownFileType = file; path = GeoIP.dat; sourceTree = "<group>"; };
		ED3AB32F1D2337920061F266 /* GeoIPASNum.dat */ = {isa = PBXFileReference; lastKnownFileType = file; path = GeoIPASNum.dat; sourceTree = "<group>"; };
		ED3B5F8C1F0BAC54007CE2AF /* de */ = {isa = PBXFileReference; lastKnownFileType = text.plist.strings; name = de; path = de.lproj/Localizable.strings; sourceTree = "<group>"; };
		ED3B5F8D1F0BC991007CE2AF /* zh-Hans */ = {isa = PBXFileReference; lastKnownFileType = text.plist.strings; name = "zh-Hans"; path = "zh-Hans.lproj/Localizable.strings"; sourceTree = "<group>"; };
		ED3B5F8E1F0BC997007CE2AF /* zh-Hant */ = {isa = PBXFileReference; lastKnownFileType = text.plist.strings; name = "zh-Hant"; path = "zh-Hant.lproj/Localizable.strings"; sourceTree = "<group>"; };
		ED459A291E5E0EB900EAE084 /* it */ = {isa = PBXFileReference; lastKnownFileType = text.plist.strings; name = it; path = it.lproj/Localizable.strings; sourceTree = "<group>"; };
		ED459A2A1E5E0EC000EAE084 /* es */ = {isa = PBXFileReference; lastKnownFileType = text.plist.strings; name = es; path = es.lproj/Localizable.strings; sourceTree = "<group>"; };
		ED459A2B1E5E124100EAE084 /* fr */ = {isa = PBXFileReference; lastKnownFileType = text.plist.strings; name = fr; path = fr.lproj/Localizable.strings; sourceTree = "<group>"; };
		ED4761761F2A850B0008ED87 /* ja */ = {isa = PBXFileReference; lastKnownFileType = text.plist.strings; name = ja; path = ja.lproj/Localizable.strings; sourceTree = "<group>"; };
		ED49509B1F951F1D00344E42 /* MessageUtility.h */ = {isa = PBXFileReference; lastKnownFileType = sourcecode.c.h; name = MessageUtility.h; path = Utility/MessageUtility.h; sourceTree = "<group>"; };
		ED49509C1F951F1D00344E42 /* MessageUtility.mm */ = {isa = PBXFileReference; lastKnownFileType = sourcecode.cpp.objcpp; name = MessageUtility.mm; path = Utility/MessageUtility.mm; sourceTree = "<group>"; };
		ED4D60551A7162C400777275 /* Base */ = {isa = PBXFileReference; lastKnownFileType = text.plist.strings; name = Base; path = Base.lproj/Localizable.strings; sourceTree = "<group>"; };
		ED58E8C81D0C627D00C74F10 /* TestStorage.h */ = {isa = PBXFileReference; fileEncoding = 4; lastKnownFileType = sourcecode.c.h; name = TestStorage.h; path = Utility/TestStorage.h; sourceTree = "<group>"; };
		ED58E8C91D0C627D00C74F10 /* TestStorage.mm */ = {isa = PBXFileReference; fileEncoding = 4; lastKnownFileType = sourcecode.cpp.objcpp; name = TestStorage.mm; path = Utility/TestStorage.mm; sourceTree = "<group>"; };
		ED5F8A281F77C4AA0093C8F5 /* VersionUtility.h */ = {isa = PBXFileReference; lastKnownFileType = sourcecode.c.h; name = VersionUtility.h; path = Utility/VersionUtility.h; sourceTree = "<group>"; };
		ED5F8A291F77C4AA0093C8F5 /* VersionUtility.mm */ = {isa = PBXFileReference; lastKnownFileType = sourcecode.cpp.objcpp; name = VersionUtility.mm; path = Utility/VersionUtility.mm; sourceTree = "<group>"; };
		ED62AB9B1ED5B70500778249 /* Reachability.h */ = {isa = PBXFileReference; fileEncoding = 4; lastKnownFileType = sourcecode.c.h; name = Reachability.h; path = Utility/Reachability.h; sourceTree = "<group>"; };
		ED62AB9C1ED5B70500778249 /* Reachability.m */ = {isa = PBXFileReference; fileEncoding = 4; lastKnownFileType = sourcecode.c.objc; name = Reachability.m; path = Utility/Reachability.m; sourceTree = "<group>"; };
		ED62AB9E1ED5B75100778249 /* ooniprobe.entitlements */ = {isa = PBXFileReference; lastKnownFileType = text.plist.entitlements; path = ooniprobe.entitlements; sourceTree = "<group>"; };
		ED76A7881EF166F2004D9B5E /* ReachabilityManager.h */ = {isa = PBXFileReference; fileEncoding = 4; lastKnownFileType = sourcecode.c.h; name = ReachabilityManager.h; path = Utility/ReachabilityManager.h; sourceTree = "<group>"; };
		ED76A7891EF166F3004D9B5E /* ReachabilityManager.mm */ = {isa = PBXFileReference; fileEncoding = 4; lastKnownFileType = sourcecode.cpp.objcpp; name = ReachabilityManager.mm; path = Utility/ReachabilityManager.mm; sourceTree = "<group>"; };
		ED7F9FE11F700BEE0053FA50 /* 1.1.395fa3b184891829715b.js */ = {isa = PBXFileReference; fileEncoding = 4; lastKnownFileType = sourcecode.javascript; path = 1.1.395fa3b184891829715b.js; sourceTree = "<group>"; };
		ED7F9FE21F700BEE0053FA50 /* app.395fa3b184891829715b.js */ = {isa = PBXFileReference; fileEncoding = 4; lastKnownFileType = sourcecode.javascript; path = app.395fa3b184891829715b.js; sourceTree = "<group>"; };
		ED7F9FE31F700BEE0053FA50 /* app.f87085e0300a65abd2a744844ae786cb.css */ = {isa = PBXFileReference; fileEncoding = 4; lastKnownFileType = text.css; path = app.f87085e0300a65abd2a744844ae786cb.css; sourceTree = "<group>"; };
		ED7F9FE41F700BEE0053FA50 /* favicon.ico */ = {isa = PBXFileReference; lastKnownFileType = image.ico; path = favicon.ico; sourceTree = "<group>"; };
		ED7F9FE51F700BEE0053FA50 /* font-charter-bold-italic.e5c78e2789ec748d8c7f5adccad90e0b.woff */ = {isa = PBXFileReference; lastKnownFileType = file; path = "font-charter-bold-italic.e5c78e2789ec748d8c7f5adccad90e0b.woff"; sourceTree = "<group>"; };
		ED7F9FE61F700BEE0053FA50 /* font-charter-bold.78342dfad83c591ee5e926f2ffbd0671.woff */ = {isa = PBXFileReference; lastKnownFileType = file; path = "font-charter-bold.78342dfad83c591ee5e926f2ffbd0671.woff"; sourceTree = "<group>"; };
		ED7F9FE71F700BEE0053FA50 /* font-charter-italic.a043b97f0bac1546f96bc31abd6956bb.woff */ = {isa = PBXFileReference; lastKnownFileType = file; path = "font-charter-italic.a043b97f0bac1546f96bc31abd6956bb.woff"; sourceTree = "<group>"; };
		ED7F9FE81F700BEE0053FA50 /* font-charter-regular.0c4500a9d203a33bd879a9a0bee1190d.woff */ = {isa = PBXFileReference; lastKnownFileType = file; path = "font-charter-regular.0c4500a9d203a33bd879a9a0bee1190d.woff"; sourceTree = "<group>"; };
		ED7F9FE91F700BEE0053FA50 /* font-fira-sans-bold.5310ca5fb41a915987df5663660da770.otf */ = {isa = PBXFileReference; lastKnownFileType = file; path = "font-fira-sans-bold.5310ca5fb41a915987df5663660da770.otf"; sourceTree = "<group>"; };
		ED7F9FEA1F700BEE0053FA50 /* font-fira-sans-light.7dd0ad25580893d980bbf0475f88aead.otf */ = {isa = PBXFileReference; lastKnownFileType = file; path = "font-fira-sans-light.7dd0ad25580893d980bbf0475f88aead.otf"; sourceTree = "<group>"; };
		ED7F9FEB1F700BEE0053FA50 /* font-fira-sans-semi-bold.3de79d2eb33e18bba8f5f5834a3d9d05.otf */ = {isa = PBXFileReference; lastKnownFileType = file; path = "font-fira-sans-semi-bold.3de79d2eb33e18bba8f5f5834a3d9d05.otf"; sourceTree = "<group>"; };
		ED7F9FEC1F700BEE0053FA50 /* font-fontawesome-webfont.674f50d287a8c48dc19ba404d20fe713.eot */ = {isa = PBXFileReference; lastKnownFileType = file; path = "font-fontawesome-webfont.674f50d287a8c48dc19ba404d20fe713.eot"; sourceTree = "<group>"; };
		ED7F9FED1F700BEE0053FA50 /* font-fontawesome-webfont.af7ae505a9eed503f8b8e6982036873e.woff2 */ = {isa = PBXFileReference; lastKnownFileType = file; path = "font-fontawesome-webfont.af7ae505a9eed503f8b8e6982036873e.woff2"; sourceTree = "<group>"; };
		ED7F9FEE1F700BEE0053FA50 /* font-fontawesome-webfont.b06871f281fee6b241d60582ae9369b9.ttf */ = {isa = PBXFileReference; lastKnownFileType = file; path = "font-fontawesome-webfont.b06871f281fee6b241d60582ae9369b9.ttf"; sourceTree = "<group>"; };
		ED7F9FEF1F700BEE0053FA50 /* font-fontawesome-webfont.fee66e712a8a08eef5805a46892932ad.woff */ = {isa = PBXFileReference; lastKnownFileType = file; path = "font-fontawesome-webfont.fee66e712a8a08eef5805a46892932ad.woff"; sourceTree = "<group>"; };
		ED7F9FF01F700BEE0053FA50 /* font-ooni-icons.7f721a571194837f629b6dd86a703ca5.eot */ = {isa = PBXFileReference; lastKnownFileType = file; path = "font-ooni-icons.7f721a571194837f629b6dd86a703ca5.eot"; sourceTree = "<group>"; };
		ED7F9FF11F700BEE0053FA50 /* font-source-code-pro-bold.b78a2d32658068a52eab4b7f8f7d366e.woff */ = {isa = PBXFileReference; lastKnownFileType = file; path = "font-source-code-pro-bold.b78a2d32658068a52eab4b7f8f7d366e.woff"; sourceTree = "<group>"; };
		ED7F9FF21F700BEE0053FA50 /* font-source-code-pro-regular.7e5b1b977ba8a582d81367d2940e8150.woff */ = {isa = PBXFileReference; lastKnownFileType = file; path = "font-source-code-pro-regular.7e5b1b977ba8a582d81367d2940e8150.woff"; sourceTree = "<group>"; };
		ED7F9FF31F700BEE0053FA50 /* index.html */ = {isa = PBXFileReference; fileEncoding = 4; lastKnownFileType = text.html; path = index.html; sourceTree = "<group>"; };
		ED7F9FF41F700BEE0053FA50 /* vendor.395fa3b184891829715b.js */ = {isa = PBXFileReference; fileEncoding = 4; lastKnownFileType = sourcecode.javascript; path = vendor.395fa3b184891829715b.js; sourceTree = "<group>"; };
		ED8569581EB146B500D435EB /* ru */ = {isa = PBXFileReference; lastKnownFileType = text.plist.strings; name = ru; path = ru.lproj/Localizable.strings; sourceTree = "<group>"; };
		ED8569591EB146C200D435EB /* fa */ = {isa = PBXFileReference; lastKnownFileType = text.plist.strings; name = fa; path = fa.lproj/Localizable.strings; sourceTree = "<group>"; };
		ED85695A1EBA227D00D435EB /* el */ = {isa = PBXFileReference; lastKnownFileType = text.plist.strings; name = el; path = el.lproj/Localizable.strings; sourceTree = "<group>"; };
		ED923AAD1E2FA9FE00407EB6 /* LeftMenuTableViewController.h */ = {isa = PBXFileReference; fileEncoding = 4; lastKnownFileType = sourcecode.c.h; path = LeftMenuTableViewController.h; sourceTree = "<group>"; };
		ED923AAE1E2FA9FE00407EB6 /* LeftMenuTableViewController.mm */ = {isa = PBXFileReference; fileEncoding = 4; lastKnownFileType = sourcecode.cpp.objcpp; path = LeftMenuTableViewController.mm; sourceTree = "<group>"; };
		ED9421321FD175D50014CE95 /* UIColor+TFT.h */ = {isa = PBXFileReference; lastKnownFileType = sourcecode.c.h; path = "UIColor+TFT.h"; sourceTree = "<group>"; };
		ED9421331FD175D50014CE95 /* UIColor+TFT.m */ = {isa = PBXFileReference; lastKnownFileType = sourcecode.c.objc; path = "UIColor+TFT.m"; sourceTree = "<group>"; };
		EDA193D91C9AE36F00A49EAA /* Base */ = {isa = PBXFileReference; lastKnownFileType = file.storyboard; name = Base; path = Base.lproj/Main.storyboard; sourceTree = "<group>"; };
		EDA22FFB1DD5D39000BD8708 /* PrefixHeader.pch */ = {isa = PBXFileReference; lastKnownFileType = sourcecode.c.h; path = PrefixHeader.pch; sourceTree = "<group>"; };
		EDB2B7F71E7C5B8F0008A414 /* hi */ = {isa = PBXFileReference; lastKnownFileType = text.plist.strings; name = hi; path = hi.lproj/Localizable.strings; sourceTree = "<group>"; };
		EDBCB0881FD5B06C00FA4838 /* FiraSans-Light.otf */ = {isa = PBXFileReference; lastKnownFileType = file; path = "FiraSans-Light.otf"; sourceTree = "<group>"; };
		EDBCB0891FD5B06C00FA4838 /* FiraSans-LightItalic.otf */ = {isa = PBXFileReference; lastKnownFileType = file; path = "FiraSans-LightItalic.otf"; sourceTree = "<group>"; };
		EDBCB08A1FD5B06C00FA4838 /* FiraSans-Regular.otf */ = {isa = PBXFileReference; lastKnownFileType = file; path = "FiraSans-Regular.otf"; sourceTree = "<group>"; };
		EDBCB08B1FD5B06C00FA4838 /* FiraSans-Italic.otf */ = {isa = PBXFileReference; lastKnownFileType = file; path = "FiraSans-Italic.otf"; sourceTree = "<group>"; };
		EDBCB08C1FD5B06C00FA4838 /* FiraSans-SemiBold.otf */ = {isa = PBXFileReference; lastKnownFileType = file; path = "FiraSans-SemiBold.otf"; sourceTree = "<group>"; };
		EDBCB08D1FD5B06C00FA4838 /* FiraSans-SemiBoldItalic.otf */ = {isa = PBXFileReference; lastKnownFileType = file; path = "FiraSans-SemiBoldItalic.otf"; sourceTree = "<group>"; };
		EDBCB08F1FD5BD9B00FA4838 /* Onboarding.storyboard */ = {isa = PBXFileReference; lastKnownFileType = file.storyboard; name = Onboarding.storyboard; path = Storyboards/Onboarding.storyboard; sourceTree = "<group>"; };
		EDC2C9CF1FD7FBBE00FF01D3 /* Onboarding1ViewController.h */ = {isa = PBXFileReference; lastKnownFileType = sourcecode.c.h; name = Onboarding1ViewController.h; path = "Informed consent/Onboarding1ViewController.h"; sourceTree = "<group>"; };
		EDC2C9D01FD7FBBE00FF01D3 /* Onboarding1ViewController.m */ = {isa = PBXFileReference; lastKnownFileType = sourcecode.c.objc; name = Onboarding1ViewController.m; path = "Informed consent/Onboarding1ViewController.m"; sourceTree = "<group>"; };
		EDC2C9D51FD8001300FF01D3 /* Onboarding2ViewController.h */ = {isa = PBXFileReference; lastKnownFileType = sourcecode.c.h; name = Onboarding2ViewController.h; path = "Informed consent/Onboarding2ViewController.h"; sourceTree = "<group>"; };
		EDC2C9D61FD8001300FF01D3 /* Onboarding2ViewController.m */ = {isa = PBXFileReference; lastKnownFileType = sourcecode.c.objc; name = Onboarding2ViewController.m; path = "Informed consent/Onboarding2ViewController.m"; sourceTree = "<group>"; };
		EDC2C9D91FD8002800FF01D3 /* Onboarding3ViewController.h */ = {isa = PBXFileReference; lastKnownFileType = sourcecode.c.h; name = Onboarding3ViewController.h; path = "Informed consent/Onboarding3ViewController.h"; sourceTree = "<group>"; };
		EDC2C9DA1FD8002800FF01D3 /* Onboarding3ViewController.m */ = {isa = PBXFileReference; lastKnownFileType = sourcecode.c.objc; name = Onboarding3ViewController.m; path = "Informed consent/Onboarding3ViewController.m"; sourceTree = "<group>"; };
		EDC2C9DC1FD8003400FF01D3 /* Onboarding4ViewController.h */ = {isa = PBXFileReference; lastKnownFileType = sourcecode.c.h; name = Onboarding4ViewController.h; path = "Informed consent/Onboarding4ViewController.h"; sourceTree = "<group>"; };
		EDC2C9DD1FD8003400FF01D3 /* Onboarding4ViewController.m */ = {isa = PBXFileReference; lastKnownFileType = sourcecode.c.objc; name = Onboarding4ViewController.m; path = "Informed consent/Onboarding4ViewController.m"; sourceTree = "<group>"; };
		EDC2C9EB1FD9939A00FF01D3 /* crossMark.json */ = {isa = PBXFileReference; lastKnownFileType = text.json; path = crossMark.json; sourceTree = "<group>"; };
		EDC2C9EC1FD9939A00FF01D3 /* checkMark.json */ = {isa = PBXFileReference; lastKnownFileType = text.json; path = checkMark.json; sourceTree = "<group>"; };
		EDC73E5B1D9B266E00245184 /* ResultSelectorViewController.h */ = {isa = PBXFileReference; fileEncoding = 4; lastKnownFileType = sourcecode.c.h; path = ResultSelectorViewController.h; sourceTree = "<group>"; };
		EDC73E5C1D9B266E00245184 /* ResultSelectorViewController.mm */ = {isa = PBXFileReference; fileEncoding = 4; lastKnownFileType = sourcecode.cpp.objcpp; path = ResultSelectorViewController.mm; sourceTree = "<group>"; };
		EDC869C71E3178A800124C46 /* Tests.h */ = {isa = PBXFileReference; fileEncoding = 4; lastKnownFileType = sourcecode.c.h; name = Tests.h; path = Utility/Tests.h; sourceTree = "<group>"; };
		EDC869C81E3178A800124C46 /* Tests.mm */ = {isa = PBXFileReference; fileEncoding = 4; lastKnownFileType = sourcecode.cpp.objcpp; name = Tests.mm; path = Utility/Tests.mm; sourceTree = "<group>"; };
		EDCAB39B1E2BC699000878CA /* ButtonUtility.h */ = {isa = PBXFileReference; fileEncoding = 4; lastKnownFileType = sourcecode.c.h; name = ButtonUtility.h; path = Utility/ButtonUtility.h; sourceTree = "<group>"; };
		EDCAB39C1E2BC699000878CA /* ButtonUtility.m */ = {isa = PBXFileReference; fileEncoding = 4; lastKnownFileType = sourcecode.c.objc; name = ButtonUtility.m; path = Utility/ButtonUtility.m; sourceTree = "<group>"; };
		EDCAB39E1E2BC6BD000878CA /* RoundedButton.h */ = {isa = PBXFileReference; fileEncoding = 4; lastKnownFileType = sourcecode.c.h; name = RoundedButton.h; path = Utility/RoundedButton.h; sourceTree = "<group>"; };
		EDCAB39F1E2BC6BD000878CA /* RoundedButton.m */ = {isa = PBXFileReference; fileEncoding = 4; lastKnownFileType = sourcecode.c.objc; name = RoundedButton.m; path = Utility/RoundedButton.m; sourceTree = "<group>"; };
		EDCB9D901CB3F9ED00BBA3BC /* DefaultPreferences.plist */ = {isa = PBXFileReference; fileEncoding = 4; lastKnownFileType = text.plist.xml; path = DefaultPreferences.plist; sourceTree = "<group>"; };
		EDD101BC1EE801F00044E390 /* NotificationService.h */ = {isa = PBXFileReference; fileEncoding = 4; lastKnownFileType = sourcecode.c.h; name = NotificationService.h; path = Utility/NotificationService.h; sourceTree = "<group>"; };
		EDD101BD1EE801F00044E390 /* NotificationService.mm */ = {isa = PBXFileReference; fileEncoding = 4; lastKnownFileType = sourcecode.cpp.objcpp; name = NotificationService.mm; path = Utility/NotificationService.mm; sourceTree = "<group>"; };
		EDE344801D42151C00BAEB10 /* ResultViewController.h */ = {isa = PBXFileReference; fileEncoding = 4; lastKnownFileType = sourcecode.c.h; path = ResultViewController.h; sourceTree = "<group>"; };
		EDE344811D42151C00BAEB10 /* ResultViewController.mm */ = {isa = PBXFileReference; fileEncoding = 4; lastKnownFileType = sourcecode.cpp.objcpp; path = ResultViewController.mm; sourceTree = "<group>"; };
		EDFE07381F37526A00960AF2 /* RunTestViewController.h */ = {isa = PBXFileReference; fileEncoding = 4; lastKnownFileType = sourcecode.c.h; path = RunTestViewController.h; sourceTree = "<group>"; };
		EDFE07391F37526A00960AF2 /* RunTestViewController.mm */ = {isa = PBXFileReference; fileEncoding = 4; lastKnownFileType = sourcecode.cpp.objcpp; path = RunTestViewController.mm; sourceTree = "<group>"; };
		EDFE073B1F375E3C00960AF2 /* DictionaryUtility.h */ = {isa = PBXFileReference; fileEncoding = 4; lastKnownFileType = sourcecode.c.h; name = DictionaryUtility.h; path = Utility/DictionaryUtility.h; sourceTree = "<group>"; };
		EDFE073C1F375E3C00960AF2 /* DictionaryUtility.m */ = {isa = PBXFileReference; fileEncoding = 4; lastKnownFileType = sourcecode.c.objc; name = DictionaryUtility.m; path = Utility/DictionaryUtility.m; sourceTree = "<group>"; };
		FBB68CFBE135C2F6BDF61340 /* Pods-ooniprobe.release.xcconfig */ = {isa = PBXFileReference; includeInIndex = 1; lastKnownFileType = text.xcconfig; name = "Pods-ooniprobe.release.xcconfig"; path = "Pods/Target Support Files/Pods-ooniprobe/Pods-ooniprobe.release.xcconfig"; sourceTree = "<group>"; };
/* End PBXFileReference section */

/* Begin PBXFrameworksBuildPhase section */
		D4A2F5D61A6C3244001B8460 /* Frameworks */ = {
			isa = PBXFrameworksBuildPhase;
			buildActionMask = 2147483647;
			files = (
				5D79CCF1E902BDF8278DEFB2 /* libPods-ooniprobe.a in Frameworks */,
			);
			runOnlyForDeploymentPostprocessing = 0;
		};
/* End PBXFrameworksBuildPhase section */

/* Begin PBXGroup section */
		D4A2F5D01A6C3244001B8460 = {
			isa = PBXGroup;
			children = (
				D4A2F5DB1A6C3244001B8460 /* ooniprobe */,
				D4A2F5DA1A6C3244001B8460 /* Products */,
				F7A9F2287FABB1ABA8598B6C /* Pods */,
				F4F15431D4412F561191270F /* Frameworks */,
			);
			sourceTree = "<group>";
		};
		D4A2F5DA1A6C3244001B8460 /* Products */ = {
			isa = PBXGroup;
			children = (
				D4A2F5D91A6C3244001B8460 /* ooniprobe.app */,
			);
			name = Products;
			sourceTree = "<group>";
		};
		D4A2F5DB1A6C3244001B8460 /* ooniprobe */ = {
			isa = PBXGroup;
			children = (
				EDBCB08E1FD5BD7E00FA4838 /* Storyboards */,
				ED62AB9E1ED5B75100778249 /* ooniprobe.entitlements */,
				ED58E8C71D0C625300C74F10 /* Utility */,
				ED25281F1CEA353A0073A29B /* View */,
				ED25280F1CEA34DA0073A29B /* Model */,
				D4A2F62D1A6C33F7001B8460 /* Resources */,
				D4A2F5E01A6C3244001B8460 /* AppDelegate.h */,
				D4A2F5E11A6C3244001B8460 /* AppDelegate.mm */,
				ED4D60541A7162C400777275 /* Localizable.strings */,
				EDA193D81C9AE36F00A49EAA /* Main.storyboard */,
				D4A2F5E91A6C3244001B8460 /* Images.xcassets */,
				D4A2F5EB1A6C3244001B8460 /* LaunchScreen.xib */,
				D4A2F5DC1A6C3244001B8460 /* Supporting Files */,
			);
			path = ooniprobe;
			sourceTree = "<group>";
		};
		D4A2F5DC1A6C3244001B8460 /* Supporting Files */ = {
			isa = PBXGroup;
			children = (
				EDCB9D901CB3F9ED00BBA3BC /* DefaultPreferences.plist */,
				D4A2F5DD1A6C3244001B8460 /* Info.plist */,
				D4A2F5DE1A6C3244001B8460 /* main.m */,
				EDA22FFB1DD5D39000BD8708 /* PrefixHeader.pch */,
			);
			name = "Supporting Files";
			sourceTree = "<group>";
		};
		D4A2F62D1A6C33F7001B8460 /* Resources */ = {
			isa = PBXGroup;
			children = (
				EDC2C9EA1FD9939A00FF01D3 /* anim */,
				EDBCB0871FD5B06C00FA4838 /* fonts */,
				ED21E0591F8990E3008DFD0D /* test-lists */,
				ED7F9FE01F700BEE0053FA50 /* webui */,
				D4A2F62E1A6C33F7001B8460 /* fixtures */,
				ED3AB32E1D2337920061F266 /* GeoIP.dat */,
				ED3AB32F1D2337920061F266 /* GeoIPASNum.dat */,
			);
			path = Resources;
			sourceTree = "<group>";
		};
		D4A2F62E1A6C33F7001B8460 /* fixtures */ = {
			isa = PBXGroup;
			children = (
				D4A2F62F1A6C33F7001B8460 /* hosts.txt */,
			);
			path = fixtures;
			sourceTree = "<group>";
		};
		ED21E0591F8990E3008DFD0D /* test-lists */ = {
			isa = PBXGroup;
			children = (
				ED21E05A1F8990E3008DFD0D /* 00-LEGEND-category_codes.csv */,
				ED21E05B1F8990E3008DFD0D /* 00-LEGEND-country_codes.csv */,
				ED21E05C1F8990E3008DFD0D /* 00-LEGEND-new_category_codes.csv */,
				ED21E05D1F8990E3008DFD0D /* ae.csv */,
				ED21E05E1F8990E3008DFD0D /* am.csv */,
				ED21E05F1F8990E3008DFD0D /* ar.csv */,
				ED21E0601F8990E3008DFD0D /* at.csv */,
				ED21E0611F8990E3008DFD0D /* az.csv */,
				ED21E0621F8990E3008DFD0D /* bd.csv */,
				ED21E0631F8990E3008DFD0D /* bh.csv */,
				ED21E0641F8990E3008DFD0D /* bi.csv */,
				ED21E0651F8990E3008DFD0D /* br.csv */,
				ED21E0661F8990E3008DFD0D /* by.csv */,
				ED21E0671F8990E3008DFD0D /* ca.csv */,
				ED21E0681F8990E3008DFD0D /* ch.csv */,
				ED21E0691F8990E3008DFD0D /* cis.csv */,
				ED21E06A1F8990E3008DFD0D /* cl.csv */,
				ED21E06B1F8990E3008DFD0D /* cn.csv */,
				ED21E06C1F8990E3008DFD0D /* co.csv */,
				ED21E06D1F8990E3008DFD0D /* cu.csv */,
				ED21E06E1F8990E3008DFD0D /* dz.csv */,
				ED21E06F1F8990E3008DFD0D /* eg.csv */,
				ED21E0701F8990E3008DFD0D /* et.csv */,
				ED21E0711F8990E3008DFD0D /* fr.csv */,
				ED21E0721F8990E3008DFD0D /* ga.csv */,
				ED21E0731F8990E3008DFD0D /* ge.csv */,
				ED21E0741F8990E3008DFD0D /* gh.csv */,
				ED21E0751F8990E3008DFD0D /* global.csv */,
				ED21E0761F8990E3008DFD0D /* gm.csv */,
				ED21E0771F8990E3008DFD0D /* gt.csv */,
				ED21E0781F8990E3008DFD0D /* gy.csv */,
				ED21E0791F8990E3008DFD0D /* id.csv */,
				ED21E07A1F8990E3008DFD0D /* in.csv */,
				ED21E07B1F8990E3008DFD0D /* iq.csv */,
				ED21E07C1F8990E3008DFD0D /* ir.csv */,
				ED21E07D1F8990E3008DFD0D /* jo.csv */,
				ED21E07E1F8990E3008DFD0D /* ke.csv */,
				ED21E07F1F8990E3008DFD0D /* kg.csv */,
				ED21E0801F8990E3008DFD0D /* kh.csv */,
				ED21E0811F8990E3008DFD0D /* kr.csv */,
				ED21E0821F8990E3008DFD0D /* kw.csv */,
				ED21E0831F8990E3008DFD0D /* kz.csv */,
				ED21E0841F8990E3008DFD0D /* lb.csv */,
				ED21E0851F8990E3008DFD0D /* ls.csv */,
				ED21E0861F8990E3008DFD0D /* ly.csv */,
				ED21E0871F8990E3008DFD0D /* ma.csv */,
				ED21E0881F8990E3008DFD0D /* md.csv */,
				ED21E0891F8990E3008DFD0D /* mm.csv */,
				ED21E08A1F8990E3008DFD0D /* mr.csv */,
				ED21E08B1F8990E3008DFD0D /* mx.csv */,
				ED21E08C1F8990E3008DFD0D /* my.csv */,
				ED21E08D1F8990E3008DFD0D /* nf.csv */,
				ED21E08E1F8990E3008DFD0D /* ng.csv */,
				ED21E08F1F8990E3008DFD0D /* ni.csv */,
				ED21E0901F8990E3008DFD0D /* np.csv */,
				ED21E0911F8990E3008DFD0D /* om.csv */,
				ED21E0921F8990E3008DFD0D /* pe.csv */,
				ED21E0931F8990E3008DFD0D /* ph.csv */,
				ED21E0941F8990E3008DFD0D /* pk.csv */,
				ED21E0951F8990E3008DFD0D /* pl.csv */,
				ED21E0961F8990E3008DFD0D /* ps.csv */,
				ED21E0971F8990E3008DFD0D /* qa.csv */,
				ED21E0981F8990E3008DFD0D /* ru.csv */,
				ED21E0991F8990E3008DFD0D /* sa.csv */,
				ED21E09A1F8990E3008DFD0D /* sd.csv */,
				ED21E09B1F8990E3008DFD0D /* sg.csv */,
				ED21E09C1F8990E3008DFD0D /* so.csv */,
				ED21E09D1F8990E3008DFD0D /* ss.csv */,
				ED21E09E1F8990E3008DFD0D /* sy.csv */,
				ED21E09F1F8990E3008DFD0D /* td.csv */,
				ED21E0A01F8990E3008DFD0D /* th.csv */,
				ED21E0A11F8990E3008DFD0D /* tj.csv */,
				ED21E0A21F8990E3008DFD0D /* tm.csv */,
				ED21E0A31F8990E3008DFD0D /* tn.csv */,
				ED21E0A41F8990E3008DFD0D /* tr.csv */,
				ED21E0A51F8990E3008DFD0D /* tz.csv */,
				ED21E0A61F8990E3008DFD0D /* ua.csv */,
				ED21E0A71F8990E3008DFD0D /* ug.csv */,
				ED21E0A81F8990E3008DFD0D /* uz.csv */,
				ED21E0A91F8990E3008DFD0D /* ve.csv */,
				ED21E0AA1F8990E3008DFD0D /* vn.csv */,
				ED21E0AB1F8990E3008DFD0D /* ye.csv */,
				ED21E0AC1F8990E3008DFD0D /* zm.csv */,
				ED21E0AD1F8990E3008DFD0D /* zw.csv */,
			);
			path = "test-lists";
			sourceTree = "<group>";
		};
		ED25280F1CEA34DA0073A29B /* Model */ = {
			isa = PBXGroup;
			children = (
				ED25282F1CEA35770073A29B /* NetworkMeasurement.h */,
				ED2528301CEA35770073A29B /* NetworkMeasurement.mm */,
				ED09A6FF1E3E3534003E1603 /* TestResult.h */,
				ED09A7001E3E3534003E1603 /* TestResult.m */,
			);
			name = Model;
			sourceTree = "<group>";
		};
		ED25281F1CEA353A0073A29B /* View */ = {
			isa = PBXGroup;
			children = (
				ED8816AB1D8C6A0700D5D725 /* Informed consent */,
				ED2528281CEA35640073A29B /* RunTestsViewController.h */,
				ED2528291CEA35640073A29B /* RunTestsViewController.mm */,
				ED3932C51E3114BA0064CD11 /* PastTestsViewController.h */,
				ED3932C61E3114BA0064CD11 /* PastTestsViewController.mm */,
				ED2528221CEA35640073A29B /* LogViewController.h */,
				ED2528231CEA35640073A29B /* LogViewController.mm */,
				ED2528261CEA35640073A29B /* TestInfoViewController.h */,
				ED2528271CEA35640073A29B /* TestInfoViewController.mm */,
				ED2528241CEA35640073A29B /* SettingsTableViewController.h */,
				ED2528251CEA35640073A29B /* SettingsTableViewController.mm */,
				EDE344801D42151C00BAEB10 /* ResultViewController.h */,
				EDE344811D42151C00BAEB10 /* ResultViewController.mm */,
				EDC73E5B1D9B266E00245184 /* ResultSelectorViewController.h */,
				EDC73E5C1D9B266E00245184 /* ResultSelectorViewController.mm */,
				ED923AAD1E2FA9FE00407EB6 /* LeftMenuTableViewController.h */,
				ED923AAE1E2FA9FE00407EB6 /* LeftMenuTableViewController.mm */,
				ED3932C21E3114740064CD11 /* AboutViewController.h */,
				ED3932C31E3114740064CD11 /* AboutViewController.mm */,
				ED1F33601EFD552F00B42FEC /* BrowserViewController.h */,
				ED1F33611EFD552F00B42FEC /* BrowserViewController.m */,
				EDFE07381F37526A00960AF2 /* RunTestViewController.h */,
				EDFE07391F37526A00960AF2 /* RunTestViewController.mm */,
			);
			path = View;
			sourceTree = "<group>";
		};
		ED58E8C71D0C625300C74F10 /* Utility */ = {
			isa = PBXGroup;
			children = (
				ED9421311FD175D50014CE95 /* TFTColor */,
				ED49509B1F951F1D00344E42 /* MessageUtility.h */,
				ED49509C1F951F1D00344E42 /* MessageUtility.mm */,
				ED58E8C81D0C627D00C74F10 /* TestStorage.h */,
				ED58E8C91D0C627D00C74F10 /* TestStorage.mm */,
				ED0D35BC1DD72824005C863F /* RunButton.h */,
				ED0D35BD1DD72824005C863F /* RunButton.m */,
				EDCAB39B1E2BC699000878CA /* ButtonUtility.h */,
				EDCAB39C1E2BC699000878CA /* ButtonUtility.m */,
				EDCAB39E1E2BC6BD000878CA /* RoundedButton.h */,
				EDCAB39F1E2BC6BD000878CA /* RoundedButton.m */,
				EDC869C71E3178A800124C46 /* Tests.h */,
				EDC869C81E3178A800124C46 /* Tests.mm */,
				ED62AB9B1ED5B70500778249 /* Reachability.h */,
				ED62AB9C1ED5B70500778249 /* Reachability.m */,
				EDD101BC1EE801F00044E390 /* NotificationService.h */,
				EDD101BD1EE801F00044E390 /* NotificationService.mm */,
				ED76A7881EF166F2004D9B5E /* ReachabilityManager.h */,
				ED76A7891EF166F3004D9B5E /* ReachabilityManager.mm */,
				EDFE073B1F375E3C00960AF2 /* DictionaryUtility.h */,
				EDFE073C1F375E3C00960AF2 /* DictionaryUtility.m */,
				ED5F8A281F77C4AA0093C8F5 /* VersionUtility.h */,
				ED5F8A291F77C4AA0093C8F5 /* VersionUtility.mm */,
				ED21E0561F898DDE008DFD0D /* TestLists.h */,
				ED21E0571F898DDE008DFD0D /* TestLists.mm */,
			);
			name = Utility;
			sourceTree = "<group>";
		};
		ED7F9FE01F700BEE0053FA50 /* webui */ = {
			isa = PBXGroup;
			children = (
				ED7F9FE11F700BEE0053FA50 /* 1.1.395fa3b184891829715b.js */,
				ED7F9FE21F700BEE0053FA50 /* app.395fa3b184891829715b.js */,
				ED7F9FE31F700BEE0053FA50 /* app.f87085e0300a65abd2a744844ae786cb.css */,
				ED7F9FE41F700BEE0053FA50 /* favicon.ico */,
				ED7F9FE51F700BEE0053FA50 /* font-charter-bold-italic.e5c78e2789ec748d8c7f5adccad90e0b.woff */,
				ED7F9FE61F700BEE0053FA50 /* font-charter-bold.78342dfad83c591ee5e926f2ffbd0671.woff */,
				ED7F9FE71F700BEE0053FA50 /* font-charter-italic.a043b97f0bac1546f96bc31abd6956bb.woff */,
				ED7F9FE81F700BEE0053FA50 /* font-charter-regular.0c4500a9d203a33bd879a9a0bee1190d.woff */,
				ED7F9FE91F700BEE0053FA50 /* font-fira-sans-bold.5310ca5fb41a915987df5663660da770.otf */,
				ED7F9FEA1F700BEE0053FA50 /* font-fira-sans-light.7dd0ad25580893d980bbf0475f88aead.otf */,
				ED7F9FEB1F700BEE0053FA50 /* font-fira-sans-semi-bold.3de79d2eb33e18bba8f5f5834a3d9d05.otf */,
				ED7F9FEC1F700BEE0053FA50 /* font-fontawesome-webfont.674f50d287a8c48dc19ba404d20fe713.eot */,
				ED7F9FED1F700BEE0053FA50 /* font-fontawesome-webfont.af7ae505a9eed503f8b8e6982036873e.woff2 */,
				ED7F9FEE1F700BEE0053FA50 /* font-fontawesome-webfont.b06871f281fee6b241d60582ae9369b9.ttf */,
				ED7F9FEF1F700BEE0053FA50 /* font-fontawesome-webfont.fee66e712a8a08eef5805a46892932ad.woff */,
				ED7F9FF01F700BEE0053FA50 /* font-ooni-icons.7f721a571194837f629b6dd86a703ca5.eot */,
				ED7F9FF11F700BEE0053FA50 /* font-source-code-pro-bold.b78a2d32658068a52eab4b7f8f7d366e.woff */,
				ED7F9FF21F700BEE0053FA50 /* font-source-code-pro-regular.7e5b1b977ba8a582d81367d2940e8150.woff */,
				ED7F9FF31F700BEE0053FA50 /* index.html */,
				ED7F9FF41F700BEE0053FA50 /* vendor.395fa3b184891829715b.js */,
			);
			path = webui;
			sourceTree = "<group>";
		};
		ED8816AB1D8C6A0700D5D725 /* Informed consent */ = {
			isa = PBXGroup;
			children = (
				ED134D701FD5680B0052C7D3 /* ICSwipeViewController.h */,
				ED134D711FD5680B0052C7D3 /* ICSwipeViewController.m */,
				EDC2C9CF1FD7FBBE00FF01D3 /* Onboarding1ViewController.h */,
				EDC2C9D01FD7FBBE00FF01D3 /* Onboarding1ViewController.m */,
				EDC2C9D51FD8001300FF01D3 /* Onboarding2ViewController.h */,
				EDC2C9D61FD8001300FF01D3 /* Onboarding2ViewController.m */,
				EDC2C9D91FD8002800FF01D3 /* Onboarding3ViewController.h */,
				EDC2C9DA1FD8002800FF01D3 /* Onboarding3ViewController.m */,
				EDC2C9DC1FD8003400FF01D3 /* Onboarding4ViewController.h */,
				EDC2C9DD1FD8003400FF01D3 /* Onboarding4ViewController.m */,
				ED229AE81FDFDFE300398AB0 /* PopQuizViewController.h */,
				ED229AE91FDFDFE300398AB0 /* PopQuizViewController.m */,
				ED229AEB1FDFDFF000398AB0 /* WrongAnswerViewController.h */,
				ED229AEC1FDFDFF100398AB0 /* WrongAnswerViewController.m */,
			);
			name = "Informed consent";
			sourceTree = "<group>";
		};
		ED9421311FD175D50014CE95 /* TFTColor */ = {
			isa = PBXGroup;
			children = (
				ED9421321FD175D50014CE95 /* UIColor+TFT.h */,
				ED9421331FD175D50014CE95 /* UIColor+TFT.m */,
			);
			name = TFTColor;
			path = Utility/TFTColor;
			sourceTree = "<group>";
		};
		EDBCB0871FD5B06C00FA4838 /* fonts */ = {
			isa = PBXGroup;
			children = (
				EDBCB0881FD5B06C00FA4838 /* FiraSans-Light.otf */,
				EDBCB0891FD5B06C00FA4838 /* FiraSans-LightItalic.otf */,
				EDBCB08A1FD5B06C00FA4838 /* FiraSans-Regular.otf */,
				EDBCB08B1FD5B06C00FA4838 /* FiraSans-Italic.otf */,
				EDBCB08C1FD5B06C00FA4838 /* FiraSans-SemiBold.otf */,
				EDBCB08D1FD5B06C00FA4838 /* FiraSans-SemiBoldItalic.otf */,
			);
			path = fonts;
			sourceTree = "<group>";
		};
		EDBCB08E1FD5BD7E00FA4838 /* Storyboards */ = {
			isa = PBXGroup;
			children = (
				EDBCB08F1FD5BD9B00FA4838 /* Onboarding.storyboard */,
			);
			name = Storyboards;
			sourceTree = "<group>";
		};
		EDC2C9EA1FD9939A00FF01D3 /* anim */ = {
			isa = PBXGroup;
			children = (
				EDC2C9EB1FD9939A00FF01D3 /* crossMark.json */,
				EDC2C9EC1FD9939A00FF01D3 /* checkMark.json */,
			);
			path = anim;
			sourceTree = "<group>";
		};
		F4F15431D4412F561191270F /* Frameworks */ = {
			isa = PBXGroup;
			children = (
				4F90A00BDE468B5E569850D3 /* libPods-ooniprobe.a */,
			);
			name = Frameworks;
			sourceTree = "<group>";
		};
		F7A9F2287FABB1ABA8598B6C /* Pods */ = {
			isa = PBXGroup;
			children = (
				B14D39522921C8CE117986F7 /* Pods-ooniprobe.debug.xcconfig */,
				FBB68CFBE135C2F6BDF61340 /* Pods-ooniprobe.release.xcconfig */,
			);
			name = Pods;
			sourceTree = "<group>";
		};
/* End PBXGroup section */

/* Begin PBXNativeTarget section */
		D4A2F5D81A6C3244001B8460 /* ooniprobe */ = {
			isa = PBXNativeTarget;
			buildConfigurationList = D4A2F5FC1A6C3244001B8460 /* Build configuration list for PBXNativeTarget "ooniprobe" */;
			buildPhases = (
				0A9C362192F615DC43FE5E8C /* [CP] Check Pods Manifest.lock */,
				D4A2F5D51A6C3244001B8460 /* Sources */,
				D4A2F5D61A6C3244001B8460 /* Frameworks */,
				D4A2F5D71A6C3244001B8460 /* Resources */,
				EDA66B691E3A23AF00DD22AC /* ShellScript */,
				F03237170CA6826DA42132A9 /* [CP] Embed Pods Frameworks */,
				0DB68370272A8F1E523AA5E2 /* [CP] Copy Pods Resources */,
			);
			buildRules = (
			);
			dependencies = (
			);
			name = ooniprobe;
			productName = NetProbe;
			productReference = D4A2F5D91A6C3244001B8460 /* ooniprobe.app */;
			productType = "com.apple.product-type.application";
		};
/* End PBXNativeTarget section */

/* Begin PBXProject section */
		D4A2F5D11A6C3244001B8460 /* Project object */ = {
			isa = PBXProject;
			attributes = {
				LastUpgradeCheck = 0900;
				ORGANIZATIONNAME = "Simone Basso";
				TargetAttributes = {
					D4A2F5D81A6C3244001B8460 = {
						CreatedOnToolsVersion = 6.1.1;
						DevelopmentTeam = MADPSAYN6T;
						ProvisioningStyle = Manual;
						SystemCapabilities = {
							com.apple.BackgroundModes = {
								enabled = 1;
							};
							com.apple.Push = {
								enabled = 1;
							};
							com.apple.SafariKeychain = {
								enabled = 1;
							};
						};
					};
				};
			};
			buildConfigurationList = D4A2F5D41A6C3244001B8460 /* Build configuration list for PBXProject "ooniprobe" */;
			compatibilityVersion = "Xcode 3.2";
			developmentRegion = English;
			hasScannedForEncodings = 0;
			knownRegions = (
				en,
				Base,
				it,
				es,
				fr,
				hi,
				ar,
				ru,
				fa,
				el,
				de,
				"zh-Hans",
				"zh-Hant",
				ja,
			);
			mainGroup = D4A2F5D01A6C3244001B8460;
			productRefGroup = D4A2F5DA1A6C3244001B8460 /* Products */;
			projectDirPath = "";
			projectRoot = "";
			targets = (
				D4A2F5D81A6C3244001B8460 /* ooniprobe */,
			);
		};
/* End PBXProject section */

/* Begin PBXResourcesBuildPhase section */
		D4A2F5D71A6C3244001B8460 /* Resources */ = {
			isa = PBXResourcesBuildPhase;
			buildActionMask = 2147483647;
			files = (
				EDC2C9DF1FD8061400FF01D3 /* FiraSans-Light.otf in Resources */,
				EDC2C9E01FD8061400FF01D3 /* FiraSans-LightItalic.otf in Resources */,
				EDC2C9E11FD8061400FF01D3 /* FiraSans-Regular.otf in Resources */,
				EDC2C9E21FD8061400FF01D3 /* FiraSans-Italic.otf in Resources */,
				EDC2C9E31FD8061400FF01D3 /* FiraSans-SemiBold.otf in Resources */,
				EDC2C9EE1FD9947E00FF01D3 /* checkMark.json in Resources */,
				EDC2C9E41FD8061400FF01D3 /* FiraSans-SemiBoldItalic.otf in Resources */,
				ED21E0D21F899117008DFD0D /* ua.csv in Resources */,
				ED21E0C51F899117008DFD0D /* sa.csv in Resources */,
				ED21E0C31F899117008DFD0D /* qa.csv in Resources */,
				ED21E1001F899131008DFD0D /* kr.csv in Resources */,
				ED21E0F81F899131008DFD0D /* id.csv in Resources */,
				ED7F9FFB1F700BEE0053FA50 /* font-charter-italic.a043b97f0bac1546f96bc31abd6956bb.woff in Resources */,
				ED21E0FF1F899131008DFD0D /* kh.csv in Resources */,
				ED3AB3311D2337920061F266 /* GeoIP.dat in Resources */,
				ED21E0EB1F899131008DFD0D /* cn.csv in Resources */,
				ED21E0C61F899117008DFD0D /* sd.csv in Resources */,
				ED7FA0081F700BEE0053FA50 /* vendor.395fa3b184891829715b.js in Resources */,
				EDBCB0901FD5BD9B00FA4838 /* Onboarding.storyboard in Resources */,
				ED21E0D01F899117008DFD0D /* tr.csv in Resources */,
				ED21E0F41F899131008DFD0D /* gh.csv in Resources */,
				ED21E0D41F899117008DFD0D /* uz.csv in Resources */,
				ED7FA0051F700BEE0053FA50 /* font-source-code-pro-bold.b78a2d32658068a52eab4b7f8f7d366e.woff in Resources */,
				ED7F9FF91F700BEE0053FA50 /* font-charter-bold-italic.e5c78e2789ec748d8c7f5adccad90e0b.woff in Resources */,
				ED7F9FF81F700BEE0053FA50 /* favicon.ico in Resources */,
				ED21E0BF1F899117008DFD0D /* ph.csv in Resources */,
				EDCB9D911CB3F9ED00BBA3BC /* DefaultPreferences.plist in Resources */,
				ED21E0FB1F899131008DFD0D /* ir.csv in Resources */,
				ED21E0F71F899131008DFD0D /* gy.csv in Resources */,
				ED7F9FF61F700BEE0053FA50 /* app.395fa3b184891829715b.js in Resources */,
				ED21E0F61F899131008DFD0D /* gt.csv in Resources */,
				ED21E0FA1F899131008DFD0D /* iq.csv in Resources */,
				ED21E0BD1F899117008DFD0D /* om.csv in Resources */,
				ED21E0CA1F899117008DFD0D /* sy.csv in Resources */,
				ED7F9FFA1F700BEE0053FA50 /* font-charter-bold.78342dfad83c591ee5e926f2ffbd0671.woff in Resources */,
				ED7F9FFD1F700BEE0053FA50 /* font-fira-sans-bold.5310ca5fb41a915987df5663660da770.otf in Resources */,
				ED21E0B51F899117008DFD0D /* mm.csv in Resources */,
				ED21E0E61F899131008DFD0D /* by.csv in Resources */,
				ED21E0B71F899117008DFD0D /* mx.csv in Resources */,
				ED21E0C01F899117008DFD0D /* pk.csv in Resources */,
				ED21E0FC1F899131008DFD0D /* jo.csv in Resources */,
				ED21E0B01F899117008DFD0D /* lb.csv in Resources */,
				ED21E0B81F899117008DFD0D /* my.csv in Resources */,
				ED21E0E51F899131008DFD0D /* br.csv in Resources */,
				ED21E0C81F899117008DFD0D /* so.csv in Resources */,
				ED21E0EF1F899131008DFD0D /* eg.csv in Resources */,
				ED21E0D91F899117008DFD0D /* zw.csv in Resources */,
				D4A2F63E1A6C33F7001B8460 /* hosts.txt in Resources */,
				ED21E0C41F899117008DFD0D /* ru.csv in Resources */,
				ED21E0E31F899131008DFD0D /* bh.csv in Resources */,
				ED7FA0021F700BEE0053FA50 /* font-fontawesome-webfont.b06871f281fee6b241d60582ae9369b9.ttf in Resources */,
				ED21E0E91F899131008DFD0D /* cis.csv in Resources */,
				ED21E0F91F899131008DFD0D /* in.csv in Resources */,
				ED7F9FF71F700BEE0053FA50 /* app.f87085e0300a65abd2a744844ae786cb.css in Resources */,
				ED21E0CC1F899117008DFD0D /* th.csv in Resources */,
				ED21E0BA1F899117008DFD0D /* ng.csv in Resources */,
				ED21E0E41F899131008DFD0D /* bi.csv in Resources */,
				ED21E0CF1F899117008DFD0D /* tn.csv in Resources */,
				ED21E0EC1F899131008DFD0D /* co.csv in Resources */,
				ED21E0DE1F899131008DFD0D /* am.csv in Resources */,
				ED21E0C21F899117008DFD0D /* ps.csv in Resources */,
				ED21E0B31F899117008DFD0D /* ma.csv in Resources */,
				ED21E0F31F899131008DFD0D /* ge.csv in Resources */,
				ED21E0EA1F899131008DFD0D /* cl.csv in Resources */,
				ED21E0F01F899131008DFD0D /* et.csv in Resources */,
				ED7F9FFC1F700BEE0053FA50 /* font-charter-regular.0c4500a9d203a33bd879a9a0bee1190d.woff in Resources */,
				ED21E0D81F899117008DFD0D /* zm.csv in Resources */,
				ED7F9FFF1F700BEE0053FA50 /* font-fira-sans-semi-bold.3de79d2eb33e18bba8f5f5834a3d9d05.otf in Resources */,
				ED21E0B91F899117008DFD0D /* nf.csv in Resources */,
				D4A2F5ED1A6C3244001B8460 /* LaunchScreen.xib in Resources */,
				EDA193DA1C9AE36F00A49EAA /* Main.storyboard in Resources */,
				ED7FA0011F700BEE0053FA50 /* font-fontawesome-webfont.af7ae505a9eed503f8b8e6982036873e.woff2 in Resources */,
				ED21E0D71F899117008DFD0D /* ye.csv in Resources */,
				ED21E0B41F899117008DFD0D /* md.csv in Resources */,
				ED7F9FFE1F700BEE0053FA50 /* font-fira-sans-light.7dd0ad25580893d980bbf0475f88aead.otf in Resources */,
				ED21E0BC1F899117008DFD0D /* np.csv in Resources */,
				ED21E0DD1F899131008DFD0D /* ae.csv in Resources */,
				ED21E0DC1F899131008DFD0D /* 00-LEGEND-new_category_codes.csv in Resources */,
				ED21E0D31F899117008DFD0D /* ug.csv in Resources */,
				ED21E0E01F899131008DFD0D /* at.csv in Resources */,
				ED7FA0031F700BEE0053FA50 /* font-fontawesome-webfont.fee66e712a8a08eef5805a46892932ad.woff in Resources */,
				ED21E0ED1F899131008DFD0D /* cu.csv in Resources */,
				ED21E0BE1F899117008DFD0D /* pe.csv in Resources */,
				ED21E0B61F899117008DFD0D /* mr.csv in Resources */,
				ED21E0CE1F899117008DFD0D /* tm.csv in Resources */,
				ED3AB3321D2337920061F266 /* GeoIPASNum.dat in Resources */,
				ED21E0D11F899117008DFD0D /* tz.csv in Resources */,
				ED21E0C71F899117008DFD0D /* sg.csv in Resources */,
				ED7FA0071F700BEE0053FA50 /* index.html in Resources */,
				ED7FA0041F700BEE0053FA50 /* font-ooni-icons.7f721a571194837f629b6dd86a703ca5.eot in Resources */,
				ED7FA0061F700BEE0053FA50 /* font-source-code-pro-regular.7e5b1b977ba8a582d81367d2940e8150.woff in Resources */,
				ED7FA0001F700BEE0053FA50 /* font-fontawesome-webfont.674f50d287a8c48dc19ba404d20fe713.eot in Resources */,
				ED21E0C91F899117008DFD0D /* ss.csv in Resources */,
				ED21E0AF1F899117008DFD0D /* kz.csv in Resources */,
				ED21E0E71F899131008DFD0D /* ca.csv in Resources */,
				EDC2C9ED1FD9947B00FF01D3 /* crossMark.json in Resources */,
				ED21E0DA1F899131008DFD0D /* 00-LEGEND-category_codes.csv in Resources */,
				ED21E0EE1F899131008DFD0D /* dz.csv in Resources */,
				ED21E0F51F899131008DFD0D /* gm.csv in Resources */,
				ED21E0E21F899131008DFD0D /* bd.csv in Resources */,
				ED21E0CD1F899117008DFD0D /* tj.csv in Resources */,
				ED21E0DF1F899131008DFD0D /* ar.csv in Resources */,
				ED4D60561A7162C400777275 /* Localizable.strings in Resources */,
				ED21E0FE1F899131008DFD0D /* kg.csv in Resources */,
				ED21E0DB1F899131008DFD0D /* 00-LEGEND-country_codes.csv in Resources */,
				ED21E0AE1F8990ED008DFD0D /* global.csv in Resources */,
				ED21E0D61F899117008DFD0D /* vn.csv in Resources */,
				ED21E1011F899131008DFD0D /* kw.csv in Resources */,
				ED7F9FF51F700BEE0053FA50 /* 1.1.395fa3b184891829715b.js in Resources */,
				ED21E0B21F899117008DFD0D /* ly.csv in Resources */,
				ED21E0C11F899117008DFD0D /* pl.csv in Resources */,
				ED21E0F11F899131008DFD0D /* fr.csv in Resources */,
				ED21E0D51F899117008DFD0D /* ve.csv in Resources */,
				ED21E0FD1F899131008DFD0D /* ke.csv in Resources */,
				ED21E0F21F899131008DFD0D /* ga.csv in Resources */,
				ED21E0E11F899131008DFD0D /* az.csv in Resources */,
				ED21E0CB1F899117008DFD0D /* td.csv in Resources */,
				ED21E0BB1F899117008DFD0D /* ni.csv in Resources */,
				D4A2F5EA1A6C3244001B8460 /* Images.xcassets in Resources */,
				ED21E0B11F899117008DFD0D /* ls.csv in Resources */,
				ED21E0E81F899131008DFD0D /* ch.csv in Resources */,
			);
			runOnlyForDeploymentPostprocessing = 0;
		};
/* End PBXResourcesBuildPhase section */

/* Begin PBXShellScriptBuildPhase section */
		0A9C362192F615DC43FE5E8C /* [CP] Check Pods Manifest.lock */ = {
			isa = PBXShellScriptBuildPhase;
			buildActionMask = 2147483647;
			files = (
			);
			inputPaths = (
				"${PODS_PODFILE_DIR_PATH}/Podfile.lock",
				"${PODS_ROOT}/Manifest.lock",
			);
			name = "[CP] Check Pods Manifest.lock";
			outputPaths = (
				"$(DERIVED_FILE_DIR)/Pods-ooniprobe-checkManifestLockResult.txt",
			);
			runOnlyForDeploymentPostprocessing = 0;
			shellPath = /bin/sh;
			shellScript = "diff \"${PODS_PODFILE_DIR_PATH}/Podfile.lock\" \"${PODS_ROOT}/Manifest.lock\" > /dev/null\nif [ $? != 0 ] ; then\n    # print error to STDERR\n    echo \"error: The sandbox is not in sync with the Podfile.lock. Run 'pod install' or update your CocoaPods installation.\" >&2\n    exit 1\nfi\n# This output is used by Xcode 'outputs' to avoid re-running this script phase.\necho \"SUCCESS\" > \"${SCRIPT_OUTPUT_FILE_0}\"\n";
			showEnvVarsInLog = 0;
		};
		0DB68370272A8F1E523AA5E2 /* [CP] Copy Pods Resources */ = {
			isa = PBXShellScriptBuildPhase;
			buildActionMask = 2147483647;
			files = (
			);
			inputPaths = (
			);
			name = "[CP] Copy Pods Resources";
			outputPaths = (
			);
			runOnlyForDeploymentPostprocessing = 0;
			shellPath = /bin/sh;
			shellScript = "\"${SRCROOT}/Pods/Target Support Files/Pods-ooniprobe/Pods-ooniprobe-resources.sh\"\n";
			showEnvVarsInLog = 0;
		};
		EDA66B691E3A23AF00DD22AC /* ShellScript */ = {
			isa = PBXShellScriptBuildPhase;
			buildActionMask = 2147483647;
			files = (
			);
			inputPaths = (
			);
			outputPaths = (
			);
			runOnlyForDeploymentPostprocessing = 0;
			shellPath = /bin/sh;
			shellScript = "\"${PODS_ROOT}/Fabric/run\" 529a3ff33bd5359fe86c53f6252035178bdb03a1 86750672d61af87e007dc755cb420380fa7027b48ac0c9cc5464d5231846dab8";
		};
		F03237170CA6826DA42132A9 /* [CP] Embed Pods Frameworks */ = {
			isa = PBXShellScriptBuildPhase;
			buildActionMask = 2147483647;
			files = (
			);
			inputPaths = (
			);
			name = "[CP] Embed Pods Frameworks";
			outputPaths = (
			);
			runOnlyForDeploymentPostprocessing = 0;
			shellPath = /bin/sh;
			shellScript = "\"${SRCROOT}/Pods/Target Support Files/Pods-ooniprobe/Pods-ooniprobe-frameworks.sh\"\n";
			showEnvVarsInLog = 0;
		};
/* End PBXShellScriptBuildPhase section */

/* Begin PBXSourcesBuildPhase section */
		D4A2F5D51A6C3244001B8460 /* Sources */ = {
			isa = PBXSourcesBuildPhase;
			buildActionMask = 2147483647;
			files = (
				EDC73E5D1D9B266E00245184 /* ResultSelectorViewController.mm in Sources */,
				ED09A7011E3E3534003E1603 /* TestResult.m in Sources */,
				EDD101BE1EE801F00044E390 /* NotificationService.mm in Sources */,
				ED25282C1CEA35640073A29B /* SettingsTableViewController.mm in Sources */,
				D4A2F5E21A6C3244001B8460 /* AppDelegate.mm in Sources */,
				EDC869C91E3178A800124C46 /* Tests.mm in Sources */,
				ED76A78A1EF166F3004D9B5E /* ReachabilityManager.mm in Sources */,
				EDC2C9F31FD9A23900FF01D3 /* UIColor+TFT.m in Sources */,
				D4A2F5DF1A6C3244001B8460 /* main.m in Sources */,
				EDE344821D42151C00BAEB10 /* ResultViewController.mm in Sources */,
				ED5F8A2A1F77C4AA0093C8F5 /* VersionUtility.mm in Sources */,
				EDFE073A1F37526A00960AF2 /* RunTestViewController.mm in Sources */,
				ED21E0581F898DDE008DFD0D /* TestLists.mm in Sources */,
				ED0D35BE1DD72825005C863F /* RunButton.m in Sources */,
				ED49509D1F951F1E00344E42 /* MessageUtility.mm in Sources */,
				ED62AB9D1ED5B70500778249 /* Reachability.m in Sources */,
				ED25282D1CEA35640073A29B /* TestInfoViewController.mm in Sources */,
				EDC2C9D71FD8001300FF01D3 /* Onboarding2ViewController.m in Sources */,
				EDC2C9DB1FD8002800FF01D3 /* Onboarding3ViewController.m in Sources */,
				EDCAB3A01E2BC6BD000878CA /* RoundedButton.m in Sources */,
				EDC2C9D11FD7FBBE00FF01D3 /* Onboarding1ViewController.m in Sources */,
				ED25282B1CEA35640073A29B /* LogViewController.mm in Sources */,
				ED3932C41E3114740064CD11 /* AboutViewController.mm in Sources */,
				ED25282E1CEA35640073A29B /* RunTestsViewController.mm in Sources */,
				ED58E8CA1D0C627D00C74F10 /* TestStorage.mm in Sources */,
				ED229AEA1FDFDFE300398AB0 /* PopQuizViewController.m in Sources */,
				EDCAB39D1E2BC699000878CA /* ButtonUtility.m in Sources */,
				ED2528311CEA35770073A29B /* NetworkMeasurement.mm in Sources */,
				ED923AAF1E2FA9FE00407EB6 /* LeftMenuTableViewController.mm in Sources */,
				ED3932C71E3114BA0064CD11 /* PastTestsViewController.mm in Sources */,
				EDFE073D1F375E3C00960AF2 /* DictionaryUtility.m in Sources */,
				EDC2C9DE1FD8003400FF01D3 /* Onboarding4ViewController.m in Sources */,
				ED1F33621EFD552F00B42FEC /* BrowserViewController.m in Sources */,
				ED134D721FD5680B0052C7D3 /* ICSwipeViewController.m in Sources */,
				ED229AED1FDFDFF100398AB0 /* WrongAnswerViewController.m in Sources */,
			);
			runOnlyForDeploymentPostprocessing = 0;
		};
/* End PBXSourcesBuildPhase section */

/* Begin PBXVariantGroup section */
		D4A2F5EB1A6C3244001B8460 /* LaunchScreen.xib */ = {
			isa = PBXVariantGroup;
			children = (
				D4A2F5EC1A6C3244001B8460 /* Base */,
			);
			name = LaunchScreen.xib;
			sourceTree = "<group>";
		};
		ED4D60541A7162C400777275 /* Localizable.strings */ = {
			isa = PBXVariantGroup;
			children = (
				ED4D60551A7162C400777275 /* Base */,
				ED459A291E5E0EB900EAE084 /* it */,
				ED459A2A1E5E0EC000EAE084 /* es */,
				ED459A2B1E5E124100EAE084 /* fr */,
				EDB2B7F71E7C5B8F0008A414 /* hi */,
				ED3A2C761E87E87900419270 /* ar */,
				ED8569581EB146B500D435EB /* ru */,
				ED8569591EB146C200D435EB /* fa */,
				ED85695A1EBA227D00D435EB /* el */,
				ED3B5F8C1F0BAC54007CE2AF /* de */,
				ED3B5F8D1F0BC991007CE2AF /* zh-Hans */,
				ED3B5F8E1F0BC997007CE2AF /* zh-Hant */,
				ED4761761F2A850B0008ED87 /* ja */,
			);
			name = Localizable.strings;
			sourceTree = "<group>";
		};
		EDA193D81C9AE36F00A49EAA /* Main.storyboard */ = {
			isa = PBXVariantGroup;
			children = (
				EDA193D91C9AE36F00A49EAA /* Base */,
			);
			name = Main.storyboard;
			sourceTree = "<group>";
		};
/* End PBXVariantGroup section */

/* Begin XCBuildConfiguration section */
		D4A2F5FA1A6C3244001B8460 /* Debug */ = {
			isa = XCBuildConfiguration;
			buildSettings = {
				ALWAYS_SEARCH_USER_PATHS = NO;
				CLANG_ANALYZER_LOCALIZABILITY_NONLOCALIZED = YES;
				CLANG_CXX_LANGUAGE_STANDARD = "gnu++0x";
				CLANG_CXX_LIBRARY = "libc++";
				CLANG_ENABLE_MODULES = YES;
				CLANG_ENABLE_OBJC_ARC = YES;
				CLANG_WARN_BLOCK_CAPTURE_AUTORELEASING = YES;
				CLANG_WARN_BOOL_CONVERSION = YES;
				CLANG_WARN_COMMA = YES;
				CLANG_WARN_CONSTANT_CONVERSION = YES;
				CLANG_WARN_DIRECT_OBJC_ISA_USAGE = YES_ERROR;
				CLANG_WARN_EMPTY_BODY = YES;
				CLANG_WARN_ENUM_CONVERSION = YES;
				CLANG_WARN_INFINITE_RECURSION = YES;
				CLANG_WARN_INT_CONVERSION = YES;
				CLANG_WARN_NON_LITERAL_NULL_CONVERSION = YES;
				CLANG_WARN_OBJC_LITERAL_CONVERSION = YES;
				CLANG_WARN_OBJC_ROOT_CLASS = YES_ERROR;
				CLANG_WARN_RANGE_LOOP_ANALYSIS = YES;
				CLANG_WARN_STRICT_PROTOTYPES = YES;
				CLANG_WARN_SUSPICIOUS_MOVE = YES;
				CLANG_WARN_UNREACHABLE_CODE = YES;
				CLANG_WARN__DUPLICATE_METHOD_MATCH = YES;
				CODE_SIGN_IDENTITY = "iPhone Developer: Lorenzo Primiterra (XUC4X5K526)";
				"CODE_SIGN_IDENTITY[sdk=iphoneos*]" = "iPhone Developer: Lorenzo Primiterra (XUC4X5K526)";
				COPY_PHASE_STRIP = NO;
				ENABLE_STRICT_OBJC_MSGSEND = YES;
				ENABLE_TESTABILITY = YES;
				GCC_C_LANGUAGE_STANDARD = gnu99;
				GCC_DYNAMIC_NO_PIC = NO;
				GCC_NO_COMMON_BLOCKS = YES;
				GCC_OPTIMIZATION_LEVEL = 0;
				GCC_PREPROCESSOR_DEFINITIONS = (
					"DEBUG=1",
					"$(inherited)",
				);
				GCC_SYMBOLS_PRIVATE_EXTERN = NO;
				GCC_WARN_64_TO_32_BIT_CONVERSION = YES;
				GCC_WARN_ABOUT_RETURN_TYPE = YES_ERROR;
				GCC_WARN_UNDECLARED_SELECTOR = YES;
				GCC_WARN_UNINITIALIZED_AUTOS = YES_AGGRESSIVE;
				GCC_WARN_UNUSED_FUNCTION = YES;
				GCC_WARN_UNUSED_VARIABLE = YES;
				IPHONEOS_DEPLOYMENT_TARGET = 9.1;
				MTL_ENABLE_DEBUG_INFO = YES;
				ONLY_ACTIVE_ARCH = YES;
				PROVISIONING_PROFILE = "e7499b75-38e5-4dcb-9cda-ab5aa7ea6eb2";
				SDKROOT = iphoneos;
				TARGETED_DEVICE_FAMILY = "1,2";
				VALID_ARCHS = "arm64 armv7 armv7s i386 x84_64";
			};
			name = Debug;
		};
		D4A2F5FB1A6C3244001B8460 /* Release */ = {
			isa = XCBuildConfiguration;
			buildSettings = {
				ALWAYS_SEARCH_USER_PATHS = NO;
				CLANG_ANALYZER_LOCALIZABILITY_NONLOCALIZED = YES;
				CLANG_CXX_LANGUAGE_STANDARD = "gnu++0x";
				CLANG_CXX_LIBRARY = "libc++";
				CLANG_ENABLE_MODULES = YES;
				CLANG_ENABLE_OBJC_ARC = YES;
				CLANG_WARN_BLOCK_CAPTURE_AUTORELEASING = YES;
				CLANG_WARN_BOOL_CONVERSION = YES;
				CLANG_WARN_COMMA = YES;
				CLANG_WARN_CONSTANT_CONVERSION = YES;
				CLANG_WARN_DIRECT_OBJC_ISA_USAGE = YES_ERROR;
				CLANG_WARN_EMPTY_BODY = YES;
				CLANG_WARN_ENUM_CONVERSION = YES;
				CLANG_WARN_INFINITE_RECURSION = YES;
				CLANG_WARN_INT_CONVERSION = YES;
				CLANG_WARN_NON_LITERAL_NULL_CONVERSION = YES;
				CLANG_WARN_OBJC_LITERAL_CONVERSION = YES;
				CLANG_WARN_OBJC_ROOT_CLASS = YES_ERROR;
				CLANG_WARN_RANGE_LOOP_ANALYSIS = YES;
				CLANG_WARN_STRICT_PROTOTYPES = YES;
				CLANG_WARN_SUSPICIOUS_MOVE = YES;
				CLANG_WARN_UNREACHABLE_CODE = YES;
				CLANG_WARN__DUPLICATE_METHOD_MATCH = YES;
				CODE_SIGN_IDENTITY = "iPhone Developer: Lorenzo Primiterra (XUC4X5K526)";
				"CODE_SIGN_IDENTITY[sdk=iphoneos*]" = "iPhone Developer: Lorenzo Primiterra (XUC4X5K526)";
				COPY_PHASE_STRIP = YES;
				ENABLE_NS_ASSERTIONS = NO;
				ENABLE_STRICT_OBJC_MSGSEND = YES;
				GCC_C_LANGUAGE_STANDARD = gnu99;
				GCC_NO_COMMON_BLOCKS = YES;
				GCC_WARN_64_TO_32_BIT_CONVERSION = YES;
				GCC_WARN_ABOUT_RETURN_TYPE = YES_ERROR;
				GCC_WARN_UNDECLARED_SELECTOR = YES;
				GCC_WARN_UNINITIALIZED_AUTOS = YES_AGGRESSIVE;
				GCC_WARN_UNUSED_FUNCTION = YES;
				GCC_WARN_UNUSED_VARIABLE = YES;
				IPHONEOS_DEPLOYMENT_TARGET = 9.1;
				MTL_ENABLE_DEBUG_INFO = NO;
				PROVISIONING_PROFILE = "e7499b75-38e5-4dcb-9cda-ab5aa7ea6eb2";
				SDKROOT = iphoneos;
				TARGETED_DEVICE_FAMILY = "1,2";
				VALIDATE_PRODUCT = YES;
				VALID_ARCHS = "arm64 armv7 armv7s i386 x84_64";
			};
			name = Release;
		};
		D4A2F5FD1A6C3244001B8460 /* Debug */ = {
			isa = XCBuildConfiguration;
			baseConfigurationReference = B14D39522921C8CE117986F7 /* Pods-ooniprobe.debug.xcconfig */;
			buildSettings = {
				ALWAYS_SEARCH_USER_PATHS = YES;
				ASSETCATALOG_COMPILER_APPICON_NAME = AppIcon;
				ASSETCATALOG_COMPILER_LAUNCHIMAGE_NAME = LaunchImage;
				CLANG_CXX_LANGUAGE_STANDARD = "gnu++14";
				CODE_SIGN_ENTITLEMENTS = ooniprobe/ooniprobe.entitlements;
				CODE_SIGN_IDENTITY = "iPhone Developer: Lorenzo Primiterra (584LT894QR)";
				"CODE_SIGN_IDENTITY[sdk=iphoneos*]" = "iPhone Developer: Lorenzo Primiterra (584LT894QR)";
				DEVELOPMENT_TEAM = MADPSAYN6T;
				ENABLE_BITCODE = NO;
				FRAMEWORK_SEARCH_PATHS = "$(inherited)";
				GCC_INLINES_ARE_PRIVATE_EXTERN = NO;
				GCC_PRECOMPILE_PREFIX_HEADER = YES;
				GCC_PREFIX_HEADER = "$(SRCROOT)/ooniprobe/PrefixHeader.pch";
				GCC_SYMBOLS_PRIVATE_EXTERN = NO;
				HEADER_SEARCH_PATHS = (
					"$(inherited)",
					/Applications/Xcode.app/Contents/Developer/Toolchains/XcodeDefault.xctoolchain/usr/include,
				);
				INFOPLIST_FILE = ooniprobe/Info.plist;
				IPHONEOS_DEPLOYMENT_TARGET = 9.0;
				LD_RUNPATH_SEARCH_PATHS = "$(inherited)";
				LIBRARY_SEARCH_PATHS = "$(inherited)";
				PRODUCT_BUNDLE_IDENTIFIER = org.openobservatory.ooniprobe;
				PRODUCT_NAME = ooniprobe;
				PROVISIONING_PROFILE = "de5a74e0-ac7a-48a3-b51c-fa0b65ad0759";
				PROVISIONING_PROFILE_SPECIFIER = "lorenzo ios development for ooniprobe";
				STRIP_INSTALLED_PRODUCT = NO;
				TARGETED_DEVICE_FAMILY = "1,2";
				USER_HEADER_SEARCH_PATHS = "";
			};
			name = Debug;
		};
		D4A2F5FE1A6C3244001B8460 /* Release */ = {
			isa = XCBuildConfiguration;
			baseConfigurationReference = FBB68CFBE135C2F6BDF61340 /* Pods-ooniprobe.release.xcconfig */;
			buildSettings = {
				ALWAYS_SEARCH_USER_PATHS = YES;
				ASSETCATALOG_COMPILER_APPICON_NAME = AppIcon;
				ASSETCATALOG_COMPILER_LAUNCHIMAGE_NAME = LaunchImage;
				CLANG_CXX_LANGUAGE_STANDARD = "gnu++14";
				CODE_SIGN_ENTITLEMENTS = ooniprobe/ooniprobe.entitlements;
				CODE_SIGN_IDENTITY = "iPhone Distribution: The Tor Project, Inc (MADPSAYN6T)";
				"CODE_SIGN_IDENTITY[sdk=iphoneos*]" = "iPhone Distribution: The Tor Project, Inc (MADPSAYN6T)";
				COPY_PHASE_STRIP = NO;
				DEVELOPMENT_TEAM = MADPSAYN6T;
				ENABLE_BITCODE = NO;
				ENABLE_NS_ASSERTIONS = NO;
				FRAMEWORK_SEARCH_PATHS = "$(inherited)";
				GCC_INLINES_ARE_PRIVATE_EXTERN = NO;
				GCC_PRECOMPILE_PREFIX_HEADER = YES;
				GCC_PREFIX_HEADER = "$(SRCROOT)/ooniprobe/PrefixHeader.pch";
				GCC_PREPROCESSOR_DEFINITIONS = (
					"$(inherited)",
					"RELEASE=1",
				);
				GCC_SYMBOLS_PRIVATE_EXTERN = NO;
				HEADER_SEARCH_PATHS = (
					"$(inherited)",
					/Applications/Xcode.app/Contents/Developer/Toolchains/XcodeDefault.xctoolchain/usr/include,
				);
				INFOPLIST_FILE = ooniprobe/Info.plist;
				IPHONEOS_DEPLOYMENT_TARGET = 9.0;
				LD_RUNPATH_SEARCH_PATHS = "$(inherited)";
				LIBRARY_SEARCH_PATHS = "$(inherited)";
				PRODUCT_BUNDLE_IDENTIFIER = org.openobservatory.ooniprobe;
				PRODUCT_NAME = ooniprobe;
				PROVISIONING_PROFILE = "6466561b-61cf-4936-acbb-ce19114baf31";
				PROVISIONING_PROFILE_SPECIFIER = "ooniprobe appstore distribution profile";
				STRIP_INSTALLED_PRODUCT = NO;
				TARGETED_DEVICE_FAMILY = "1,2";
				USER_HEADER_SEARCH_PATHS = "";
			};
			name = Release;
		};
/* End XCBuildConfiguration section */

/* Begin XCConfigurationList section */
		D4A2F5D41A6C3244001B8460 /* Build configuration list for PBXProject "ooniprobe" */ = {
			isa = XCConfigurationList;
			buildConfigurations = (
				D4A2F5FA1A6C3244001B8460 /* Debug */,
				D4A2F5FB1A6C3244001B8460 /* Release */,
			);
			defaultConfigurationIsVisible = 0;
			defaultConfigurationName = Release;
		};
		D4A2F5FC1A6C3244001B8460 /* Build configuration list for PBXNativeTarget "ooniprobe" */ = {
			isa = XCConfigurationList;
			buildConfigurations = (
				D4A2F5FD1A6C3244001B8460 /* Debug */,
				D4A2F5FE1A6C3244001B8460 /* Release */,
			);
			defaultConfigurationIsVisible = 0;
			defaultConfigurationName = Release;
		};
/* End XCConfigurationList section */
	};
	rootObject = D4A2F5D11A6C3244001B8460 /* Project object */;
}
