PODS:
  - Countly (20.11.0):
    - Countly/Core (= 20.11.0)
  - Countly/Core (20.11.0)
  - DateTools (2.0.0)
  - DZNEmptyDataSet (1.8.1)
  - Firebase/Analytics (6.34.0):
    - Firebase/Core
  - Firebase/Core (6.34.0):
    - Firebase/CoreOnly
    - FirebaseAnalytics (= 6.9.0)
  - Firebase/CoreOnly (6.34.0):
    - FirebaseCore (= 6.10.4)
  - Firebase/Crashlytics (6.34.0):
    - Firebase/CoreOnly
    - FirebaseCrashlytics (~> 4.6.2)
  - FirebaseAnalytics (6.9.0):
    - FirebaseCore (~> 6.10)
    - FirebaseInstallations (~> 1.7)
    - GoogleAppMeasurement (= 6.9.0)
    - GoogleUtilities/AppDelegateSwizzler (~> 6.7)
    - GoogleUtilities/MethodSwizzler (~> 6.7)
    - GoogleUtilities/Network (~> 6.7)
    - "GoogleUtilities/NSData+zlib (~> 6.7)"
    - nanopb (~> 1.30906.0)
  - FirebaseCore (6.10.4):
    - FirebaseCoreDiagnostics (~> 1.6)
    - GoogleUtilities/Environment (~> 6.7)
    - GoogleUtilities/Logger (~> 6.7)
  - FirebaseCoreDiagnostics (1.7.0):
    - GoogleDataTransport (~> 7.4)
    - GoogleUtilities/Environment (~> 6.7)
    - GoogleUtilities/Logger (~> 6.7)
    - nanopb (~> 1.30906.0)
  - FirebaseCrashlytics (4.6.2):
    - FirebaseCore (~> 6.10)
    - FirebaseInstallations (~> 1.6)
    - GoogleDataTransport (~> 7.2)
    - nanopb (~> 1.30906.0)
    - PromisesObjC (~> 1.2)
  - FirebaseInstallations (1.7.0):
    - FirebaseCore (~> 6.10)
    - GoogleUtilities/Environment (~> 6.7)
    - GoogleUtilities/UserDefaults (~> 6.7)
    - PromisesObjC (~> 1.2)
  - GoogleAppMeasurement (6.9.0):
    - GoogleUtilities/AppDelegateSwizzler (~> 6.7)
    - GoogleUtilities/MethodSwizzler (~> 6.7)
    - GoogleUtilities/Network (~> 6.7)
    - "GoogleUtilities/NSData+zlib (~> 6.7)"
    - nanopb (~> 1.30906.0)
  - GoogleDataTransport (7.5.1):
    - nanopb (~> 1.30906.0)
  - GoogleUtilities/AppDelegateSwizzler (6.7.2):
    - GoogleUtilities/Environment
    - GoogleUtilities/Logger
    - GoogleUtilities/Network
  - GoogleUtilities/Environment (6.7.2):
    - PromisesObjC (~> 1.2)
  - GoogleUtilities/Logger (6.7.2):
    - GoogleUtilities/Environment
  - GoogleUtilities/MethodSwizzler (6.7.2):
    - GoogleUtilities/Logger
  - GoogleUtilities/Network (6.7.2):
    - GoogleUtilities/Logger
    - "GoogleUtilities/NSData+zlib"
    - GoogleUtilities/Reachability
  - "GoogleUtilities/NSData+zlib (6.7.2)"
  - GoogleUtilities/Reachability (6.7.2):
    - GoogleUtilities/Logger
  - GoogleUtilities/UserDefaults (6.7.2):
    - GoogleUtilities/Logger
  - lottie-ios (2.5.3)
  - MBProgressHUD (1.2.0)
  - MKDropdownMenu (1.4)
  - nanopb (1.30906.0):
    - nanopb/decode (= 1.30906.0)
    - nanopb/encode (= 1.30906.0)
  - nanopb/decode (1.30906.0)
  - nanopb/encode (1.30906.0)
  - OCMapper (2.0)
  - oonimkall (2021.02.03-235136)
  - PromisesObjC (1.2.12)
  - RHMarkdownLabel (0.0.1):
    - TTTAttributedLabel
    - XNGMarkdownParser
  - Sentry (6.1.4):
    - Sentry/Core (= 6.1.4)
  - Sentry/Core (6.1.4)
  - SharkORM (2.3.67)
  - Toast (4.0.0)
  - TTTAttributedLabel (2.0.0)
  - XNGMarkdownParser (0.3.2)

DEPENDENCIES:
  - Countly
  - DateTools
  - DZNEmptyDataSet
  - Firebase/Analytics
  - Firebase/Crashlytics
  - lottie-ios (= 2.5.3)
  - MBProgressHUD
  - MKDropdownMenu
  - OCMapper (= 2.0)
  - oonimkall (from `https://dl.bintray.com/ooni/ios/oonimkall-2021.02.03-235136.podspec`)
  - RHMarkdownLabel
  - Sentry (from `https://github.com/getsentry/sentry-cocoa.git`, tag `6.1.4`)
  - SharkORM (from `https://github.com/sharksync/sharkorm`, tag `v2.3.67`)
  - Toast (~> 4.0.0)

SPEC REPOS:
  trunk:
    - Countly
    - DateTools
    - DZNEmptyDataSet
    - Firebase
    - FirebaseAnalytics
    - FirebaseCore
    - FirebaseCoreDiagnostics
    - FirebaseCrashlytics
    - FirebaseInstallations
    - GoogleAppMeasurement
    - GoogleDataTransport
    - GoogleUtilities
    - lottie-ios
    - MBProgressHUD
    - MKDropdownMenu
    - nanopb
    - OCMapper
    - PromisesObjC
    - RHMarkdownLabel
    - Toast
    - TTTAttributedLabel
    - XNGMarkdownParser

EXTERNAL SOURCES:
  oonimkall:
    :podspec: https://dl.bintray.com/ooni/ios/oonimkall-2021.02.03-235136.podspec
  Sentry:
    :git: https://github.com/getsentry/sentry-cocoa.git
    :tag: 6.1.4
  SharkORM:
    :git: https://github.com/sharksync/sharkorm
    :tag: v2.3.67

CHECKOUT OPTIONS:
  Sentry:
    :git: https://github.com/getsentry/sentry-cocoa.git
    :tag: 6.1.4
  SharkORM:
    :git: https://github.com/sharksync/sharkorm
    :tag: v2.3.67

SPEC CHECKSUMS:
  Countly: 6e1a19e9573d23f31f2e37bd926b8713a549c6d3
  DateTools: 933ac9c490f21f92127cf690ccd8c397e0126caf
  DZNEmptyDataSet: 9525833b9e68ac21c30253e1d3d7076cc828eaa7
  Firebase: c23a36d9e4cdf7877dfcba8dd0c58add66358999
  FirebaseAnalytics: 3bb096873ee0d7fa4b6c70f5e9166b6da413cc7f
  FirebaseCore: d3a978a3cfa3240bf7e4ba7d137fdf5b22b628ec
  FirebaseCoreDiagnostics: 770ac5958e1372ce67959ae4b4f31d8e127c3ac1
  FirebaseCrashlytics: 1a747c9cc084a24dc6d9511c991db1cd078154eb
  FirebaseInstallations: 466c7b4d1f58fe16707693091da253726a731ed2
  GoogleAppMeasurement: a6a3a066369828db64eda428cb2856dc1cdc7c4e
  GoogleDataTransport: f56af7caa4ed338dc8e138a5d7c5973e66440833
  GoogleUtilities: 7f2f5a07f888cdb145101d6042bc4422f57e70b3
  lottie-ios: a50d5c0160425cd4b01b852bb9578963e6d92d31
  MBProgressHUD: 3ee5efcc380f6a79a7cc9b363dd669c5e1ae7406
  MKDropdownMenu: 269df4a41d21a1db684ce8bc709befe419fc5bae
  nanopb: 59317e09cf1f1a0af72f12af412d54edf52603fc
  OCMapper: 9b4d542543794c42adc01f1493d894f53e193cb0
  oonimkall: 4a93f9ee0772819949c0600318d12843dcc0736a
  PromisesObjC: 3113f7f76903778cf4a0586bd1ab89329a0b7b97
  RHMarkdownLabel: 81d6772768e621be57302b7fd5212ad4f78fb0bd
  Sentry: 9d055e2de30a77685e86b219acf02e59b82091fc
  SharkORM: 252e4411923110ac1b524a993ee2b3fa13eed7c4
  Toast: 91b396c56ee72a5790816f40d3a94dd357abc196
  TTTAttributedLabel: 8cffe8e127e4e82ff3af1e5386d4cd0ad000b656
  XNGMarkdownParser: aed98c14f0c0eb20064184ddf9bac26c482722b2

PODFILE CHECKSUM: d8d161d79fa72a47a27ad0408a2505b6c8105d34

COCOAPODS: 1.10.0
